
Microsoft Visual Studio Solution File, Format Version 12.00
# Visual Studio 2013
VisualStudioVersion = 12.0.21005.1
MinimumVisualStudioVersion = 10.0.40219.1
Project("{2150E333-8FDC-42A3-9474-1A3956D46DE8}") = "1 - Common", "1 - Common", "{93FB3861-7F37-4CC6-AAD5-8F227A95DEE7}"
EndProject
Project("{FAE04EC0-301F-11D3-BF4B-00C04F79EFBC}") = "MoCommon", "Common\MoCommon\MoCommon.csproj", "{27985848-C972-4ED1-9FB4-E277CEA6BBFF}"
EndProject
Project("{2150E333-8FDC-42A3-9474-1A3956D46DE8}") = "5 - Profiler", "5 - Profiler", "{E5803663-E336-45FD-92C4-2B702108368A}"
EndProject
Project("{FAE04EC0-301F-11D3-BF4B-00C04F79EFBC}") = "MoScout", "Profiler\MoScout\MoScout.csproj", "{5FEAA20B-8AE6-4563-83EC-68E0043D1DC7}"
EndProject
Project("{FAE04EC0-301F-11D3-BF4B-00C04F79EFBC}") = "MpScout", "Profiler\MpScout\MpScout.csproj", "{8274ED77-C09C-4115-AF86-C7D9AFDDCB8F}"
EndProject
Project("{FAE04EC0-301F-11D3-BF4B-00C04F79EFBC}") = "MoCore", "Common\MoCore\MoCore.csproj", "{72B55490-24A1-41F7-A002-6945ADD64C69}"
EndProject
Project("{2150E333-8FDC-42A3-9474-1A3956D46DE8}") = "4 - Editor", "4 - Editor", "{579E0357-8661-4BAB-8041-AFD8E6FDC43C}"
EndProject
Project("{2150E333-8FDC-42A3-9474-1A3956D46DE8}") = "3 - Content", "3 - Content", "{E47092E7-583D-41C7-9732-C70C7D2A0B0C}"
EndProject
Project("{2150E333-8FDC-42A3-9474-1A3956D46DE8}") = "8 - Utiliy", "8 - Utiliy", "{05DD47AC-C6B8-48FF-9ACB-27576781F857}"
EndProject
Project("{2150E333-8FDC-42A3-9474-1A3956D46DE8}") = "9 - Library", "9 - Library", "{CEA8030A-D8D0-4F2C-9409-D2193D548357}"
EndProject
Project("{2150E333-8FDC-42A3-9474-1A3956D46DE8}") = "2 - Core", "2 - Core", "{FF6E9FA1-7421-41E0-8563-057748488FFE}"
EndProject
Project("{FAE04EC0-301F-11D3-BF4B-00C04F79EFBC}") = "MoFace", "Core\MoFace\MoFace.csproj", "{8FA60969-120F-4339-BB44-272CF071E6BA}"
EndProject
Project("{FAE04EC0-301F-11D3-BF4B-00C04F79EFBC}") = "MpSceneEditor", "Editor\MpSceneEditor\MpSceneEditor.csproj", "{096BD0F7-F369-49DF-8C35-33E542B28C28}"
EndProject
Project("{FAE04EC0-301F-11D3-BF4B-00C04F79EFBC}") = "MpFaceEditor", "Editor\MpFaceEditor\MpFaceEditor.csproj", "{7CF9F082-00FD-43A9-BE46-3EFACF976BB1}"
EndProject
Project("{FAE04EC0-301F-11D3-BF4B-00C04F79EFBC}") = "MoContent", "Content\MoContent\MoContent.csproj", "{89947565-3C0B-4C8F-9160-CA9E30AEE9DB}"
EndProject
Project("{2150E333-8FDC-42A3-9474-1A3956D46DE8}") = "7 - Demo", "7 - Demo", "{035012AE-BF41-49BC-A6A4-6E315BC8AC2A}"
EndProject
Project("{FAE04EC0-301F-11D3-BF4B-00C04F79EFBC}") = "MpEditorDemo", "Demo\MpEditorDemo\MpEditorDemo.csproj", "{89030A66-E244-4B2E-B287-C7F5E440ED83}"
EndProject
Project("{FAE04EC0-301F-11D3-BF4B-00C04F79EFBC}") = "MoEditorScene", "Editor\MoEditorScene\MoEditorScene.csproj", "{B817332D-9E41-48FB-993B-25C75BEC6294}"
EndProject
Project("{FAE04EC0-301F-11D3-BF4B-00C04F79EFBC}") = "MoEditor", "Editor\MoEditor\MoEditor.csproj", "{8483DDB0-3A9C-4F35-9661-1823C379A4E9}"
EndProject
Project("{FAE04EC0-301F-11D3-BF4B-00C04F79EFBC}") = "MoEditorFace", "Editor\MoEditorFace\MoEditorFace.csproj", "{40D91FF7-8740-487D-B2A7-C3304801F972}"
EndProject
Global
	GlobalSection(SolutionConfigurationPlatforms) = preSolution
		Debug|Any CPU = Debug|Any CPU
		Release|Any CPU = Release|Any CPU
	EndGlobalSection
	GlobalSection(ProjectConfigurationPlatforms) = postSolution
		{27985848-C972-4ED1-9FB4-E277CEA6BBFF}.Debug|Any CPU.ActiveCfg = Debug|Any CPU
		{27985848-C972-4ED1-9FB4-E277CEA6BBFF}.Debug|Any CPU.Build.0 = Debug|Any CPU
		{27985848-C972-4ED1-9FB4-E277CEA6BBFF}.Release|Any CPU.ActiveCfg = Release|Any CPU
		{27985848-C972-4ED1-9FB4-E277CEA6BBFF}.Release|Any CPU.Build.0 = Release|Any CPU
		{5FEAA20B-8AE6-4563-83EC-68E0043D1DC7}.Debug|Any CPU.ActiveCfg = Debug|Any CPU
		{5FEAA20B-8AE6-4563-83EC-68E0043D1DC7}.Debug|Any CPU.Build.0 = Debug|Any CPU
		{5FEAA20B-8AE6-4563-83EC-68E0043D1DC7}.Release|Any CPU.ActiveCfg = Release|Any CPU
		{5FEAA20B-8AE6-4563-83EC-68E0043D1DC7}.Release|Any CPU.Build.0 = Release|Any CPU
		{8274ED77-C09C-4115-AF86-C7D9AFDDCB8F}.Debug|Any CPU.ActiveCfg = Debug|Any CPU
		{8274ED77-C09C-4115-AF86-C7D9AFDDCB8F}.Debug|Any CPU.Build.0 = Debug|Any CPU
		{8274ED77-C09C-4115-AF86-C7D9AFDDCB8F}.Release|Any CPU.ActiveCfg = Release|Any CPU
		{8274ED77-C09C-4115-AF86-C7D9AFDDCB8F}.Release|Any CPU.Build.0 = Release|Any CPU
		{72B55490-24A1-41F7-A002-6945ADD64C69}.Debug|Any CPU.ActiveCfg = Debug|Any CPU
		{72B55490-24A1-41F7-A002-6945ADD64C69}.Debug|Any CPU.Build.0 = Debug|Any CPU
		{72B55490-24A1-41F7-A002-6945ADD64C69}.Release|Any CPU.ActiveCfg = Release|Any CPU
		{72B55490-24A1-41F7-A002-6945ADD64C69}.Release|Any CPU.Build.0 = Release|Any CPU
		{8FA60969-120F-4339-BB44-272CF071E6BA}.Debug|Any CPU.ActiveCfg = Debug|Any CPU
		{8FA60969-120F-4339-BB44-272CF071E6BA}.Debug|Any CPU.Build.0 = Debug|Any CPU
		{8FA60969-120F-4339-BB44-272CF071E6BA}.Release|Any CPU.ActiveCfg = Release|Any CPU
		{8FA60969-120F-4339-BB44-272CF071E6BA}.Release|Any CPU.Build.0 = Release|Any CPU
		{096BD0F7-F369-49DF-8C35-33E542B28C28}.Debug|Any CPU.ActiveCfg = Debug|Any CPU
		{096BD0F7-F369-49DF-8C35-33E542B28C28}.Debug|Any CPU.Build.0 = Debug|Any CPU
		{096BD0F7-F369-49DF-8C35-33E542B28C28}.Release|Any CPU.ActiveCfg = Release|Any CPU
		{096BD0F7-F369-49DF-8C35-33E542B28C28}.Release|Any CPU.Build.0 = Release|Any CPU
		{7CF9F082-00FD-43A9-BE46-3EFACF976BB1}.Debug|Any CPU.ActiveCfg = Debug|Any CPU
		{7CF9F082-00FD-43A9-BE46-3EFACF976BB1}.Debug|Any CPU.Build.0 = Debug|Any CPU
		{7CF9F082-00FD-43A9-BE46-3EFACF976BB1}.Release|Any CPU.ActiveCfg = Release|Any CPU
		{7CF9F082-00FD-43A9-BE46-3EFACF976BB1}.Release|Any CPU.Build.0 = Release|Any CPU
		{89947565-3C0B-4C8F-9160-CA9E30AEE9DB}.Debug|Any CPU.ActiveCfg = Debug|Any CPU
		{89947565-3C0B-4C8F-9160-CA9E30AEE9DB}.Debug|Any CPU.Build.0 = Debug|Any CPU
		{89947565-3C0B-4C8F-9160-CA9E30AEE9DB}.Release|Any CPU.ActiveCfg = Release|Any CPU
		{89947565-3C0B-4C8F-9160-CA9E30AEE9DB}.Release|Any CPU.Build.0 = Release|Any CPU
		{89030A66-E244-4B2E-B287-C7F5E440ED83}.Debug|Any CPU.ActiveCfg = Debug|Any CPU
		{89030A66-E244-4B2E-B287-C7F5E440ED83}.Debug|Any CPU.Build.0 = Debug|Any CPU
		{89030A66-E244-4B2E-B287-C7F5E440ED83}.Release|Any CPU.ActiveCfg = Release|Any CPU
		{89030A66-E244-4B2E-B287-C7F5E440ED83}.Release|Any CPU.Build.0 = Release|Any CPU
		{B817332D-9E41-48FB-993B-25C75BEC6294}.Debug|Any CPU.ActiveCfg = Debug|Any CPU
		{B817332D-9E41-48FB-993B-25C75BEC6294}.Debug|Any CPU.Build.0 = Debug|Any CPU
		{B817332D-9E41-48FB-993B-25C75BEC6294}.Release|Any CPU.ActiveCfg = Release|Any CPU
		{B817332D-9E41-48FB-993B-25C75BEC6294}.Release|Any CPU.Build.0 = Release|Any CPU
		{8483DDB0-3A9C-4F35-9661-1823C379A4E9}.Debug|Any CPU.ActiveCfg = Debug|Any CPU
		{8483DDB0-3A9C-4F35-9661-1823C379A4E9}.Debug|Any CPU.Build.0 = Debug|Any CPU
		{8483DDB0-3A9C-4F35-9661-1823C379A4E9}.Release|Any CPU.ActiveCfg = Release|Any CPU
		{8483DDB0-3A9C-4F35-9661-1823C379A4E9}.Release|Any CPU.Build.0 = Release|Any CPU
		{40D91FF7-8740-487D-B2A7-C3304801F972}.Debug|Any CPU.ActiveCfg = Debug|Any CPU
		{40D91FF7-8740-487D-B2A7-C3304801F972}.Debug|Any CPU.Build.0 = Debug|Any CPU
		{40D91FF7-8740-487D-B2A7-C3304801F972}.Release|Any CPU.ActiveCfg = Release|Any CPU
		{40D91FF7-8740-487D-B2A7-C3304801F972}.Release|Any CPU.Build.0 = Release|Any CPU
	EndGlobalSection
	GlobalSection(SolutionProperties) = preSolution
		HideSolutionNode = FALSE
	EndGlobalSection
	GlobalSection(NestedProjects) = preSolution
		{27985848-C972-4ED1-9FB4-E277CEA6BBFF} = {93FB3861-7F37-4CC6-AAD5-8F227A95DEE7}
		{72B55490-24A1-41F7-A002-6945ADD64C69} = {93FB3861-7F37-4CC6-AAD5-8F227A95DEE7}
		{5FEAA20B-8AE6-4563-83EC-68E0043D1DC7} = {E5803663-E336-45FD-92C4-2B702108368A}
		{8274ED77-C09C-4115-AF86-C7D9AFDDCB8F} = {E5803663-E336-45FD-92C4-2B702108368A}
		{096BD0F7-F369-49DF-8C35-33E542B28C28} = {579E0357-8661-4BAB-8041-AFD8E6FDC43C}
		{7CF9F082-00FD-43A9-BE46-3EFACF976BB1} = {579E0357-8661-4BAB-8041-AFD8E6FDC43C}
		{B817332D-9E41-48FB-993B-25C75BEC6294} = {579E0357-8661-4BAB-8041-AFD8E6FDC43C}
		{8483DDB0-3A9C-4F35-9661-1823C379A4E9} = {579E0357-8661-4BAB-8041-AFD8E6FDC43C}
		{40D91FF7-8740-487D-B2A7-C3304801F972} = {579E0357-8661-4BAB-8041-AFD8E6FDC43C}
		{89947565-3C0B-4C8F-9160-CA9E30AEE9DB} = {E47092E7-583D-41C7-9732-C70C7D2A0B0C}
		{8FA60969-120F-4339-BB44-272CF071E6BA} = {FF6E9FA1-7421-41E0-8563-057748488FFE}
		{89030A66-E244-4B2E-B287-C7F5E440ED83} = {035012AE-BF41-49BC-A6A4-6E315BC8AC2A}
	EndGlobalSection
EndGlobal
