<?xml version="1.0" encoding="utf-8"?>
<Project ToolsVersion="4.0" xmlns="http://schemas.microsoft.com/developer/msbuild/2003">
  <ItemGroup>
    <Filter Include="1-Runtime">
      <UniqueIdentifier>{6fb099fc-a796-42f1-a0e1-e434b59f0d88}</UniqueIdentifier>
    </Filter>
    <Filter Include="2-Collection">
      <UniqueIdentifier>{12809a44-4807-4191-9184-7ab3e02d57a9}</UniqueIdentifier>
    </Filter>
    <Filter Include="1-Runtime\Common">
      <UniqueIdentifier>{6d6f5732-f2bb-4701-a823-09bb35102994}</UniqueIdentifier>
    </Filter>
    <Filter Include="4-Stream">
      <UniqueIdentifier>{973edbf6-63a3-4034-ab71-bfef82091fc6}</UniqueIdentifier>
    </Filter>
    <Filter Include="4-Stream\Pipe">
      <UniqueIdentifier>{1d6471bb-8feb-44dc-8af4-4554e38b48e7}</UniqueIdentifier>
    </Filter>
    <Filter Include="4-Stream\File">
      <UniqueIdentifier>{447cf51a-7498-4a6e-9ce3-155f4462e888}</UniqueIdentifier>
    </Filter>
    <Filter Include="3-Language">
      <UniqueIdentifier>{e8759a87-1442-481e-aeba-d81f67f3b657}</UniqueIdentifier>
    </Filter>
    <Filter Include="3-Language\Shared">
      <UniqueIdentifier>{ed39ca55-b01f-4075-b65f-7d3eea5be848}</UniqueIdentifier>
    </Filter>
    <Filter Include="3-Language\Singleton">
      <UniqueIdentifier>{bd7fd419-b214-438e-a06a-5841e3338a6a}</UniqueIdentifier>
    </Filter>
    <Filter Include="3-Language\Common">
      <UniqueIdentifier>{ebf98f84-f389-4962-a9a8-8979f1e737f5}</UniqueIdentifier>
    </Filter>
    <Filter Include="3-Language\String">
      <UniqueIdentifier>{df64b907-6af1-4656-b9dc-a15437979416}</UniqueIdentifier>
    </Filter>
    <Filter Include="3-Language\String\String8">
      <UniqueIdentifier>{b50f6fa3-d345-41d8-9b3c-89288f9eccb5}</UniqueIdentifier>
    </Filter>
    <Filter Include="3-Language\String\String16">
      <UniqueIdentifier>{28c4b9cb-01a5-42c0-a05a-dfe6a41279db}</UniqueIdentifier>
    </Filter>
    <Filter Include="3-Language\String\String32">
      <UniqueIdentifier>{19949cbb-817f-4d8a-b315-dc73cf81f86c}</UniqueIdentifier>
    </Filter>
    <Filter Include="3-Language\Format">
      <UniqueIdentifier>{cc170e3e-cc0a-4aed-8b9f-f2ac96fe36ff}</UniqueIdentifier>
    </Filter>
    <Filter Include="3-Language\Memory">
      <UniqueIdentifier>{a37e160e-d2a6-48a0-8de7-76b7c62feaea}</UniqueIdentifier>
    </Filter>
    <Filter Include="5-System">
      <UniqueIdentifier>{a340cb70-a320-454c-9eab-14b313cb7759}</UniqueIdentifier>
    </Filter>
    <Filter Include="5-System\Monitor">
      <UniqueIdentifier>{845e469b-2b2b-434b-ae74-1730e764e891}</UniqueIdentifier>
    </Filter>
    <Filter Include="5-System\Thread">
      <UniqueIdentifier>{e7d62d82-296a-44b7-992c-17ce5e909b56}</UniqueIdentifier>
    </Filter>
    <Filter Include="5-System\Trap">
      <UniqueIdentifier>{9f1a62ff-b26b-4cfd-9a16-12c8f5d906b1}</UniqueIdentifier>
    </Filter>
    <Filter Include="5-System\Logger">
      <UniqueIdentifier>{c12b1065-8b56-4bba-a27b-fc96b997f245}</UniqueIdentifier>
    </Filter>
    <Filter Include="5-System\Common">
      <UniqueIdentifier>{8acfe0f0-0047-4313-b9e1-0e5704cb7eda}</UniqueIdentifier>
    </Filter>
    <Filter Include="6-Data">
      <UniqueIdentifier>{7edd5c33-9088-44c6-a09f-04c7102d6019}</UniqueIdentifier>
    </Filter>
    <Filter Include="7-Net">
      <UniqueIdentifier>{16e2523e-baf7-480f-a04d-572cce21e4e9}</UniqueIdentifier>
    </Filter>
    <Filter Include="7-Net\Socket">
      <UniqueIdentifier>{e369c2b1-16d7-433c-85e6-e98abb1045b9}</UniqueIdentifier>
    </Filter>
    <Filter Include="4-Stream\Compress">
      <UniqueIdentifier>{de2c6df5-cb4b-44bb-860c-94097bcaf890}</UniqueIdentifier>
    </Filter>
    <Filter Include="1-Runtime\Architecture">
      <UniqueIdentifier>{1459293a-9275-4cb9-a806-e816d0938c27}</UniqueIdentifier>
    </Filter>
    <Filter Include="3-Language\Lock">
      <UniqueIdentifier>{230125e1-094c-4174-8516-c50e2a73402d}</UniqueIdentifier>
    </Filter>
    <Filter Include="1-Runtime\Type">
      <UniqueIdentifier>{fdabf267-0d3a-45bf-8a4f-6d1d1aa72fd9}</UniqueIdentifier>
    </Filter>
    <Filter Include="3-Language\Property">
      <UniqueIdentifier>{d5a80be9-6523-4d59-b08c-e401d7e49483}</UniqueIdentifier>
    </Filter>
    <Filter Include="3-Language\Stream">
      <UniqueIdentifier>{2c5d7b11-2ec2-4062-8534-ad0259c7907d}</UniqueIdentifier>
    </Filter>
    <Filter Include="3-Language\Class">
      <UniqueIdentifier>{c53afa3c-2d86-4c0a-9fd0-e9fdd20d3e2a}</UniqueIdentifier>
    </Filter>
    <Filter Include="3-Language\Module">
      <UniqueIdentifier>{8f51e591-80b7-40a5-abf9-2e3a6329c0c3}</UniqueIdentifier>
    </Filter>
    <Filter Include="3-Language\Config">
      <UniqueIdentifier>{4248375c-01cb-4cbb-803c-65145e17c2d0}</UniqueIdentifier>
    </Filter>
    <Filter Include="3-Language\Config\Xml">
      <UniqueIdentifier>{8bd7fb63-9114-4f01-8c31-9a71d05689b8}</UniqueIdentifier>
    </Filter>
    <Filter Include="5-System\Task">
      <UniqueIdentifier>{69fc8157-1f55-4302-b445-a582121e4e23}</UniqueIdentifier>
    </Filter>
  </ItemGroup>
  <ItemGroup>
    <ClInclude Include="..\MoCmArray.h">
      <Filter>2-Collection</Filter>
    </ClInclude>
    <ClInclude Include="..\MoCmCollection.h">
      <Filter>2-Collection</Filter>
    </ClInclude>
    <ClInclude Include="..\MoCmEntry.h">
      <Filter>2-Collection</Filter>
    </ClInclude>
    <ClInclude Include="..\MoCmList.h">
      <Filter>2-Collection</Filter>
    </ClInclude>
    <ClInclude Include="..\MoCmMap.h">
      <Filter>2-Collection</Filter>
    </ClInclude>
    <ClInclude Include="..\MoCmTree.h">
      <Filter>2-Collection</Filter>
    </ClInclude>
    <ClInclude Include="..\MoCmLanguage.h">
      <Filter>3-Language</Filter>
    </ClInclude>
    <ClInclude Include="..\MoCmSharedEntry.h">
      <Filter>3-Language\Shared</Filter>
    </ClInclude>
    <ClInclude Include="..\MoCmSharedList.h">
      <Filter>3-Language\Shared</Filter>
    </ClInclude>
    <ClInclude Include="..\MoCmSharedSet.h">
      <Filter>3-Language\Shared</Filter>
    </ClInclude>
    <ClInclude Include="..\MoCommon.h" />
    <ClInclude Include="..\MoCmSystem.h">
      <Filter>5-System</Filter>
    </ClInclude>
    <ClInclude Include="..\MoCmNet.h">
      <Filter>7-Net</Filter>
    </ClInclude>
    <ClInclude Include="..\MoCmData.h">
      <Filter>6-Data</Filter>
    </ClInclude>
    <ClInclude Include="..\MoCmSet.h">
      <Filter>2-Collection</Filter>
    </ClInclude>
    <ClInclude Include="..\MoCmVector.h">
      <Filter>2-Collection</Filter>
    </ClInclude>
    <ClInclude Include="..\MoCmSharedArray.h">
      <Filter>3-Language\Shared</Filter>
    </ClInclude>
    <ClInclude Include="..\MoCmSharedVector.h">
      <Filter>3-Language\Shared</Filter>
    </ClInclude>
    <ClInclude Include="..\MoCmSharedMap.h">
      <Filter>3-Language\Shared</Filter>
    </ClInclude>
    <ClInclude Include="..\MoCmRuntime.h">
      <Filter>1-Runtime</Filter>
    </ClInclude>
    <ClInclude Include="..\MoCmString16.h">
      <Filter>3-Language\String</Filter>
    </ClInclude>
    <ClInclude Include="..\MoCmString32.h">
      <Filter>3-Language\String</Filter>
    </ClInclude>
    <ClInclude Include="..\MoCmString8.h">
      <Filter>3-Language\String</Filter>
    </ClInclude>
    <ClInclude Include="..\MoCmTemp.h">
      <Filter>5-System</Filter>
    </ClInclude>
    <ClInclude Include="..\MoCmBit.h">
      <Filter>2-Collection</Filter>
    </ClInclude>
    <ClInclude Include="..\MoCmAndroid.h">
      <Filter>1-Runtime\Architecture</Filter>
    </ClInclude>
    <ClInclude Include="..\MoCmFlasCC.h">
      <Filter>1-Runtime\Architecture</Filter>
    </ClInclude>
    <ClInclude Include="..\MoCmLinux64.h">
      <Filter>1-Runtime\Architecture</Filter>
    </ClInclude>
    <ClInclude Include="..\MoCmLinux86.h">
      <Filter>1-Runtime\Architecture</Filter>
    </ClInclude>
    <ClInclude Include="..\MoCmWindows64.h">
      <Filter>1-Runtime\Architecture</Filter>
    </ClInclude>
    <ClInclude Include="..\MoCmWindows86.h">
      <Filter>1-Runtime\Architecture</Filter>
    </ClInclude>
    <ClInclude Include="..\MoCmPool.h">
      <Filter>2-Collection</Filter>
    </ClInclude>
    <ClInclude Include="..\MoCmLooper.h">
      <Filter>2-Collection</Filter>
    </ClInclude>
    <ClInclude Include="..\MoCmLinux.h">
      <Filter>1-Runtime\Architecture</Filter>
    </ClInclude>
    <ClInclude Include="..\MoCmWindows.h">
      <Filter>1-Runtime\Architecture</Filter>
    </ClInclude>
    <ClInclude Include="..\MoCmDefine.h">
      <Filter>1-Runtime</Filter>
    </ClInclude>
    <ClInclude Include="..\MoCmInterface.h">
      <Filter>1-Runtime</Filter>
    </ClInclude>
    <ClInclude Include="..\MoCmAttributes.h">
      <Filter>3-Language\String</Filter>
    </ClInclude>
    <ClInclude Include="..\MoCmDictionary.h">
      <Filter>3-Language\String</Filter>
    </ClInclude>
    <ClInclude Include="..\MoCmXml.h">
      <Filter>3-Language\Config</Filter>
    </ClInclude>
    <ClInclude Include="..\MoCmClass.h">
      <Filter>3-Language\Class</Filter>
    </ClInclude>
    <ClInclude Include="..\MoCmFormat.h">
      <Filter>3-Language\Format</Filter>
    </ClInclude>
    <ClInclude Include="..\MoCmLock.h">
      <Filter>3-Language\Lock</Filter>
    </ClInclude>
    <ClInclude Include="..\MoCmMemory.h">
      <Filter>3-Language\Memory</Filter>
    </ClInclude>
    <ClInclude Include="..\MoCmProperty.h">
      <Filter>3-Language\Property</Filter>
    </ClInclude>
    <ClInclude Include="..\MoCmShared.h">
      <Filter>3-Language\Shared</Filter>
    </ClInclude>
    <ClInclude Include="..\MoCmSingleton.h">
      <Filter>3-Language\Singleton</Filter>
    </ClInclude>
    <ClInclude Include="..\MoCmStream.h">
      <Filter>3-Language\Stream</Filter>
    </ClInclude>
    <ClInclude Include="..\MoCmString.h">
      <Filter>3-Language\String</Filter>
    </ClInclude>
    <ClInclude Include="..\MoCmType.h">
      <Filter>1-Runtime\Type</Filter>
    </ClInclude>
    <ClInclude Include="..\MoCmPipe.h">
      <Filter>4-Stream\Pipe</Filter>
    </ClInclude>
    <ClInclude Include="..\MoCmCompress.h">
      <Filter>4-Stream\Compress</Filter>
    </ClInclude>
    <ClInclude Include="..\MoCmFile.h">
      <Filter>4-Stream\File</Filter>
    </ClInclude>
    <ClInclude Include="..\MoCmMonitor.h">
      <Filter>5-System\Monitor</Filter>
    </ClInclude>
    <ClInclude Include="..\MoCmThread.h">
      <Filter>5-System\Thread</Filter>
    </ClInclude>
    <ClInclude Include="..\MoCmClassBase.h">
      <Filter>3-Language\Class</Filter>
    </ClInclude>
    <ClInclude Include="..\MoCmConfig.h">
      <Filter>3-Language\Config</Filter>
    </ClInclude>
    <ClInclude Include="..\MoCmPtrs.h">
      <Filter>3-Language\Class</Filter>
    </ClInclude>
    <ClInclude Include="..\MoCmTask.h">
      <Filter>5-System\Task</Filter>
    </ClInclude>
    <ClInclude Include="..\MoCmPtrDictionary.h">
      <Filter>3-Language\Class</Filter>
    </ClInclude>
    <ClInclude Include="..\MoCmPtrLooper.h">
      <Filter>3-Language\Class</Filter>
    </ClInclude>
    <ClInclude Include="..\MoCmPtrList.h">
      <Filter>3-Language\Class</Filter>
    </ClInclude>
    <ClInclude Include="..\MoCmModule.h">
      <Filter>3-Language\Module</Filter>
    </ClInclude>
  </ItemGroup>
  <ItemGroup>
    <ClCompile Include="..\TThreadCondition.cpp">
      <Filter>3-Language\Lock</Filter>
    </ClCompile>
    <ClCompile Include="..\TThreadMutex.cpp">
      <Filter>3-Language\Lock</Filter>
    </ClCompile>
    <ClCompile Include="..\TThreadSection.cpp">
      <Filter>3-Language\Lock</Filter>
    </ClCompile>
    <ClCompile Include="..\FSingletonConsole.cpp">
      <Filter>3-Language\Singleton</Filter>
    </ClCompile>
    <ClCompile Include="..\RSingletonManager.cpp">
      <Filter>3-Language\Singleton</Filter>
    </ClCompile>
    <ClCompile Include="..\FSharedConsole.cpp">
      <Filter>3-Language\Shared</Filter>
    </ClCompile>
    <ClCompile Include="..\FSharedGroup.cpp">
      <Filter>3-Language\Shared</Filter>
    </ClCompile>
    <ClCompile Include="..\FSharedListAllocator.cpp">
      <Filter>3-Language\Shared</Filter>
    </ClCompile>
    <ClCompile Include="..\TSharedList.cpp">
      <Filter>3-Language\Shared</Filter>
    </ClCompile>
    <ClCompile Include="..\RString16.cpp">
      <Filter>3-Language\String\String16</Filter>
    </ClCompile>
    <ClCompile Include="..\FString8.cpp">
      <Filter>3-Language\String\String8</Filter>
    </ClCompile>
    <ClCompile Include="..\RString8.cpp">
      <Filter>3-Language\String\String8</Filter>
    </ClCompile>
    <ClCompile Include="..\TString8.cpp">
      <Filter>3-Language\String\String8</Filter>
    </ClCompile>
    <ClCompile Include="..\FMonitorConsole.cpp">
      <Filter>5-System\Monitor</Filter>
    </ClCompile>
    <ClCompile Include="..\FMonitorMachine.cpp">
      <Filter>5-System\Monitor</Filter>
    </ClCompile>
    <ClCompile Include="..\FMonitorThread.cpp">
      <Filter>5-System\Monitor</Filter>
    </ClCompile>
    <ClCompile Include="..\FThread.cpp">
      <Filter>5-System\Thread</Filter>
    </ClCompile>
    <ClCompile Include="..\FThreadConsole.cpp">
      <Filter>5-System\Thread</Filter>
    </ClCompile>
    <ClCompile Include="..\FThreadGroup.cpp">
      <Filter>5-System\Thread</Filter>
    </ClCompile>
    <ClCompile Include="..\FThreadPool.cpp">
      <Filter>5-System\Thread</Filter>
    </ClCompile>
    <ClCompile Include="..\FThreadRunable.cpp">
      <Filter>5-System\Thread</Filter>
    </ClCompile>
    <ClCompile Include="..\FThreadWorker.cpp">
      <Filter>5-System\Thread</Filter>
    </ClCompile>
    <ClCompile Include="..\RThread.cpp">
      <Filter>5-System\Thread</Filter>
    </ClCompile>
    <ClCompile Include="..\FThreadTrap.cpp">
      <Filter>5-System\Trap</Filter>
    </ClCompile>
    <ClCompile Include="..\FTrap.cpp">
      <Filter>5-System\Trap</Filter>
    </ClCompile>
    <ClCompile Include="..\RTrap.cpp">
      <Filter>5-System\Trap</Filter>
    </ClCompile>
    <ClCompile Include="..\TTrapper.cpp">
      <Filter>5-System\Trap</Filter>
    </ClCompile>
    <ClCompile Include="..\MoCommon.cpp" />
    <ClCompile Include="..\MSingleton.cpp">
      <Filter>3-Language\Singleton</Filter>
    </ClCompile>
    <ClCompile Include="..\FDataset.cpp">
      <Filter>6-Data</Filter>
    </ClCompile>
    <ClCompile Include="..\FField.cpp">
      <Filter>6-Data</Filter>
    </ClCompile>
    <ClCompile Include="..\FRow.cpp">
      <Filter>6-Data</Filter>
    </ClCompile>
    <ClCompile Include="..\FSqlConnection.cpp">
      <Filter>6-Data</Filter>
    </ClCompile>
    <ClCompile Include="..\FString16.cpp">
      <Filter>3-Language\String\String16</Filter>
    </ClCompile>
    <ClCompile Include="..\TString16.cpp">
      <Filter>3-Language\String\String16</Filter>
    </ClCompile>
    <ClCompile Include="..\MString8s.cpp">
      <Filter>3-Language\String\String8</Filter>
    </ClCompile>
    <ClCompile Include="..\FString32.cpp">
      <Filter>3-Language\String\String32</Filter>
    </ClCompile>
    <ClCompile Include="..\TString32.cpp">
      <Filter>3-Language\String\String32</Filter>
    </ClCompile>
    <ClCompile Include="..\RString32.cpp">
      <Filter>3-Language\String\String32</Filter>
    </ClCompile>
    <ClCompile Include="..\MProperties8.cpp">
      <Filter>3-Language\String\String8</Filter>
    </ClCompile>
    <ClCompile Include="..\FLoggerConsole.cpp">
      <Filter>5-System\Logger</Filter>
    </ClCompile>
    <ClCompile Include="..\FLoggerWriter.cpp">
      <Filter>5-System\Logger</Filter>
    </ClCompile>
    <ClCompile Include="..\TSharedListIterator.cpp">
      <Filter>3-Language\Shared</Filter>
    </ClCompile>
    <ClCompile Include="..\RLogger.cpp">
      <Filter>1-Runtime\Common</Filter>
    </ClCompile>
    <ClCompile Include="..\RMemory.cpp">
      <Filter>1-Runtime\Common</Filter>
    </ClCompile>
    <ClCompile Include="..\RDateTime.cpp">
      <Filter>3-Language\Common</Filter>
    </ClCompile>
    <ClCompile Include="..\RInt.cpp">
      <Filter>3-Language\Common</Filter>
    </ClCompile>
    <ClCompile Include="..\RRandom.cpp">
      <Filter>3-Language\Common</Filter>
    </ClCompile>
    <ClCompile Include="..\RTimeTick.cpp">
      <Filter>3-Language\Common</Filter>
    </ClCompile>
    <ClCompile Include="..\RUint.cpp">
      <Filter>3-Language\Common</Filter>
    </ClCompile>
    <ClCompile Include="..\RCharSet.cpp">
      <Filter>3-Language\String</Filter>
    </ClCompile>
    <ClCompile Include="..\RCharEncoding.cpp">
      <Filter>3-Language\String</Filter>
    </ClCompile>
    <ClCompile Include="..\TFsDateTime.cpp">
      <Filter>3-Language\Format</Filter>
    </ClCompile>
    <ClCompile Include="..\TFsFloat.cpp">
      <Filter>3-Language\Format</Filter>
    </ClCompile>
    <ClCompile Include="..\FBlockAllocator.cpp">
      <Filter>3-Language\Memory</Filter>
    </ClCompile>
    <ClCompile Include="..\TShareSegment.cpp">
      <Filter>3-Language\Memory</Filter>
    </ClCompile>
    <ClCompile Include="..\FMemoryAllocator.cpp">
      <Filter>3-Language\Memory</Filter>
    </ClCompile>
    <ClCompile Include="..\FShareMemory.cpp">
      <Filter>3-Language\Memory</Filter>
    </ClCompile>
    <ClCompile Include="..\FThreadMemory.cpp">
      <Filter>3-Language\Memory</Filter>
    </ClCompile>
    <ClCompile Include="..\RActivator.cpp">
      <Filter>3-Language\Memory</Filter>
    </ClCompile>
    <ClCompile Include="..\RAllocator.cpp">
      <Filter>3-Language\Memory</Filter>
    </ClCompile>
    <ClCompile Include="..\RMemoryCapacity.cpp">
      <Filter>3-Language\Memory</Filter>
    </ClCompile>
    <ClCompile Include="..\RShareMemory.cpp">
      <Filter>3-Language\Memory</Filter>
    </ClCompile>
    <ClCompile Include="..\SMemoryEntry.cpp">
      <Filter>3-Language\Memory</Filter>
    </ClCompile>
    <ClCompile Include="..\FFileStringStream.cpp">
      <Filter>4-Stream\File</Filter>
    </ClCompile>
    <ClCompile Include="..\FFileLines.cpp">
      <Filter>4-Stream\File</Filter>
    </ClCompile>
    <ClCompile Include="..\FFileMapping.cpp">
      <Filter>4-Stream\File</Filter>
    </ClCompile>
    <ClCompile Include="..\FFileStream.cpp">
      <Filter>4-Stream\File</Filter>
    </ClCompile>
    <ClCompile Include="..\FFileString16.cpp">
      <Filter>4-Stream\File</Filter>
    </ClCompile>
    <ClCompile Include="..\FFileString32.cpp">
      <Filter>4-Stream\File</Filter>
    </ClCompile>
    <ClCompile Include="..\FFileString8.cpp">
      <Filter>4-Stream\File</Filter>
    </ClCompile>
    <ClCompile Include="..\FPipe.cpp">
      <Filter>4-Stream\Pipe</Filter>
    </ClCompile>
    <ClCompile Include="..\FQueue.cpp">
      <Filter>4-Stream\Pipe</Filter>
    </ClCompile>
    <ClCompile Include="..\FSharedPipe.cpp">
      <Filter>4-Stream\Pipe</Filter>
    </ClCompile>
    <ClCompile Include="..\FSharedQueue.cpp">
      <Filter>4-Stream\Pipe</Filter>
    </ClCompile>
    <ClCompile Include="..\FSharedQueueConnection.cpp">
      <Filter>4-Stream\Pipe</Filter>
    </ClCompile>
    <ClCompile Include="..\MPipe.cpp">
      <Filter>4-Stream\Pipe</Filter>
    </ClCompile>
    <ClCompile Include="..\TFileFinder.cpp">
      <Filter>4-Stream\File</Filter>
    </ClCompile>
    <ClCompile Include="..\TFileInfo.cpp">
      <Filter>4-Stream\File</Filter>
    </ClCompile>
    <ClCompile Include="..\RFile.cpp">
      <Filter>4-Stream\File</Filter>
    </ClCompile>
    <ClCompile Include="..\FApplication.cpp">
      <Filter>5-System\Common</Filter>
    </ClCompile>
    <ClCompile Include="..\RApplication.cpp">
      <Filter>5-System\Common</Filter>
    </ClCompile>
    <ClCompile Include="..\RCpu.cpp">
      <Filter>5-System\Common</Filter>
    </ClCompile>
    <ClCompile Include="..\REnvironment.cpp">
      <Filter>5-System\Common</Filter>
    </ClCompile>
    <ClCompile Include="..\RProcess.cpp">
      <Filter>5-System\Common</Filter>
    </ClCompile>
    <ClCompile Include="..\TSpeedTest.cpp">
      <Filter>5-System\Common</Filter>
    </ClCompile>
    <ClCompile Include="..\FNetClientSocket.cpp">
      <Filter>7-Net\Socket</Filter>
    </ClCompile>
    <ClCompile Include="..\FNetServerSocket.cpp">
      <Filter>7-Net\Socket</Filter>
    </ClCompile>
    <ClCompile Include="..\FNetSocket.cpp">
      <Filter>7-Net\Socket</Filter>
    </ClCompile>
    <ClCompile Include="..\FNetSocketStorage.cpp">
      <Filter>7-Net\Socket</Filter>
    </ClCompile>
    <ClCompile Include="..\FNetUdpClientSocket.cpp">
      <Filter>7-Net\Socket</Filter>
    </ClCompile>
    <ClCompile Include="..\FNetUdpServerSocket.cpp">
      <Filter>7-Net\Socket</Filter>
    </ClCompile>
    <ClCompile Include="..\RGuid.cpp">
      <Filter>3-Language\Common</Filter>
    </ClCompile>
    <ClCompile Include="..\RTypeConverter.cpp">
      <Filter>3-Language\Common</Filter>
    </ClCompile>
    <ClCompile Include="..\RNetHost.cpp">
      <Filter>7-Net</Filter>
    </ClCompile>
    <ClCompile Include="..\MString16s.cpp">
      <Filter>3-Language\String\String16</Filter>
    </ClCompile>
    <ClCompile Include="..\MProperties16.cpp">
      <Filter>3-Language\String\String16</Filter>
    </ClCompile>
    <ClCompile Include="..\FMemoryLockAllocator.cpp">
      <Filter>3-Language\Memory</Filter>
    </ClCompile>
    <ClCompile Include="..\MString8.cpp">
      <Filter>3-Language\String\String8</Filter>
    </ClCompile>
    <ClCompile Include="..\FBase.cpp">
      <Filter>1-Runtime\Common</Filter>
    </ClCompile>
    <ClCompile Include="..\FFree.cpp">
      <Filter>1-Runtime\Common</Filter>
    </ClCompile>
    <ClCompile Include="..\FObject.cpp">
      <Filter>1-Runtime\Common</Filter>
    </ClCompile>
    <ClCompile Include="..\RInt8.cpp">
      <Filter>1-Runtime\Type</Filter>
    </ClCompile>
    <ClCompile Include="..\RInt16.cpp">
      <Filter>1-Runtime\Type</Filter>
    </ClCompile>
    <ClCompile Include="..\RInt32.cpp">
      <Filter>1-Runtime\Type</Filter>
    </ClCompile>
    <ClCompile Include="..\RInt64.cpp">
      <Filter>1-Runtime\Type</Filter>
    </ClCompile>
    <ClCompile Include="..\RUint16.cpp">
      <Filter>1-Runtime\Type</Filter>
    </ClCompile>
    <ClCompile Include="..\RUint32.cpp">
      <Filter>1-Runtime\Type</Filter>
    </ClCompile>
    <ClCompile Include="..\RUint64.cpp">
      <Filter>1-Runtime\Type</Filter>
    </ClCompile>
    <ClCompile Include="..\RUint8.cpp">
      <Filter>1-Runtime\Type</Filter>
    </ClCompile>
    <ClCompile Include="..\RBool.cpp">
      <Filter>1-Runtime\Type</Filter>
    </ClCompile>
    <ClCompile Include="..\RByte.cpp">
      <Filter>1-Runtime\Type</Filter>
    </ClCompile>
    <ClCompile Include="..\RFloat.cpp">
      <Filter>1-Runtime\Type</Filter>
    </ClCompile>
    <ClCompile Include="..\RDouble.cpp">
      <Filter>1-Runtime\Type</Filter>
    </ClCompile>
    <ClCompile Include="..\RChar32.cpp">
      <Filter>1-Runtime\Type</Filter>
    </ClCompile>
    <ClCompile Include="..\RChar16.cpp">
      <Filter>1-Runtime\Type</Filter>
    </ClCompile>
    <ClCompile Include="..\RChar8.cpp">
      <Filter>1-Runtime\Type</Filter>
    </ClCompile>
    <ClCompile Include="..\TProperty.cpp">
      <Filter>3-Language\Property</Filter>
    </ClCompile>
    <ClCompile Include="..\TFsDouble.cpp">
      <Filter>3-Language\Format</Filter>
    </ClCompile>
    <ClCompile Include="..\TFsInteger.cpp">
      <Filter>3-Language\Format</Filter>
    </ClCompile>
    <ClCompile Include="..\FAllocatorStorage.cpp">
      <Filter>3-Language\Memory</Filter>
    </ClCompile>
    <ClCompile Include="..\MPack.cpp">
      <Filter>3-Language\Property</Filter>
    </ClCompile>
    <ClCompile Include="..\MShared.cpp">
      <Filter>3-Language\Shared</Filter>
    </ClCompile>
    <ClCompile Include="..\TFsInteger64.cpp">
      <Filter>3-Language\Format</Filter>
    </ClCompile>
    <ClCompile Include="..\MString32.cpp">
      <Filter>3-Language\String\String32</Filter>
    </ClCompile>
    <ClCompile Include="..\MString32s.cpp">
      <Filter>3-Language\String\String32</Filter>
    </ClCompile>
    <ClCompile Include="..\MProperties32.cpp">
      <Filter>3-Language\String\String32</Filter>
    </ClCompile>
    <ClCompile Include="..\MString16.cpp">
      <Filter>3-Language\String\String16</Filter>
    </ClCompile>
    <ClCompile Include="..\FStringBuffer8.cpp">
      <Filter>3-Language\String\String8</Filter>
    </ClCompile>
    <ClCompile Include="..\TStringBuffer8.cpp">
      <Filter>3-Language\String\String8</Filter>
    </ClCompile>
    <ClCompile Include="..\TLinkInput.cpp">
      <Filter>3-Language\Stream</Filter>
    </ClCompile>
    <ClCompile Include="..\TLinkOutput.cpp">
      <Filter>3-Language\Stream</Filter>
    </ClCompile>
    <ClCompile Include="..\RInput.cpp">
      <Filter>3-Language\Stream</Filter>
    </ClCompile>
    <ClCompile Include="..\ROutput.cpp">
      <Filter>3-Language\Stream</Filter>
    </ClCompile>
    <ClCompile Include="..\TDataInput.cpp">
      <Filter>3-Language\Stream</Filter>
    </ClCompile>
    <ClCompile Include="..\TDataOutput.cpp">
      <Filter>3-Language\Stream</Filter>
    </ClCompile>
    <ClCompile Include="..\TDataWriter.cpp">
      <Filter>3-Language\Stream</Filter>
    </ClCompile>
    <ClCompile Include="..\TDataReader.cpp">
      <Filter>3-Language\Stream</Filter>
    </ClCompile>
    <ClCompile Include="..\RCompress.cpp">
      <Filter>4-Stream\Compress</Filter>
    </ClCompile>
    <ClCompile Include="..\FBufferedPipe.cpp">
      <Filter>4-Stream\Pipe</Filter>
    </ClCompile>
    <ClCompile Include="..\FBufferedPipeBlock.cpp">
      <Filter>4-Stream\Pipe</Filter>
    </ClCompile>
    <ClCompile Include="..\FBufferedQueue.cpp">
      <Filter>4-Stream\Pipe</Filter>
    </ClCompile>
    <ClCompile Include="..\FBufferedQueueBlock.cpp">
      <Filter>4-Stream\Pipe</Filter>
    </ClCompile>
    <ClCompile Include="..\FStreamBlock.cpp">
      <Filter>4-Stream\Pipe</Filter>
    </ClCompile>
    <ClCompile Include="..\FStreamBlockAllocator.cpp">
      <Filter>4-Stream\Pipe</Filter>
    </ClCompile>
    <ClCompile Include="..\FStreamBlockPool.cpp">
      <Filter>4-Stream\Pipe</Filter>
    </ClCompile>
    <ClCompile Include="..\FApplicationListener.cpp">
      <Filter>5-System\Common</Filter>
    </ClCompile>
    <ClCompile Include="..\MApplicationListeners.cpp">
      <Filter>5-System\Common</Filter>
    </ClCompile>
    <ClCompile Include="..\RSystem.cpp">
      <Filter>5-System\Common</Filter>
    </ClCompile>
    <ClCompile Include="..\FLoggerThread.cpp">
      <Filter>5-System\Logger</Filter>
    </ClCompile>
    <ClCompile Include="..\FMonitorCatcher.cpp">
      <Filter>5-System\Monitor</Filter>
    </ClCompile>
    <ClCompile Include="..\FCatcher.cpp">
      <Filter>5-System\Trap</Filter>
    </ClCompile>
    <ClCompile Include="..\FCatcherConsole.cpp">
      <Filter>5-System\Trap</Filter>
    </ClCompile>
    <ClCompile Include="..\FThreadCatcher.cpp">
      <Filter>5-System\Trap</Filter>
    </ClCompile>
    <ClCompile Include="..\FDatasetMeta.cpp">
      <Filter>6-Data</Filter>
    </ClCompile>
    <ClCompile Include="..\FSqlPool.cpp">
      <Filter>6-Data</Filter>
    </ClCompile>
    <ClCompile Include="..\MSql.cpp">
      <Filter>6-Data</Filter>
    </ClCompile>
    <ClCompile Include="..\FSql.cpp">
      <Filter>6-Data</Filter>
    </ClCompile>
    <ClCompile Include="..\FMonitorTrigger.cpp">
      <Filter>5-System\Monitor</Filter>
    </ClCompile>
    <ClCompile Include="..\FPack.cpp">
      <Filter>3-Language\Property</Filter>
    </ClCompile>
    <ClCompile Include="..\TStringBuffer16.cpp">
      <Filter>3-Language\String\String16</Filter>
    </ClCompile>
    <ClCompile Include="..\TStringBuffer32.cpp">
      <Filter>3-Language\String\String32</Filter>
    </ClCompile>
    <ClCompile Include="..\FStringBuffer16.cpp">
      <Filter>3-Language\String\String16</Filter>
    </ClCompile>
    <ClCompile Include="..\FStringBuffer32.cpp">
      <Filter>3-Language\String\String32</Filter>
    </ClCompile>
    <ClCompile Include="..\FThreadRunablePool.cpp">
      <Filter>5-System\Thread</Filter>
    </ClCompile>
    <ClCompile Include="..\FThreadRunableWorker.cpp">
      <Filter>5-System\Thread</Filter>
    </ClCompile>
    <ClCompile Include="..\FByteFile.cpp">
      <Filter>4-Stream\File</Filter>
    </ClCompile>
    <ClCompile Include="..\FByteFileStream.cpp">
      <Filter>4-Stream\File</Filter>
    </ClCompile>
    <ClCompile Include="..\FByteStream.cpp">
      <Filter>3-Language\Stream</Filter>
    </ClCompile>
    <ClCompile Include="..\MListeners.cpp">
      <Filter>5-System\Common</Filter>
    </ClCompile>
    <ClCompile Include="..\FListener.cpp">
      <Filter>5-System\Common</Filter>
    </ClCompile>
    <ClCompile Include="..\FMonitor.cpp">
      <Filter>5-System\Monitor</Filter>
    </ClCompile>
    <ClCompile Include="..\FManagedObject.cpp">
      <Filter>1-Runtime\Common</Filter>
    </ClCompile>
    <ClCompile Include="..\FByteString.cpp">
      <Filter>3-Language\Stream</Filter>
    </ClCompile>
    <ClCompile Include="..\FClass.cpp">
      <Filter>3-Language\Class</Filter>
    </ClCompile>
    <ClCompile Include="..\FInstance.cpp">
      <Filter>3-Language\Class</Filter>
    </ClCompile>
    <ClCompile Include="..\FClassConsole.cpp">
      <Filter>3-Language\Class</Filter>
    </ClCompile>
    <ClCompile Include="..\RClassManager.cpp">
      <Filter>3-Language\Class</Filter>
    </ClCompile>
    <ClCompile Include="..\FConsole.cpp">
      <Filter>3-Language\Module</Filter>
    </ClCompile>
    <ClCompile Include="..\TClassInfo.cpp">
      <Filter>3-Language\Class</Filter>
    </ClCompile>
    <ClCompile Include="..\RNetSocket.cpp">
      <Filter>7-Net\Socket</Filter>
    </ClCompile>
    <ClCompile Include="..\MNetSocket.cpp">
      <Filter>7-Net\Socket</Filter>
    </ClCompile>
    <ClCompile Include="..\FClassFactory.cpp">
      <Filter>3-Language\Class</Filter>
    </ClCompile>
    <ClCompile Include="..\FClassInstanceFactory.cpp">
      <Filter>3-Language\Class</Filter>
    </ClCompile>
    <ClCompile Include="..\FXmlDocument.cpp">
      <Filter>3-Language\Config\Xml</Filter>
    </ClCompile>
    <ClCompile Include="..\FXmlNode.cpp">
      <Filter>3-Language\Config\Xml</Filter>
    </ClCompile>
    <ClCompile Include="..\FXmlNodes.cpp">
      <Filter>3-Language\Config\Xml</Filter>
    </ClCompile>
    <ClCompile Include="..\RXml.cpp">
      <Filter>3-Language\Config\Xml</Filter>
    </ClCompile>
    <ClCompile Include="..\TXmlNodeIteratorC.cpp">
      <Filter>3-Language\Config\Xml</Filter>
    </ClCompile>
    <ClCompile Include="..\FConfigParser.cpp">
      <Filter>3-Language\Config</Filter>
    </ClCompile>
    <ClCompile Include="..\FConfigBuilder.cpp">
      <Filter>3-Language\Config</Filter>
    </ClCompile>
    <ClCompile Include="..\FXmlBuilder.cpp">
      <Filter>3-Language\Config\Xml</Filter>
    </ClCompile>
    <ClCompile Include="..\FXmlParser.cpp">
      <Filter>3-Language\Config\Xml</Filter>
    </ClCompile>
    <ClCompile Include="..\FApplicationParameter.cpp">
      <Filter>5-System\Common</Filter>
    </ClCompile>
    <ClCompile Include="..\FApplicationParameters.cpp">
      <Filter>5-System\Common</Filter>
    </ClCompile>
    <ClCompile Include="..\FTask.cpp">
      <Filter>5-System\Task</Filter>
    </ClCompile>
    <ClCompile Include="..\FTaskThread.cpp">
      <Filter>5-System\Task</Filter>
    </ClCompile>
    <ClCompile Include="..\FTaskConsole.cpp">
      <Filter>5-System\Task</Filter>
    </ClCompile>
    <ClCompile Include="..\FTaskInvoker.cpp">
      <Filter>5-System\Task</Filter>
    </ClCompile>
  </ItemGroup>
</Project>