<?xml version="1.0" encoding="utf-8"?>
<Project ToolsVersion="4.0" xmlns="http://schemas.microsoft.com/developer/msbuild/2003">
  <ItemGroup>
    <Filter Include="1-Public">
      <UniqueIdentifier>{8a913ffc-cd0d-440e-a736-bbcebdc702ce}</UniqueIdentifier>
    </Filter>
    <Filter Include="2-Common">
      <UniqueIdentifier>{2be0ee66-41a3-4553-8138-93994f3a1657}</UniqueIdentifier>
    </Filter>
    <Filter Include="3-Loader">
      <UniqueIdentifier>{0cb42302-b90a-43cf-83f8-230557849c50}</UniqueIdentifier>
    </Filter>
    <Filter Include="4-Content">
      <UniqueIdentifier>{78592311-af9f-4787-b01d-dd0317851d43}</UniqueIdentifier>
    </Filter>
    <Filter Include="5-Content2d">
      <UniqueIdentifier>{99a07cad-f984-4644-a637-a6189162d6cc}</UniqueIdentifier>
    </Filter>
    <Filter Include="6-Content3d">
      <UniqueIdentifier>{dd52081e-3d0a-477d-bdd9-37e70ae54e32}</UniqueIdentifier>
    </Filter>
    <Filter Include="6-Content3d\Texture">
      <UniqueIdentifier>{29ff83df-59e9-4cce-a54d-6bfbb674630f}</UniqueIdentifier>
    </Filter>
    <Filter Include="6-Content3d\Base">
      <UniqueIdentifier>{71c717d3-f1d1-466e-8a45-c0d34f205f0d}</UniqueIdentifier>
    </Filter>
    <Filter Include="6-Content3d\Material">
      <UniqueIdentifier>{79f12cbf-3fbe-4071-bbf5-3cd3baadc054}</UniqueIdentifier>
    </Filter>
    <Filter Include="6-Content3d\Model">
      <UniqueIdentifier>{375c2f1b-cfe9-47c6-b27d-3dc8f1ed583f}</UniqueIdentifier>
    </Filter>
    <Filter Include="6-Content3d\Scene">
      <UniqueIdentifier>{a3b28f64-8443-4b20-ac93-72cacc213bf6}</UniqueIdentifier>
    </Filter>
    <Filter Include="6-Content3d\Template">
      <UniqueIdentifier>{6ee16fda-10c1-4243-8785-aa601ee99c47}</UniqueIdentifier>
    </Filter>
    <Filter Include="6-Content3d\Theme">
      <UniqueIdentifier>{22a52ed9-d418-4ea2-a271-81cdb0ba0013}</UniqueIdentifier>
    </Filter>
    <Filter Include="4-Content\Pipeline">
      <UniqueIdentifier>{99727053-bf54-40a0-b35b-939d60d905e4}</UniqueIdentifier>
    </Filter>
  </ItemGroup>
  <ItemGroup>
    <ClInclude Include="..\MoFrCommon.h">
      <Filter>2-Common</Filter>
    </ClInclude>
    <ClInclude Include="..\MoFrPublic.h">
      <Filter>1-Public</Filter>
    </ClInclude>
    <ClInclude Include="..\MoFeatureResource.h" />
    <ClInclude Include="..\MoFrContent3dTexture.h">
      <Filter>6-Content3d</Filter>
    </ClInclude>
    <ClInclude Include="..\MoFrContent3dTheme.h">
      <Filter>6-Content3d</Filter>
    </ClInclude>
    <ClInclude Include="..\MoFrContent3dModel.h">
      <Filter>6-Content3d</Filter>
    </ClInclude>
    <ClInclude Include="..\MoFrContent3dTemplate.h">
      <Filter>6-Content3d</Filter>
    </ClInclude>
    <ClInclude Include="..\MoFrContent3dScene.h">
      <Filter>6-Content3d</Filter>
    </ClInclude>
    <ClInclude Include="..\MoFrContent3dMaterial.h">
      <Filter>6-Content3d</Filter>
    </ClInclude>
    <ClInclude Include="..\MoFrContent3dBase.h">
      <Filter>6-Content3d</Filter>
    </ClInclude>
    <ClInclude Include="..\MoFrLoader.h">
      <Filter>3-Loader</Filter>
    </ClInclude>
    <ClInclude Include="..\MoFrCompress.h">
      <Filter>2-Common</Filter>
    </ClInclude>
    <ClInclude Include="..\MoFrContent2d.h">
      <Filter>5-Content2d</Filter>
    </ClInclude>
    <ClInclude Include="..\MoFrContent3d.h">
      <Filter>6-Content3d</Filter>
    </ClInclude>
    <ClInclude Include="..\MoFrContent.h">
      <Filter>4-Content</Filter>
    </ClInclude>
    <ClInclude Include="..\MoFrContentPipeline.h">
      <Filter>4-Content\Pipeline</Filter>
    </ClInclude>
  </ItemGroup>
  <ItemGroup>
    <ClCompile Include="..\MoFeatureResource.cpp" />
    <ClCompile Include="..\FRs3dTexture.cpp">
      <Filter>6-Content3d\Texture</Filter>
    </ClCompile>
    <ClCompile Include="..\FRs3dTextureBitmap.cpp">
      <Filter>6-Content3d\Texture</Filter>
    </ClCompile>
    <ClCompile Include="..\FRs3dTextureConsole.cpp">
      <Filter>6-Content3d\Texture</Filter>
    </ClCompile>
    <ClCompile Include="..\FResource3d.cpp">
      <Filter>6-Content3d\Base</Filter>
    </ClCompile>
    <ClCompile Include="..\FResource3dConsole.cpp">
      <Filter>6-Content3d\Base</Filter>
    </ClCompile>
    <ClCompile Include="..\FRs3dMaterial.cpp">
      <Filter>6-Content3d\Material</Filter>
    </ClCompile>
    <ClCompile Include="..\FRs3dMaterialConsole.cpp">
      <Filter>6-Content3d\Material</Filter>
    </ClCompile>
    <ClCompile Include="..\FRs3dMaterialTexture.cpp">
      <Filter>6-Content3d\Material</Filter>
    </ClCompile>
    <ClCompile Include="..\FRs3dAnimation.cpp">
      <Filter>6-Content3d\Model</Filter>
    </ClCompile>
    <ClCompile Include="..\FRs3dBone.cpp">
      <Filter>6-Content3d\Model</Filter>
    </ClCompile>
    <ClCompile Include="..\FRs3dFrame.cpp">
      <Filter>6-Content3d\Model</Filter>
    </ClCompile>
    <ClCompile Include="..\FRs3dGeometry.cpp">
      <Filter>6-Content3d\Model</Filter>
    </ClCompile>
    <ClCompile Include="..\FRs3dIndexBuffer.cpp">
      <Filter>6-Content3d\Model</Filter>
    </ClCompile>
    <ClCompile Include="..\FRs3dModel.cpp">
      <Filter>6-Content3d\Model</Filter>
    </ClCompile>
    <ClCompile Include="..\FRs3dModelConsole.cpp">
      <Filter>6-Content3d\Model</Filter>
    </ClCompile>
    <ClCompile Include="..\FRs3dMovie.cpp">
      <Filter>6-Content3d\Model</Filter>
    </ClCompile>
    <ClCompile Include="..\FRs3dSkeleton.cpp">
      <Filter>6-Content3d\Model</Filter>
    </ClCompile>
    <ClCompile Include="..\FRs3dTrack.cpp">
      <Filter>6-Content3d\Model</Filter>
    </ClCompile>
    <ClCompile Include="..\FRs3dVertexBuffer.cpp">
      <Filter>6-Content3d\Model</Filter>
    </ClCompile>
    <ClCompile Include="..\FRs3dVertexStream.cpp">
      <Filter>6-Content3d\Model</Filter>
    </ClCompile>
    <ClCompile Include="..\SRs3dFrameInfo.cpp">
      <Filter>6-Content3d\Model</Filter>
    </ClCompile>
    <ClCompile Include="..\FRs3dScene.cpp">
      <Filter>6-Content3d\Scene</Filter>
    </ClCompile>
    <ClCompile Include="..\FRs3dSceneCamera.cpp">
      <Filter>6-Content3d\Scene</Filter>
    </ClCompile>
    <ClCompile Include="..\FRs3dSceneConsole.cpp">
      <Filter>6-Content3d\Scene</Filter>
    </ClCompile>
    <ClCompile Include="..\FRs3dSceneDisplay.cpp">
      <Filter>6-Content3d\Scene</Filter>
    </ClCompile>
    <ClCompile Include="..\FRs3dSceneLight.cpp">
      <Filter>6-Content3d\Scene</Filter>
    </ClCompile>
    <ClCompile Include="..\FRs3dSceneMap.cpp">
      <Filter>6-Content3d\Scene</Filter>
    </ClCompile>
    <ClCompile Include="..\FRs3dSceneMaterial.cpp">
      <Filter>6-Content3d\Scene</Filter>
    </ClCompile>
    <ClCompile Include="..\FRs3dSceneMovie.cpp">
      <Filter>6-Content3d\Scene</Filter>
    </ClCompile>
    <ClCompile Include="..\FRs3dScenePass.cpp">
      <Filter>6-Content3d\Scene</Filter>
    </ClCompile>
    <ClCompile Include="..\FRs3dSceneRegion.cpp">
      <Filter>6-Content3d\Scene</Filter>
    </ClCompile>
    <ClCompile Include="..\FRs3dSceneRenderable.cpp">
      <Filter>6-Content3d\Scene</Filter>
    </ClCompile>
    <ClCompile Include="..\FRs3dSceneSky.cpp">
      <Filter>6-Content3d\Scene</Filter>
    </ClCompile>
    <ClCompile Include="..\FRs3dSceneSpace.cpp">
      <Filter>6-Content3d\Scene</Filter>
    </ClCompile>
    <ClCompile Include="..\FRs3dSceneTechnique.cpp">
      <Filter>6-Content3d\Scene</Filter>
    </ClCompile>
    <ClCompile Include="..\FRs3dSceneViewport.cpp">
      <Filter>6-Content3d\Scene</Filter>
    </ClCompile>
    <ClCompile Include="..\FRs3dTheme.cpp">
      <Filter>6-Content3d\Theme</Filter>
    </ClCompile>
    <ClCompile Include="..\FRs3dThemeConsole.cpp">
      <Filter>6-Content3d\Theme</Filter>
    </ClCompile>
    <ClCompile Include="..\FRs3dTemplate.cpp">
      <Filter>6-Content3d\Template</Filter>
    </ClCompile>
    <ClCompile Include="..\FRs3dTemplateConsole.cpp">
      <Filter>6-Content3d\Template</Filter>
    </ClCompile>
    <ClCompile Include="..\FRs3dTemplateRenderable.cpp">
      <Filter>6-Content3d\Template</Filter>
    </ClCompile>
    <ClCompile Include="..\SMaterialInfo.cpp">
      <Filter>6-Content3d\Base</Filter>
    </ClCompile>
    <ClCompile Include="..\FLoader.cpp">
      <Filter>3-Loader</Filter>
    </ClCompile>
    <ClCompile Include="..\FLoaderConsole.cpp">
      <Filter>3-Loader</Filter>
    </ClCompile>
    <ClCompile Include="..\FAnimationClip.cpp">
      <Filter>5-Content2d</Filter>
    </ClCompile>
    <ClCompile Include="..\FAnimationFrame.cpp">
      <Filter>5-Content2d</Filter>
    </ClCompile>
    <ClCompile Include="..\FAnimationResource.cpp">
      <Filter>5-Content2d</Filter>
    </ClCompile>
    <ClCompile Include="..\FGroundResource.cpp">
      <Filter>5-Content2d</Filter>
    </ClCompile>
    <ClCompile Include="..\FPictureResource.cpp">
      <Filter>5-Content2d</Filter>
    </ClCompile>
    <ClCompile Include="..\FResourceConsole.cpp">
      <Filter>5-Content2d</Filter>
    </ClCompile>
    <ClCompile Include="..\FResourceGroup.cpp">
      <Filter>5-Content2d</Filter>
    </ClCompile>
    <ClCompile Include="..\FResourceWorker.cpp">
      <Filter>5-Content2d</Filter>
    </ClCompile>
    <ClCompile Include="..\RLzma.cpp">
      <Filter>2-Common</Filter>
    </ClCompile>
    <ClCompile Include="..\FLoaderMonitor.cpp">
      <Filter>3-Loader</Filter>
    </ClCompile>
    <ClCompile Include="..\FResource2d.cpp">
      <Filter>5-Content2d</Filter>
    </ClCompile>
    <ClCompile Include="..\FResourceLoader2.cpp">
      <Filter>5-Content2d</Filter>
    </ClCompile>
    <ClCompile Include="..\FContent.cpp">
      <Filter>4-Content</Filter>
    </ClCompile>
    <ClCompile Include="..\FContentLoader.cpp">
      <Filter>4-Content</Filter>
    </ClCompile>
    <ClCompile Include="..\FContentConsole.cpp">
      <Filter>4-Content</Filter>
    </ClCompile>
    <ClCompile Include="..\FContentPipeline.cpp">
      <Filter>4-Content\Pipeline</Filter>
    </ClCompile>
    <ClCompile Include="..\FContentAssetPipeline.cpp">
      <Filter>4-Content\Pipeline</Filter>
    </ClCompile>
  </ItemGroup>
</Project>