<?xml version="1.0" encoding="utf-8"?>
<Project ToolsVersion="4.0" xmlns="http://schemas.microsoft.com/developer/msbuild/2003">
  <ItemGroup>
    <ClInclude Include="..\MoEaPublic.h">
      <Filter>1-Public</Filter>
    </ClInclude>
    <ClInclude Include="..\MoEaCommon.h">
      <Filter>2-Common</Filter>
    </ClInclude>
    <ClInclude Include="..\MoEaAsset.h">
      <Filter>3-Core</Filter>
    </ClInclude>
    <ClInclude Include="..\MoEaCore.h">
      <Filter>3-Core</Filter>
    </ClInclude>
    <ClInclude Include="..\MoPlatformAndroid.h" />
  </ItemGroup>
  <ItemGroup>
    <Filter Include="1-Public">
      <UniqueIdentifier>{8a913ffc-cd0d-440e-a736-bbcebdc702ce}</UniqueIdentifier>
    </Filter>
    <Filter Include="2-Common">
      <UniqueIdentifier>{2be0ee66-41a3-4553-8138-93994f3a1657}</UniqueIdentifier>
    </Filter>
    <Filter Include="3-Core">
      <UniqueIdentifier>{d5af674d-487a-4089-bea2-ad7637fa0a07}</UniqueIdentifier>
    </Filter>
    <Filter Include="3-Core\Asset">
      <UniqueIdentifier>{cf83a0b9-41a4-4d7f-9c1e-dec10b23585c}</UniqueIdentifier>
    </Filter>
  </ItemGroup>
  <ItemGroup>
    <ClCompile Include="..\FEaAsset.cpp">
      <Filter>3-Core\Asset</Filter>
    </ClCompile>
    <ClCompile Include="..\FEaAssetConsole.cpp">
      <Filter>3-Core\Asset</Filter>
    </ClCompile>
    <ClCompile Include="..\FEaAssetDirectory.cpp">
      <Filter>3-Core\Asset</Filter>
    </ClCompile>
    <ClCompile Include="..\MoPlatformAndroid.cpp" />
  </ItemGroup>
</Project>