<?xml version="1.0" encoding="utf-8"?>
<Project ToolsVersion="4.0" xmlns="http://schemas.microsoft.com/developer/msbuild/2003">
  <ItemGroup>
    <Filter Include="1-Public">
      <UniqueIdentifier>{fcdcb5ab-15cf-42bf-b4f8-c18b834412b2}</UniqueIdentifier>
    </Filter>
    <Filter Include="2-Common">
      <UniqueIdentifier>{93995380-89BD-4b04-88EB-625FBE52EBFB}</UniqueIdentifier>
      <Extensions>h;hpp;hxx;hm;inl;inc;xsd</Extensions>
    </Filter>
    <Filter Include="3-Display">
      <UniqueIdentifier>{8260e4ce-4a73-4c05-ac16-bb9a72148a88}</UniqueIdentifier>
    </Filter>
    <Filter Include="4-Instance">
      <UniqueIdentifier>{5e4ae7a0-9dba-4ce7-ac11-38be6f30ec83}</UniqueIdentifier>
    </Filter>
    <Filter Include="4-Instance\Template">
      <UniqueIdentifier>{8b4f258f-af45-4f9c-a406-e3e732c92f5d}</UniqueIdentifier>
    </Filter>
    <Filter Include="4-Instance\Model">
      <UniqueIdentifier>{e7303920-36f6-4414-83e9-93d3423f202d}</UniqueIdentifier>
    </Filter>
    <Filter Include="4-Instance\Texture">
      <UniqueIdentifier>{784edf73-9e6f-4b5d-ac68-4b05522213a2}</UniqueIdentifier>
    </Filter>
    <Filter Include="4-Instance\Material">
      <UniqueIdentifier>{b1b61631-04d4-4ff9-bb30-5d5d336055d7}</UniqueIdentifier>
    </Filter>
    <Filter Include="4-Instance\Scene">
      <UniqueIdentifier>{da7a44d9-daa1-42a6-bbbb-70b5c3ace1a7}</UniqueIdentifier>
    </Filter>
  </ItemGroup>
  <ItemGroup>
    <ClInclude Include="..\MoEngine3d.h" />
    <ClInclude Include="..\MoE3Public.h">
      <Filter>1-Public</Filter>
    </ClInclude>
    <ClInclude Include="..\MoE3Common.h">
      <Filter>2-Common</Filter>
    </ClInclude>
    <ClInclude Include="..\MoE3Display.h">
      <Filter>3-Display</Filter>
    </ClInclude>
    <ClInclude Include="..\MoE3Model.h">
      <Filter>4-Instance\Model</Filter>
    </ClInclude>
    <ClInclude Include="..\MoE3Texture.h">
      <Filter>4-Instance\Texture</Filter>
    </ClInclude>
    <ClInclude Include="..\MoE3Scene.h">
      <Filter>4-Instance\Scene</Filter>
    </ClInclude>
    <ClInclude Include="..\MoE3Template.h">
      <Filter>4-Instance\Template</Filter>
    </ClInclude>
    <ClInclude Include="..\MoE3Instance.h">
      <Filter>4-Instance</Filter>
    </ClInclude>
    <ClInclude Include="..\MoE3Material.h">
      <Filter>4-Instance\Material</Filter>
    </ClInclude>
  </ItemGroup>
  <ItemGroup>
    <ClCompile Include="..\FModel3d.cpp">
      <Filter>4-Instance\Model</Filter>
    </ClCompile>
    <ClCompile Include="..\FModel3dConsole.cpp">
      <Filter>4-Instance\Model</Filter>
    </ClCompile>
    <ClCompile Include="..\FTemplate3d.cpp">
      <Filter>4-Instance\Template</Filter>
    </ClCompile>
    <ClCompile Include="..\FTemplate3dConsole.cpp">
      <Filter>4-Instance\Template</Filter>
    </ClCompile>
    <ClCompile Include="..\FInstance3dConsole.cpp">
      <Filter>4-Instance</Filter>
    </ClCompile>
    <ClCompile Include="..\FAnimation3d.cpp">
      <Filter>3-Display</Filter>
    </ClCompile>
    <ClCompile Include="..\FBone3d.cpp">
      <Filter>3-Display</Filter>
    </ClCompile>
    <ClCompile Include="..\FDisplay3d.cpp">
      <Filter>3-Display</Filter>
    </ClCompile>
    <ClCompile Include="..\FRenderable3d.cpp">
      <Filter>3-Display</Filter>
    </ClCompile>
    <ClCompile Include="..\FTexture3dConsole.cpp">
      <Filter>4-Instance\Texture</Filter>
    </ClCompile>
    <ClCompile Include="..\FTexture3dBitmap.cpp">
      <Filter>4-Instance\Texture</Filter>
    </ClCompile>
    <ClCompile Include="..\FTexture3dTexture.cpp">
      <Filter>4-Instance\Texture</Filter>
    </ClCompile>
    <ClCompile Include="..\FMaterial3dConsole.cpp">
      <Filter>4-Instance\Material</Filter>
    </ClCompile>
    <ClCompile Include="..\FMaterial3d.cpp">
      <Filter>4-Instance\Material</Filter>
    </ClCompile>
    <ClCompile Include="..\FMaterial3dTexture.cpp">
      <Filter>4-Instance\Material</Filter>
    </ClCompile>
    <ClCompile Include="..\FTemplate3dRenderable.cpp">
      <Filter>4-Instance\Template</Filter>
    </ClCompile>
    <ClCompile Include="..\FModel3dGeometry.cpp">
      <Filter>4-Instance\Model</Filter>
    </ClCompile>
    <ClCompile Include="..\FScene3dConsole.cpp">
      <Filter>4-Instance\Scene</Filter>
    </ClCompile>
    <ClCompile Include="..\FScene3d.cpp">
      <Filter>4-Instance\Scene</Filter>
    </ClCompile>
    <ClCompile Include="..\FScene3dFrame.cpp">
      <Filter>4-Instance\Scene</Filter>
    </ClCompile>
    <ClCompile Include="..\MoEngine3d.cpp" />
    <ClCompile Include="..\FScene3dDisplay.cpp">
      <Filter>4-Instance\Scene</Filter>
    </ClCompile>
    <ClCompile Include="..\FScene3dMaterial.cpp">
      <Filter>4-Instance\Scene</Filter>
    </ClCompile>
    <ClCompile Include="..\FScene3dMovie.cpp">
      <Filter>4-Instance\Scene</Filter>
    </ClCompile>
    <ClCompile Include="..\FScene3dMovieRotation.cpp">
      <Filter>4-Instance\Scene</Filter>
    </ClCompile>
    <ClCompile Include="..\FDynamicModel3d.cpp">
      <Filter>4-Instance\Model</Filter>
    </ClCompile>
    <ClCompile Include="..\FDynamicModel3dGeometry.cpp">
      <Filter>4-Instance\Model</Filter>
    </ClCompile>
    <ClCompile Include="..\FModel3dRenderable.cpp">
      <Filter>4-Instance\Model</Filter>
    </ClCompile>
  </ItemGroup>
</Project>