<?xml version="1.0" encoding="utf-8"?>
<Project ToolsVersion="4.0" xmlns="http://schemas.microsoft.com/developer/msbuild/2003">
  <ItemGroup>
    <ClCompile Include="..\FEo2dColorEffect.cpp">
      <Filter>4-Engine\Technique\Effect</Filter>
    </ClCompile>
    <ClCompile Include="..\FEo2dTextureEffect.cpp">
      <Filter>4-Engine\Technique\Effect</Filter>
    </ClCompile>
    <ClCompile Include="..\FEo3dTextureEffect.cpp">
      <Filter>4-Engine\Technique\Effect</Filter>
    </ClCompile>
    <ClCompile Include="..\FEo3dSkeleton4Effect.cpp">
      <Filter>4-Engine\Technique\Effect</Filter>
    </ClCompile>
    <ClCompile Include="..\FEo3dSkeleton4Program.cpp">
      <Filter>4-Engine\Technique\Effect</Filter>
    </ClCompile>
    <ClCompile Include="..\MoPlatformOpenGLES2.cpp" />
    <ClCompile Include="..\FPlatformOpenGLES2Feature.cpp" />
    <ClCompile Include="..\FPoe2RenderDevice.cpp">
      <Filter>4-Engine\Render</Filter>
    </ClCompile>
  </ItemGroup>
  <ItemGroup>
    <ClInclude Include="..\MoPlatformOpenGLES2.h" />
    <ClInclude Include="..\MoPoe2Public.h">
      <Filter>1-Public</Filter>
    </ClInclude>
    <ClInclude Include="..\MoPoe2Common.h">
      <Filter>2-Common</Filter>
    </ClInclude>
    <ClInclude Include="..\MoPoe2Core.h">
      <Filter>3-Core</Filter>
    </ClInclude>
    <ClInclude Include="..\MoPoe2Render.h">
      <Filter>4-Engine</Filter>
    </ClInclude>
    <ClInclude Include="..\MoPoe2Technique.h">
      <Filter>4-Engine\Technique</Filter>
    </ClInclude>
  </ItemGroup>
  <ItemGroup>
    <Filter Include="1-Public">
      <UniqueIdentifier>{8a913ffc-cd0d-440e-a736-bbcebdc702ce}</UniqueIdentifier>
    </Filter>
    <Filter Include="2-Common">
      <UniqueIdentifier>{2be0ee66-41a3-4553-8138-93994f3a1657}</UniqueIdentifier>
    </Filter>
    <Filter Include="3-Core">
      <UniqueIdentifier>{d5af674d-487a-4089-bea2-ad7637fa0a07}</UniqueIdentifier>
    </Filter>
    <Filter Include="4-Engine">
      <UniqueIdentifier>{84889e2a-bc1a-4cbd-8930-5dde2a70770b}</UniqueIdentifier>
    </Filter>
    <Filter Include="4-Engine\Technique">
      <UniqueIdentifier>{b4de1252-c09f-43cf-8d87-a1d6c50c3568}</UniqueIdentifier>
    </Filter>
    <Filter Include="4-Engine\Render">
      <UniqueIdentifier>{f2bf932d-701a-4014-9dcb-8e3a5353426d}</UniqueIdentifier>
    </Filter>
    <Filter Include="4-Engine\Technique\Effect">
      <UniqueIdentifier>{35a78750-2628-4b8f-bac0-582c58471439}</UniqueIdentifier>
    </Filter>
  </ItemGroup>
</Project>