<?xml version="1.0" encoding="utf-8"?>
<Project ToolsVersion="4.0" xmlns="http://schemas.microsoft.com/developer/msbuild/2003">
  <ItemGroup>
    <ClCompile Include="..\MoPlatformDirectX11.cpp" />
    <ClCompile Include="..\RDirectX11.cpp">
      <Filter>3-Core</Filter>
    </ClCompile>
    <ClCompile Include="..\FPd11RenderCubeTexture.cpp">
      <Filter>4-Engine\Render</Filter>
    </ClCompile>
    <ClCompile Include="..\FPd11RenderDevice.cpp">
      <Filter>4-Engine\Render</Filter>
    </ClCompile>
    <ClCompile Include="..\FPd11RenderFlatTexture.cpp">
      <Filter>4-Engine\Render</Filter>
    </ClCompile>
    <ClCompile Include="..\FPd11RenderFragmentShader.cpp">
      <Filter>4-Engine\Render</Filter>
    </ClCompile>
    <ClCompile Include="..\FPd11RenderIndexBuffer.cpp">
      <Filter>4-Engine\Render</Filter>
    </ClCompile>
    <ClCompile Include="..\FPd11RenderProgram.cpp">
      <Filter>4-Engine\Render</Filter>
    </ClCompile>
    <ClCompile Include="..\FPd11RenderTarget.cpp">
      <Filter>4-Engine\Render</Filter>
    </ClCompile>
    <ClCompile Include="..\FPd11RenderVertexBuffer.cpp">
      <Filter>4-Engine\Render</Filter>
    </ClCompile>
    <ClCompile Include="..\FPd11RenderVertexShader.cpp">
      <Filter>4-Engine\Render</Filter>
    </ClCompile>
    <ClCompile Include="..\FPlatformDirectX11Feature.cpp" />
    <ClCompile Include="..\FPd11RenderShaderParameter.cpp">
      <Filter>4-Engine\Render</Filter>
    </ClCompile>
  </ItemGroup>
  <ItemGroup>
    <ClInclude Include="..\MoPlatformDirectX11.h" />
    <ClInclude Include="..\MoPd11Public.h">
      <Filter>1-Public</Filter>
    </ClInclude>
    <ClInclude Include="..\MoPd11Common.h">
      <Filter>2-Common</Filter>
    </ClInclude>
    <ClInclude Include="..\MoPd11Core.h">
      <Filter>3-Core</Filter>
    </ClInclude>
    <ClInclude Include="..\MoPd11Render.h">
      <Filter>4-Engine</Filter>
    </ClInclude>
  </ItemGroup>
  <ItemGroup>
    <Filter Include="1-Public">
      <UniqueIdentifier>{8a913ffc-cd0d-440e-a736-bbcebdc702ce}</UniqueIdentifier>
    </Filter>
    <Filter Include="2-Common">
      <UniqueIdentifier>{2be0ee66-41a3-4553-8138-93994f3a1657}</UniqueIdentifier>
    </Filter>
    <Filter Include="3-Core">
      <UniqueIdentifier>{d5af674d-487a-4089-bea2-ad7637fa0a07}</UniqueIdentifier>
    </Filter>
    <Filter Include="4-Engine">
      <UniqueIdentifier>{84889e2a-bc1a-4cbd-8930-5dde2a70770b}</UniqueIdentifier>
    </Filter>
    <Filter Include="4-Engine\Render">
      <UniqueIdentifier>{f2bf932d-701a-4014-9dcb-8e3a5353426d}</UniqueIdentifier>
    </Filter>
  </ItemGroup>
</Project>