<?xml version="1.0" encoding="utf-8"?>
<Project ToolsVersion="4.0" xmlns="http://schemas.microsoft.com/developer/msbuild/2003">
  <ItemGroup>
    <ClCompile Include="..\FRuntimeFrameConsole.cpp">
      <Filter>5-Runtime</Filter>
    </ClCompile>
    <ClCompile Include="..\FFmRuntimeWindow.cpp">
      <Filter>5-Runtime\Frame</Filter>
    </ClCompile>
    <ClCompile Include="..\FFmRuntimeBar.cpp">
      <Filter>5-Runtime\Frame</Filter>
    </ClCompile>
    <ClCompile Include="..\FUiCanvas.cpp">
      <Filter>3-Core</Filter>
    </ClCompile>
    <ClCompile Include="..\FUiControl.cpp">
      <Filter>3-Core</Filter>
    </ClCompile>
    <ClCompile Include="..\FUiControlContainer.cpp">
      <Filter>3-Core</Filter>
    </ClCompile>
    <ClCompile Include="..\FUiControlPool.cpp">
      <Filter>3-Core</Filter>
    </ClCompile>
    <ClCompile Include="..\FUiLabel.cpp">
      <Filter>4-Face\Control</Filter>
    </ClCompile>
    <ClCompile Include="..\FUiWindow.cpp">
      <Filter>4-Face\Frame</Filter>
    </ClCompile>
    <ClCompile Include="..\FUiForm.cpp">
      <Filter>4-Face\Frame</Filter>
    </ClCompile>
    <ClCompile Include="..\FUiBar.cpp">
      <Filter>4-Face\Frame</Filter>
    </ClCompile>
    <ClCompile Include="..\FUiButton.cpp">
      <Filter>4-Face\Control</Filter>
    </ClCompile>
    <ClCompile Include="..\FUiEdit.cpp">
      <Filter>4-Face\Control</Filter>
    </ClCompile>
    <ClCompile Include="..\FUiPage.cpp">
      <Filter>4-Face\Container</Filter>
    </ClCompile>
    <ClCompile Include="..\FUiPageControl.cpp">
      <Filter>4-Face\Container</Filter>
    </ClCompile>
    <ClCompile Include="..\FUiPanel.cpp">
      <Filter>4-Face\Container</Filter>
    </ClCompile>
    <ClCompile Include="..\FUiFrame.cpp">
      <Filter>3-Core</Filter>
    </ClCompile>
    <ClCompile Include="..\FUiControlConsole.cpp">
      <Filter>3-Core</Filter>
    </ClCompile>
    <ClCompile Include="..\FUiFrameConsole.cpp">
      <Filter>3-Core</Filter>
    </ClCompile>
    <ClCompile Include="..\FUiFaceConsole.cpp">
      <Filter>3-Core</Filter>
    </ClCompile>
    <ClCompile Include="..\SUiBorder.cpp">
      <Filter>3-Core</Filter>
    </ClCompile>
    <ClCompile Include="..\SUiFont.cpp">
      <Filter>3-Core</Filter>
    </ClCompile>
    <ClCompile Include="..\SUiLine.cpp">
      <Filter>3-Core</Filter>
    </ClCompile>
    <ClCompile Include="..\SUiPicture.cpp">
      <Filter>3-Core</Filter>
    </ClCompile>
    <ClCompile Include="..\RUiUtil.cpp">
      <Filter>3-Core</Filter>
    </ClCompile>
    <ClCompile Include="..\MoEngineFace.cpp" />
    <ClCompile Include="..\FUiStaticLabel.cpp">
      <Filter>4-Face\Control</Filter>
    </ClCompile>
    <ClCompile Include="..\FUiRadio.cpp">
      <Filter>4-Face\Control</Filter>
    </ClCompile>
    <ClCompile Include="..\FUiCheck.cpp">
      <Filter>4-Face\Control</Filter>
    </ClCompile>
    <ClCompile Include="..\FUiNumber.cpp">
      <Filter>4-Face\Control</Filter>
    </ClCompile>
    <ClCompile Include="..\FUiRichEdit.cpp">
      <Filter>4-Face\Control</Filter>
    </ClCompile>
    <ClCompile Include="..\FUiSlider.cpp">
      <Filter>4-Face\Control</Filter>
    </ClCompile>
    <ClCompile Include="..\FUiScrollBar.cpp">
      <Filter>4-Face\Control</Filter>
    </ClCompile>
    <ClCompile Include="..\FUiProgressBar.cpp">
      <Filter>4-Face\Control</Filter>
    </ClCompile>
    <ClCompile Include="..\FUiCalendar.cpp">
      <Filter>4-Face\Control</Filter>
    </ClCompile>
    <ClCompile Include="..\FUiPictureBox.cpp">
      <Filter>4-Face\Control</Filter>
    </ClCompile>
    <ClCompile Include="..\FUiFontBox.cpp">
      <Filter>4-Face\Control</Filter>
    </ClCompile>
    <ClCompile Include="..\FUiMovieBox.cpp">
      <Filter>4-Face\Control</Filter>
    </ClCompile>
    <ClCompile Include="..\FUiSlotItem.cpp">
      <Filter>4-Face\Control</Filter>
    </ClCompile>
    <ClCompile Include="..\FUiSlot.cpp">
      <Filter>4-Face\Control</Filter>
    </ClCompile>
    <ClCompile Include="..\FUiSelectItem.cpp">
      <Filter>4-Face\Container</Filter>
    </ClCompile>
    <ClCompile Include="..\FUiSelect.cpp">
      <Filter>4-Face\Container</Filter>
    </ClCompile>
    <ClCompile Include="..\FUiMenuItem.cpp">
      <Filter>4-Face\Container</Filter>
    </ClCompile>
    <ClCompile Include="..\FUiMenu.cpp">
      <Filter>4-Face\Container</Filter>
    </ClCompile>
    <ClCompile Include="..\FUiListItem.cpp">
      <Filter>4-Face\Container</Filter>
    </ClCompile>
    <ClCompile Include="..\FUiListView.cpp">
      <Filter>4-Face\Container</Filter>
    </ClCompile>
    <ClCompile Include="..\FUiTreeNodeType.cpp">
      <Filter>4-Face\Container</Filter>
    </ClCompile>
    <ClCompile Include="..\FUiTreeNodeLevel.cpp">
      <Filter>4-Face\Container</Filter>
    </ClCompile>
    <ClCompile Include="..\FUiTreeNode.cpp">
      <Filter>4-Face\Container</Filter>
    </ClCompile>
    <ClCompile Include="..\FUiTreeView.cpp">
      <Filter>4-Face\Container</Filter>
    </ClCompile>
    <ClCompile Include="..\FUiGridCell.cpp">
      <Filter>4-Face\Grid</Filter>
    </ClCompile>
    <ClCompile Include="..\FUiGridCellCheck.cpp">
      <Filter>4-Face\Grid</Filter>
    </ClCompile>
    <ClCompile Include="..\FUiGridCellNumber.cpp">
      <Filter>4-Face\Grid</Filter>
    </ClCompile>
    <ClCompile Include="..\FUiGridCellText.cpp">
      <Filter>4-Face\Grid</Filter>
    </ClCompile>
    <ClCompile Include="..\FUiGridRow.cpp">
      <Filter>4-Face\Grid</Filter>
    </ClCompile>
    <ClCompile Include="..\FUiGridColumn.cpp">
      <Filter>4-Face\Grid</Filter>
    </ClCompile>
    <ClCompile Include="..\FUiGridColumnCheck.cpp">
      <Filter>4-Face\Grid</Filter>
    </ClCompile>
    <ClCompile Include="..\FUiGridColumnNumber.cpp">
      <Filter>4-Face\Grid</Filter>
    </ClCompile>
    <ClCompile Include="..\FUiGridColumnText.cpp">
      <Filter>4-Face\Grid</Filter>
    </ClCompile>
    <ClCompile Include="..\FUiGridView.cpp">
      <Filter>4-Face\Grid</Filter>
    </ClCompile>
    <ClCompile Include="..\FUiWidget.cpp">
      <Filter>4-Face\Frame</Filter>
    </ClCompile>
  </ItemGroup>
  <ItemGroup>
    <ClInclude Include="..\MoFmRuntime.h">
      <Filter>5-Runtime</Filter>
    </ClInclude>
    <ClInclude Include="..\MoFmPublic.h">
      <Filter>1-Public</Filter>
    </ClInclude>
    <ClInclude Include="..\MoFmCommon.h">
      <Filter>2-Common</Filter>
    </ClInclude>
    <ClInclude Include="..\MoFmCore.h">
      <Filter>3-Core</Filter>
    </ClInclude>
    <ClInclude Include="..\MoFmFace.h">
      <Filter>4-Face</Filter>
    </ClInclude>
    <ClInclude Include="..\MoFmContainer.h">
      <Filter>4-Face\Container</Filter>
    </ClInclude>
    <ClInclude Include="..\MoFmControl.h">
      <Filter>4-Face\Control</Filter>
    </ClInclude>
    <ClInclude Include="..\MoFmFrame.h">
      <Filter>4-Face\Frame</Filter>
    </ClInclude>
    <ClInclude Include="..\MoEngineFace.h" />
  </ItemGroup>
  <ItemGroup>
    <Filter Include="1-Public">
      <UniqueIdentifier>{8a913ffc-cd0d-440e-a736-bbcebdc702ce}</UniqueIdentifier>
    </Filter>
    <Filter Include="2-Common">
      <UniqueIdentifier>{2be0ee66-41a3-4553-8138-93994f3a1657}</UniqueIdentifier>
    </Filter>
    <Filter Include="3-Core">
      <UniqueIdentifier>{d5af674d-487a-4089-bea2-ad7637fa0a07}</UniqueIdentifier>
    </Filter>
    <Filter Include="5-Runtime">
      <UniqueIdentifier>{9985e69d-ed74-455a-9ada-18d13150e093}</UniqueIdentifier>
    </Filter>
    <Filter Include="5-Runtime\Frame">
      <UniqueIdentifier>{0e3905d4-781e-4498-838a-df1b355ad593}</UniqueIdentifier>
    </Filter>
    <Filter Include="4-Face">
      <UniqueIdentifier>{60d31f99-c666-44fe-8d93-805ebf7fede6}</UniqueIdentifier>
    </Filter>
    <Filter Include="4-Face\Control">
      <UniqueIdentifier>{c0c96189-9c93-4631-b13c-cf52b4cdb0f6}</UniqueIdentifier>
    </Filter>
    <Filter Include="4-Face\Container">
      <UniqueIdentifier>{ef9fc45b-5c64-40ca-a8e3-606a85eb8bea}</UniqueIdentifier>
    </Filter>
    <Filter Include="4-Face\Frame">
      <UniqueIdentifier>{5062efcb-1c68-4d82-a3f6-20475174637d}</UniqueIdentifier>
    </Filter>
    <Filter Include="4-Face\Grid">
      <UniqueIdentifier>{71d335f7-af89-4e03-a20c-31fefa710703}</UniqueIdentifier>
    </Filter>
  </ItemGroup>
</Project>