<?xml version="1.0" encoding="utf-8"?>
<Project ToolsVersion="4.0" xmlns="http://schemas.microsoft.com/developer/msbuild/2003">
  <ItemGroup>
    <ClCompile Include="..\FPd10RenderCubeTexture.cpp">
      <Filter>4-Core\Render</Filter>
    </ClCompile>
    <ClCompile Include="..\FPd10RenderFlatTexture.cpp">
      <Filter>4-Core\Render</Filter>
    </ClCompile>
    <ClCompile Include="..\FPd10RenderFragmentShader.cpp">
      <Filter>4-Core\Render</Filter>
    </ClCompile>
    <ClCompile Include="..\FPd10RenderIndexBuffer.cpp">
      <Filter>4-Core\Render</Filter>
    </ClCompile>
    <ClCompile Include="..\FPd10RenderLayout.cpp">
      <Filter>4-Core\Render</Filter>
    </ClCompile>
    <ClCompile Include="..\FPd10RenderProgram.cpp">
      <Filter>4-Core\Render</Filter>
    </ClCompile>
    <ClCompile Include="..\FPd10RenderShaderBuffer.cpp">
      <Filter>4-Core\Render</Filter>
    </ClCompile>
    <ClCompile Include="..\FPd10RenderShaderParameter.cpp">
      <Filter>4-Core\Render</Filter>
    </ClCompile>
    <ClCompile Include="..\FPd10RenderTarget.cpp">
      <Filter>4-Core\Render</Filter>
    </ClCompile>
    <ClCompile Include="..\FPd10RenderVertexBuffer.cpp">
      <Filter>4-Core\Render</Filter>
    </ClCompile>
    <ClCompile Include="..\FPd10RenderVertexShader.cpp">
      <Filter>4-Core\Render</Filter>
    </ClCompile>
    <ClCompile Include="..\MoBridgeFeature.cpp" />
    <ClCompile Include="..\MoBfRenderDevice.cpp">
      <Filter>4-Core\Render</Filter>
    </ClCompile>
  </ItemGroup>
  <ItemGroup>
    <ClInclude Include="..\MoPd10Render.h">
      <Filter>4-Core</Filter>
    </ClInclude>
    <ClInclude Include="..\MoBridgeFeature.h" />
    <ClInclude Include="..\MoBfPublic.h">
      <Filter>1-Public</Filter>
    </ClInclude>
    <ClInclude Include="..\MoBfCommon.h">
      <Filter>2-Common</Filter>
    </ClInclude>
    <ClInclude Include="..\MoBfCore.h">
      <Filter>3-Core</Filter>
    </ClInclude>
  </ItemGroup>
  <ItemGroup>
    <Filter Include="1-Public">
      <UniqueIdentifier>{8a913ffc-cd0d-440e-a736-bbcebdc702ce}</UniqueIdentifier>
    </Filter>
    <Filter Include="2-Common">
      <UniqueIdentifier>{2be0ee66-41a3-4553-8138-93994f3a1657}</UniqueIdentifier>
    </Filter>
    <Filter Include="4-Core">
      <UniqueIdentifier>{84889e2a-bc1a-4cbd-8930-5dde2a70770b}</UniqueIdentifier>
    </Filter>
    <Filter Include="4-Core\Render">
      <UniqueIdentifier>{f2bf932d-701a-4014-9dcb-8e3a5353426d}</UniqueIdentifier>
    </Filter>
    <Filter Include="3-Core">
      <UniqueIdentifier>{fde6c187-3a66-49f0-a2a1-9f28a0075d58}</UniqueIdentifier>
    </Filter>
  </ItemGroup>
</Project>