<?xml version="1.0" encoding="utf-8"?>
<Project ToolsVersion="4.0" xmlns="http://schemas.microsoft.com/developer/msbuild/2003">
  <ItemGroup>
    <Filter Include="1-Public">
      <UniqueIdentifier>{fcdcb5ab-15cf-42bf-b4f8-c18b834412b2}</UniqueIdentifier>
    </Filter>
    <Filter Include="2-Common">
      <UniqueIdentifier>{93995380-89BD-4b04-88EB-625FBE52EBFB}</UniqueIdentifier>
      <Extensions>h;hpp;hxx;hm;inl;inc;xsd</Extensions>
    </Filter>
    <Filter Include="3-Display">
      <UniqueIdentifier>{4FC737F1-C7A5-4376-A066-2A32D752A2FF}</UniqueIdentifier>
      <Extensions>cpp;c;cc;cxx;def;odl;idl;hpj;bat;asm;asmx</Extensions>
    </Filter>
  </ItemGroup>
  <ItemGroup>
    <ClInclude Include="..\MoE2Public.h">
      <Filter>1-Public</Filter>
    </ClInclude>
    <ClInclude Include="..\MoE2Common.h">
      <Filter>2-Common</Filter>
    </ClInclude>
    <ClInclude Include="..\MoEngine2d.h" />
    <ClInclude Include="..\MoE2Display.h">
      <Filter>3-Display</Filter>
    </ClInclude>
  </ItemGroup>
  <ItemGroup>
    <ClCompile Include="..\MoEngine2d.cpp" />
    <ClCompile Include="..\FDisplay2dContainer.cpp">
      <Filter>3-Display</Filter>
    </ClCompile>
    <ClCompile Include="..\FDisplay2d.cpp">
      <Filter>3-Display</Filter>
    </ClCompile>
    <ClCompile Include="..\FDisplay2dConsole.cpp">
      <Filter>3-Display</Filter>
    </ClCompile>
    <ClCompile Include="..\FPicture.cpp">
      <Filter>3-Display</Filter>
    </ClCompile>
    <ClCompile Include="..\FMovie.cpp">
      <Filter>3-Display</Filter>
    </ClCompile>
    <ClCompile Include="..\FShape.cpp">
      <Filter>3-Display</Filter>
    </ClCompile>
    <ClCompile Include="..\FTailDisplay2d.cpp">
      <Filter>3-Display</Filter>
    </ClCompile>
    <ClCompile Include="..\FSprite.cpp">
      <Filter>3-Display</Filter>
    </ClCompile>
  </ItemGroup>
</Project>