<?xml version="1.0" encoding="utf-8"?>
<Project ToolsVersion="4.0" xmlns="http://schemas.microsoft.com/developer/msbuild/2003">
  <ItemGroup>
    <ClCompile Include="..\MoPlatformDirectX9.cpp" />
    <ClCompile Include="..\FPd9RenderCubeTexture.cpp">
      <Filter>4-Engine\Render</Filter>
    </ClCompile>
    <ClCompile Include="..\FPd9RenderDevice.cpp">
      <Filter>4-Engine\Render</Filter>
    </ClCompile>
    <ClCompile Include="..\FPd9RenderFlatTexture.cpp">
      <Filter>4-Engine\Render</Filter>
    </ClCompile>
    <ClCompile Include="..\FPd9RenderFragmentShader.cpp">
      <Filter>4-Engine\Render</Filter>
    </ClCompile>
    <ClCompile Include="..\FPd9RenderIndexBuffer.cpp">
      <Filter>4-Engine\Render</Filter>
    </ClCompile>
    <ClCompile Include="..\FPd9RenderLayout.cpp">
      <Filter>4-Engine\Render</Filter>
    </ClCompile>
    <ClCompile Include="..\FPd9RenderProgram.cpp">
      <Filter>4-Engine\Render</Filter>
    </ClCompile>
    <ClCompile Include="..\FPd9RenderShaderBuffer.cpp">
      <Filter>4-Engine\Render</Filter>
    </ClCompile>
    <ClCompile Include="..\FPd9RenderShaderParameter.cpp">
      <Filter>4-Engine\Render</Filter>
    </ClCompile>
    <ClCompile Include="..\FPd9RenderTarget.cpp">
      <Filter>4-Engine\Render</Filter>
    </ClCompile>
    <ClCompile Include="..\FPd9RenderVertexBuffer.cpp">
      <Filter>4-Engine\Render</Filter>
    </ClCompile>
    <ClCompile Include="..\FPd9RenderVertexShader.cpp">
      <Filter>4-Engine\Render</Filter>
    </ClCompile>
    <ClCompile Include="..\FPlatformDirectX9Feature.cpp" />
    <ClCompile Include="..\RDirectX9.cpp">
      <Filter>3-Core</Filter>
    </ClCompile>
  </ItemGroup>
  <ItemGroup>
    <ClInclude Include="..\MoPlatformDirectX9.h" />
    <ClInclude Include="..\MoPd9Public.h">
      <Filter>1-Public</Filter>
    </ClInclude>
    <ClInclude Include="..\MoPd9Common.h">
      <Filter>2-Common</Filter>
    </ClInclude>
    <ClInclude Include="..\MoPd9Core.h">
      <Filter>3-Core</Filter>
    </ClInclude>
    <ClInclude Include="..\MoPd9Render.h">
      <Filter>4-Engine</Filter>
    </ClInclude>
  </ItemGroup>
  <ItemGroup>
    <Filter Include="1-Public">
      <UniqueIdentifier>{8a913ffc-cd0d-440e-a736-bbcebdc702ce}</UniqueIdentifier>
    </Filter>
    <Filter Include="2-Common">
      <UniqueIdentifier>{2be0ee66-41a3-4553-8138-93994f3a1657}</UniqueIdentifier>
    </Filter>
    <Filter Include="3-Core">
      <UniqueIdentifier>{d5af674d-487a-4089-bea2-ad7637fa0a07}</UniqueIdentifier>
    </Filter>
    <Filter Include="4-Engine">
      <UniqueIdentifier>{84889e2a-bc1a-4cbd-8930-5dde2a70770b}</UniqueIdentifier>
    </Filter>
    <Filter Include="4-Engine\Render">
      <UniqueIdentifier>{f2bf932d-701a-4014-9dcb-8e3a5353426d}</UniqueIdentifier>
    </Filter>
  </ItemGroup>
  <ItemGroup>
    <None Include="MoPlatformDirectX9.def" />
  </ItemGroup>
</Project>