<?xml version="1.0" encoding="utf-8"?>
<Project ToolsVersion="4.0" xmlns="http://schemas.microsoft.com/developer/msbuild/2003">
  <ItemGroup>
    <ClInclude Include="..\MoFeaturePhysics.h" />
    <ClInclude Include="..\MoFpPublic.h">
      <Filter>1-Public</Filter>
    </ClInclude>
    <ClInclude Include="..\MoFpCommon.h">
      <Filter>2-Common</Filter>
    </ClInclude>
    <ClInclude Include="..\MoFpPhysics.h">
      <Filter>3-Core</Filter>
    </ClInclude>
  </ItemGroup>
  <ItemGroup>
    <Filter Include="1-Public">
      <UniqueIdentifier>{8a913ffc-cd0d-440e-a736-bbcebdc702ce}</UniqueIdentifier>
    </Filter>
    <Filter Include="2-Common">
      <UniqueIdentifier>{2be0ee66-41a3-4553-8138-93994f3a1657}</UniqueIdentifier>
    </Filter>
    <Filter Include="3-Core">
      <UniqueIdentifier>{fe4799f9-8342-4021-a1c5-a0f49bea57fa}</UniqueIdentifier>
    </Filter>
  </ItemGroup>
  <ItemGroup>
    <ClCompile Include="..\MoFeaturePhysics.cpp" />
    <ClCompile Include="..\TPhysics.cpp">
      <Filter>3-Core</Filter>
    </ClCompile>
    <ClCompile Include="..\TPhysicsCircleTrack.cpp">
      <Filter>3-Core</Filter>
    </ClCompile>
    <ClCompile Include="..\TPhysicsJump.cpp">
      <Filter>3-Core</Filter>
    </ClCompile>
    <ClCompile Include="..\TPhysicsSquareTrack.cpp">
      <Filter>3-Core</Filter>
    </ClCompile>
  </ItemGroup>
</Project>