<?xml version="1.0" encoding="utf-8"?>
<Project ToolsVersion="4.0" xmlns="http://schemas.microsoft.com/developer/msbuild/2003">
  <ItemGroup>
    <Filter Include="1-Public">
      <UniqueIdentifier>{ab9dffcf-79d3-4404-9838-4144b6872066}</UniqueIdentifier>
    </Filter>
    <Filter Include="2-Common">
      <UniqueIdentifier>{225ddb11-7b1f-4a50-8ec8-806f935bee84}</UniqueIdentifier>
    </Filter>
    <Filter Include="5-Format">
      <UniqueIdentifier>{740d4521-456a-45bb-a25a-484ca71a29d6}</UniqueIdentifier>
    </Filter>
    <Filter Include="3-Core">
      <UniqueIdentifier>{b4bfd49e-02a2-4b3a-b25b-8532fc9a2bf7}</UniqueIdentifier>
    </Filter>
    <Filter Include="4-Geom">
      <UniqueIdentifier>{0204643f-53fa-4c78-9d36-ffba6c793357}</UniqueIdentifier>
    </Filter>
    <Filter Include="4-Geom\Matrix">
      <UniqueIdentifier>{fece1b5f-8d11-4188-9365-bc0c4beba200}</UniqueIdentifier>
    </Filter>
    <Filter Include="4-Geom\Point">
      <UniqueIdentifier>{9c3ec4c2-32eb-4de1-b7bf-7266fb4f760a}</UniqueIdentifier>
    </Filter>
    <Filter Include="4-Geom\Vector">
      <UniqueIdentifier>{e85d4c47-e1b6-4f4d-a9d5-337e82131ef2}</UniqueIdentifier>
    </Filter>
    <Filter Include="4-Geom\Color">
      <UniqueIdentifier>{8f018441-2a1c-4011-8db1-1d323ad131ad}</UniqueIdentifier>
    </Filter>
    <Filter Include="4-Geom\Size">
      <UniqueIdentifier>{4c563709-b891-4ffd-b7bb-cac6c733ada9}</UniqueIdentifier>
    </Filter>
    <Filter Include="4-Geom\Padding">
      <UniqueIdentifier>{864e34e9-8f6f-4c90-92d1-c0335d4e412f}</UniqueIdentifier>
    </Filter>
    <Filter Include="4-Geom\Range">
      <UniqueIdentifier>{892a423f-5241-4ca4-b477-c6357559ee7d}</UniqueIdentifier>
    </Filter>
    <Filter Include="4-Geom\Rectangle">
      <UniqueIdentifier>{1eb29f26-b4b4-4587-a8cd-e0bd6e62a743}</UniqueIdentifier>
    </Filter>
    <Filter Include="3-Core\Float">
      <UniqueIdentifier>{c343406d-97a3-41a1-97bc-5f02c6eae267}</UniqueIdentifier>
    </Filter>
    <Filter Include="4-Geom\Outline">
      <UniqueIdentifier>{a35b3e05-c92c-4e51-8aa6-8921cf7d7871}</UniqueIdentifier>
    </Filter>
  </ItemGroup>
  <ItemGroup>
    <ClCompile Include="..\MoMath.cpp" />
    <ClCompile Include="..\SDoubleMatrix3d.cpp">
      <Filter>4-Geom\Matrix</Filter>
    </ClCompile>
    <ClCompile Include="..\SDoubleMatrix4x4.cpp">
      <Filter>4-Geom\Matrix</Filter>
    </ClCompile>
    <ClCompile Include="..\SDoublePoint2.cpp">
      <Filter>4-Geom\Point</Filter>
    </ClCompile>
    <ClCompile Include="..\SDoublePoint3.cpp">
      <Filter>4-Geom\Point</Filter>
    </ClCompile>
    <ClCompile Include="..\SDoublePoint4.cpp">
      <Filter>4-Geom\Point</Filter>
    </ClCompile>
    <ClCompile Include="..\SDoubleVector2.cpp">
      <Filter>4-Geom\Vector</Filter>
    </ClCompile>
    <ClCompile Include="..\SDoubleVector3.cpp">
      <Filter>4-Geom\Vector</Filter>
    </ClCompile>
    <ClCompile Include="..\SDoubleVector4.cpp">
      <Filter>4-Geom\Vector</Filter>
    </ClCompile>
    <ClCompile Include="..\SFloatColor4.cpp">
      <Filter>4-Geom\Color</Filter>
    </ClCompile>
    <ClCompile Include="..\SDoublePadding.cpp">
      <Filter>4-Geom\Padding</Filter>
    </ClCompile>
    <ClCompile Include="..\SDoubleRange.cpp">
      <Filter>4-Geom\Range</Filter>
    </ClCompile>
    <ClCompile Include="..\SDoubleRectangle.cpp">
      <Filter>4-Geom\Rectangle</Filter>
    </ClCompile>
    <ClCompile Include="..\SDoubleSize2.cpp">
      <Filter>4-Geom\Size</Filter>
    </ClCompile>
    <ClCompile Include="..\SDoubleSize3.cpp">
      <Filter>4-Geom\Size</Filter>
    </ClCompile>
    <ClCompile Include="..\SFloatMatrix3d.cpp">
      <Filter>4-Geom\Matrix</Filter>
    </ClCompile>
    <ClCompile Include="..\SFloatMatrix4x4.cpp">
      <Filter>4-Geom\Matrix</Filter>
    </ClCompile>
    <ClCompile Include="..\SFloatPadding.cpp">
      <Filter>4-Geom\Padding</Filter>
    </ClCompile>
    <ClCompile Include="..\SFloatPoint2.cpp">
      <Filter>4-Geom\Point</Filter>
    </ClCompile>
    <ClCompile Include="..\SFloatPoint3.cpp">
      <Filter>4-Geom\Point</Filter>
    </ClCompile>
    <ClCompile Include="..\SFloatPoint4.cpp">
      <Filter>4-Geom\Point</Filter>
    </ClCompile>
    <ClCompile Include="..\SFloatRange.cpp">
      <Filter>4-Geom\Range</Filter>
    </ClCompile>
    <ClCompile Include="..\SFloatRectangle.cpp">
      <Filter>4-Geom\Rectangle</Filter>
    </ClCompile>
    <ClCompile Include="..\SFloatSize2.cpp">
      <Filter>4-Geom\Size</Filter>
    </ClCompile>
    <ClCompile Include="..\SFloatSize3.cpp">
      <Filter>4-Geom\Size</Filter>
    </ClCompile>
    <ClCompile Include="..\SFloatVector2.cpp">
      <Filter>4-Geom\Vector</Filter>
    </ClCompile>
    <ClCompile Include="..\SFloatVector3.cpp">
      <Filter>4-Geom\Vector</Filter>
    </ClCompile>
    <ClCompile Include="..\SFloatVector4.cpp">
      <Filter>4-Geom\Vector</Filter>
    </ClCompile>
    <ClCompile Include="..\SIntPadding.cpp">
      <Filter>4-Geom\Padding</Filter>
    </ClCompile>
    <ClCompile Include="..\SIntPoint2.cpp">
      <Filter>4-Geom\Point</Filter>
    </ClCompile>
    <ClCompile Include="..\SIntPoint3.cpp">
      <Filter>4-Geom\Point</Filter>
    </ClCompile>
    <ClCompile Include="..\SIntPoint4.cpp">
      <Filter>4-Geom\Point</Filter>
    </ClCompile>
    <ClCompile Include="..\SIntVector2.cpp">
      <Filter>4-Geom\Vector</Filter>
    </ClCompile>
    <ClCompile Include="..\SIntVector3.cpp">
      <Filter>4-Geom\Vector</Filter>
    </ClCompile>
    <ClCompile Include="..\SIntVector4.cpp">
      <Filter>4-Geom\Vector</Filter>
    </ClCompile>
    <ClCompile Include="..\SIntSize2.cpp">
      <Filter>4-Geom\Size</Filter>
    </ClCompile>
    <ClCompile Include="..\SIntSize3.cpp">
      <Filter>4-Geom\Size</Filter>
    </ClCompile>
    <ClCompile Include="..\SIntRange.cpp">
      <Filter>4-Geom\Range</Filter>
    </ClCompile>
    <ClCompile Include="..\SIntRectangle.cpp">
      <Filter>4-Geom\Rectangle</Filter>
    </ClCompile>
    <ClCompile Include="..\RGeomUtil.cpp">
      <Filter>4-Geom</Filter>
    </ClCompile>
    <ClCompile Include="..\TFsFloatPoint3.cpp">
      <Filter>5-Format</Filter>
    </ClCompile>
    <ClCompile Include="..\TFsFloatRange.cpp">
      <Filter>5-Format</Filter>
    </ClCompile>
    <ClCompile Include="..\TFsFloatSize.cpp">
      <Filter>5-Format</Filter>
    </ClCompile>
    <ClCompile Include="..\TFsFloatVector3.cpp">
      <Filter>5-Format</Filter>
    </ClCompile>
    <ClCompile Include="..\TFsIntPoint2.cpp">
      <Filter>5-Format</Filter>
    </ClCompile>
    <ClCompile Include="..\TFsIntPoint3.cpp">
      <Filter>5-Format</Filter>
    </ClCompile>
    <ClCompile Include="..\TFsIntSize.cpp">
      <Filter>5-Format</Filter>
    </ClCompile>
    <ClCompile Include="..\SFloat4.cpp">
      <Filter>3-Core\Float</Filter>
    </ClCompile>
    <ClCompile Include="..\SFloatOutline3.cpp">
      <Filter>4-Geom\Outline</Filter>
    </ClCompile>
  </ItemGroup>
  <ItemGroup>
    <ClInclude Include="..\MoMath.h" />
    <ClInclude Include="..\MoMtPublic.h">
      <Filter>1-Public</Filter>
    </ClInclude>
    <ClInclude Include="..\MoMtCommon.h">
      <Filter>2-Common</Filter>
    </ClInclude>
    <ClInclude Include="..\MoMtGeom.h">
      <Filter>4-Geom</Filter>
    </ClInclude>
    <ClInclude Include="..\MoMtFormat.h">
      <Filter>5-Format</Filter>
    </ClInclude>
    <ClInclude Include="..\MoMtVector.h">
      <Filter>4-Geom</Filter>
    </ClInclude>
    <ClInclude Include="..\MoMtPoint.h">
      <Filter>4-Geom</Filter>
    </ClInclude>
    <ClInclude Include="..\MoMtMatrix.h">
      <Filter>4-Geom</Filter>
    </ClInclude>
    <ClInclude Include="..\MoMtQuaternion.h">
      <Filter>4-Geom</Filter>
    </ClInclude>
    <ClInclude Include="..\MoMtFloat.h">
      <Filter>3-Core</Filter>
    </ClInclude>
    <ClInclude Include="..\MoMtOutline.h">
      <Filter>4-Geom</Filter>
    </ClInclude>
    <ClInclude Include="..\MoMtSize.h">
      <Filter>4-Geom</Filter>
    </ClInclude>
  </ItemGroup>
</Project>