
Microsoft Visual Studio Solution File, Format Version 12.00
# Visual Studio 2012
Project("{2150E333-8FDC-42A3-9474-1A3956D46DE8}") = "1 - Common", "1 - Common", "{93FB3861-7F37-4CC6-AAD5-8F227A95DEE7}"
EndProject
Project("{2150E333-8FDC-42A3-9474-1A3956D46DE8}") = "2 - Core", "2 - Core", "{5E214773-FE93-4439-9D14-4FE30D4B1695}"
EndProject
Project("{2150E333-8FDC-42A3-9474-1A3956D46DE8}") = "5 - SNS", "5 - SNS", "{72752D73-26C0-43C2-B1EF-4FDB01C7EA7A}"
EndProject
Project("{2150E333-8FDC-42A3-9474-1A3956D46DE8}") = "4 - Mobile", "4 - Mobile", "{13716597-0978-45BA-B652-35FCC393C3E1}"
EndProject
Project("{2150E333-8FDC-42A3-9474-1A3956D46DE8}") = "Library", "Library", "{1F893E0D-17BC-4EB9-89F9-0B9F1B49B149}"
EndProject
Project("{FAE04EC0-301F-11D3-BF4B-00C04F79EFBC}") = "MoCommon", "1 - Common\MoCommon\MoCommon.csproj", "{199103BC-B3FE-4D93-9B02-0515EF4FB63D}"
EndProject
Project("{8BC9CEB8-8B4A-11D0-8D11-00A0C91BC942}") = "MoCompress", "1 - Common\MoCompress\MoCompress.vcxproj", "{B1A34040-3125-4381-88DD-D2F3A2ADAFD6}"
	ProjectSection(ProjectDependencies) = postProject
		{019DBD2A-273D-4BA4-BF86-B5EFE2ED76B1} = {019DBD2A-273D-4BA4-BF86-B5EFE2ED76B1}
		{199103BC-B3FE-4D93-9B02-0515EF4FB63D} = {199103BC-B3FE-4D93-9B02-0515EF4FB63D}
		{65E0E5D3-810E-4CCB-A972-0402BE66C40E} = {65E0E5D3-810E-4CCB-A972-0402BE66C40E}
	EndProjectSection
EndProject
Project("{FAE04EC0-301F-11D3-BF4B-00C04F79EFBC}") = "MoCore", "1 - Common\MoCore\MoCore.csproj", "{9CEC2262-F3E8-4880-B5D8-EF909958F0C6}"
EndProject
Project("{FAE04EC0-301F-11D3-BF4B-00C04F79EFBC}") = "MoDirect2d", "1 - Common\MoDirect2d\MoDirect2d.csproj", "{F996742E-5053-4630-BFED-E2906073FFC9}"
EndProject
Project("{FAE04EC0-301F-11D3-BF4B-00C04F79EFBC}") = "MoDirect3d", "1 - Common\MoDirect3d\MoDirect3d.csproj", "{5938E9ED-49A6-4254-BA2C-281F93F9A729}"
EndProject
Project("{FAE04EC0-301F-11D3-BF4B-00C04F79EFBC}") = "MoContent2d", "2 - Core\MoContent2d\MoContent2d.csproj", "{C294A5EA-C707-4CA9-A066-FB32967002DC}"
EndProject
Project("{FAE04EC0-301F-11D3-BF4B-00C04F79EFBC}") = "MoContent3d", "2 - Core\MoContent3d\MoContent3d.csproj", "{9CFF1D91-76BB-4AD0-AA5F-03BF332ABDDC}"
EndProject
Project("{FAE04EC0-301F-11D3-BF4B-00C04F79EFBC}") = "MoDesign2d", "2 - Core\MoDesign2d\MoDesign2d.csproj", "{7E0EE2E3-7CDA-4BDE-855E-5D2B44E1EA07}"
EndProject
Project("{FAE04EC0-301F-11D3-BF4B-00C04F79EFBC}") = "MoDesign3d", "2 - Core\MoDesign3d\MoDesign3d.csproj", "{E166487A-2E4E-43EA-9A8D-5F3F59D0334B}"
EndProject
Project("{FAE04EC0-301F-11D3-BF4B-00C04F79EFBC}") = "MpSnsResource2d", "5 - SNS\MpSnsResource2d\MpSnsResource2d.csproj", "{14072FAE-9EDE-471A-A761-B58B042171B0}"
EndProject
Project("{FAE04EC0-301F-11D3-BF4B-00C04F79EFBC}") = "MpSnsResource3d", "5 - SNS\MpSnsResource3d\MpSnsResource3d.csproj", "{1B3E04E0-62D1-4C7C-B9C6-A293370F1561}"
EndProject
Project("{FAE04EC0-301F-11D3-BF4B-00C04F79EFBC}") = "MoMobile", "4 - Mobile\MoMobile\MoMobile.csproj", "{541BDBA5-8361-4565-AD67-FDEE46B17727}"
EndProject
Project("{FAE04EC0-301F-11D3-BF4B-00C04F79EFBC}") = "MpMobileFrame", "4 - Mobile\MpMobileFrame\MpMobileFrame.csproj", "{6078250B-C84F-4653-9C00-94A121D72475}"
EndProject
Project("{FAE04EC0-301F-11D3-BF4B-00C04F79EFBC}") = "MpMobileMap", "4 - Mobile\MpMobileMap\MpMobileMap.csproj", "{51C5EE58-6E26-4128-9DE0-AD3730B60423}"
EndProject
Project("{FAE04EC0-301F-11D3-BF4B-00C04F79EFBC}") = "MpMobileResource", "4 - Mobile\MpMobileResource\MpMobileResource.csproj", "{486E443D-EBEC-47C1-95EA-1A571D7A5514}"
EndProject
Project("{FAE04EC0-301F-11D3-BF4B-00C04F79EFBC}") = "MpMobileTemplate", "4 - Mobile\MpMobileTemplate\MpMobileTemplate.csproj", "{9D5DEA5E-095C-4CA2-B14D-F1E32A471D4A}"
EndProject
Project("{2150E333-8FDC-42A3-9474-1A3956D46DE8}") = "5 - Demo", "5 - Demo", "{B43B2FF1-3A19-4516-9544-05B798DB0EB2}"
EndProject
Project("{FAE04EC0-301F-11D3-BF4B-00C04F79EFBC}") = "MpDemoResource3d", "5 - Demo\MpDemoResource3d\MpDemoResource3d.csproj", "{B3F045EE-E892-4CA1-8578-4771D66D0506}"
EndProject
Project("{2150E333-8FDC-42A3-9474-1A3956D46DE8}") = "9 - Utililty", "9 - Utililty", "{413EA769-2D60-4D55-AC12-05D427D10F98}"
EndProject
Project("{FAE04EC0-301F-11D3-BF4B-00C04F79EFBC}") = "MpProjectCheck", "9 - Utililty\MpProjectCheck\MpProjectCheck.csproj", "{4CB70649-D41D-420B-8036-5B203B98EBEF}"
EndProject
Project("{FAE04EC0-301F-11D3-BF4B-00C04F79EFBC}") = "MpProjectFilter", "9 - Utililty\MpProjectFilter\MpProjectFilter.csproj", "{055808CD-E5B9-4502-B6D3-199659005E43}"
EndProject
Project("{FAE04EC0-301F-11D3-BF4B-00C04F79EFBC}") = "MpProfileLogger", "9 - Utililty\MpProfileLogger\MpProfileLogger.csproj", "{71F69800-F7F0-4A5B-85B1-B3DDA68C505C}"
EndProject
Project("{8BC9CEB8-8B4A-11D0-8D11-00A0C91BC942}") = "LibLzma", "..\Source\Library\LibLzma\vcproject\LibLzma.vcxproj", "{65E0E5D3-810E-4CCB-A972-0402BE66C40E}"
EndProject
Project("{8BC9CEB8-8B4A-11D0-8D11-00A0C91BC942}") = "LibJpeg", "..\Source\Library\LibJpeg\vcproject\LibJpeg.vcxproj", "{019DBD2A-273D-4BA4-BF86-B5EFE2ED76B1}"
EndProject
Global
	GlobalSection(SolutionConfigurationPlatforms) = preSolution
		Debug|Any CPU = Debug|Any CPU
		Debug|Mixed Platforms = Debug|Mixed Platforms
		Debug|Win32 = Debug|Win32
		Debug|x64 = Debug|x64
		Debug|x86 = Debug|x86
		Release|Any CPU = Release|Any CPU
		Release|Mixed Platforms = Release|Mixed Platforms
		Release|Win32 = Release|Win32
		Release|x64 = Release|x64
		Release|x86 = Release|x86
	EndGlobalSection
	GlobalSection(ProjectConfigurationPlatforms) = postSolution
		{199103BC-B3FE-4D93-9B02-0515EF4FB63D}.Debug|Any CPU.ActiveCfg = Debug|Any CPU
		{199103BC-B3FE-4D93-9B02-0515EF4FB63D}.Debug|Any CPU.Build.0 = Debug|Any CPU
		{199103BC-B3FE-4D93-9B02-0515EF4FB63D}.Debug|Mixed Platforms.ActiveCfg = Debug|x86
		{199103BC-B3FE-4D93-9B02-0515EF4FB63D}.Debug|Mixed Platforms.Build.0 = Debug|x86
		{199103BC-B3FE-4D93-9B02-0515EF4FB63D}.Debug|Win32.ActiveCfg = Debug|x86
		{199103BC-B3FE-4D93-9B02-0515EF4FB63D}.Debug|Win32.Build.0 = Debug|x86
		{199103BC-B3FE-4D93-9B02-0515EF4FB63D}.Debug|x64.ActiveCfg = Debug|x64
		{199103BC-B3FE-4D93-9B02-0515EF4FB63D}.Debug|x64.Build.0 = Debug|x64
		{199103BC-B3FE-4D93-9B02-0515EF4FB63D}.Debug|x86.ActiveCfg = Debug|x86
		{199103BC-B3FE-4D93-9B02-0515EF4FB63D}.Debug|x86.Build.0 = Debug|x86
		{199103BC-B3FE-4D93-9B02-0515EF4FB63D}.Release|Any CPU.ActiveCfg = Release|Any CPU
		{199103BC-B3FE-4D93-9B02-0515EF4FB63D}.Release|Any CPU.Build.0 = Release|Any CPU
		{199103BC-B3FE-4D93-9B02-0515EF4FB63D}.Release|Mixed Platforms.ActiveCfg = Release|x86
		{199103BC-B3FE-4D93-9B02-0515EF4FB63D}.Release|Mixed Platforms.Build.0 = Release|x86
		{199103BC-B3FE-4D93-9B02-0515EF4FB63D}.Release|Win32.ActiveCfg = Release|x86
		{199103BC-B3FE-4D93-9B02-0515EF4FB63D}.Release|Win32.Build.0 = Release|x86
		{199103BC-B3FE-4D93-9B02-0515EF4FB63D}.Release|x64.ActiveCfg = Release|x64
		{199103BC-B3FE-4D93-9B02-0515EF4FB63D}.Release|x64.Build.0 = Release|x64
		{199103BC-B3FE-4D93-9B02-0515EF4FB63D}.Release|x86.ActiveCfg = Release|x86
		{199103BC-B3FE-4D93-9B02-0515EF4FB63D}.Release|x86.Build.0 = Release|x86
		{B1A34040-3125-4381-88DD-D2F3A2ADAFD6}.Debug|Any CPU.ActiveCfg = Debug|Win32
		{B1A34040-3125-4381-88DD-D2F3A2ADAFD6}.Debug|Mixed Platforms.ActiveCfg = Debug|Win32
		{B1A34040-3125-4381-88DD-D2F3A2ADAFD6}.Debug|Mixed Platforms.Build.0 = Debug|Win32
		{B1A34040-3125-4381-88DD-D2F3A2ADAFD6}.Debug|Win32.ActiveCfg = Debug|Win32
		{B1A34040-3125-4381-88DD-D2F3A2ADAFD6}.Debug|Win32.Build.0 = Debug|Win32
		{B1A34040-3125-4381-88DD-D2F3A2ADAFD6}.Debug|x64.ActiveCfg = Debug|x64
		{B1A34040-3125-4381-88DD-D2F3A2ADAFD6}.Debug|x64.Build.0 = Debug|x64
		{B1A34040-3125-4381-88DD-D2F3A2ADAFD6}.Debug|x86.ActiveCfg = Debug|Win32
		{B1A34040-3125-4381-88DD-D2F3A2ADAFD6}.Debug|x86.Build.0 = Debug|Win32
		{B1A34040-3125-4381-88DD-D2F3A2ADAFD6}.Release|Any CPU.ActiveCfg = Release|Win32
		{B1A34040-3125-4381-88DD-D2F3A2ADAFD6}.Release|Mixed Platforms.ActiveCfg = Release|Win32
		{B1A34040-3125-4381-88DD-D2F3A2ADAFD6}.Release|Mixed Platforms.Build.0 = Release|Win32
		{B1A34040-3125-4381-88DD-D2F3A2ADAFD6}.Release|Win32.ActiveCfg = Release|Win32
		{B1A34040-3125-4381-88DD-D2F3A2ADAFD6}.Release|Win32.Build.0 = Release|Win32
		{B1A34040-3125-4381-88DD-D2F3A2ADAFD6}.Release|x64.ActiveCfg = Release|x64
		{B1A34040-3125-4381-88DD-D2F3A2ADAFD6}.Release|x64.Build.0 = Release|x64
		{B1A34040-3125-4381-88DD-D2F3A2ADAFD6}.Release|x86.ActiveCfg = Release|Win32
		{B1A34040-3125-4381-88DD-D2F3A2ADAFD6}.Release|x86.Build.0 = Release|Win32
		{9CEC2262-F3E8-4880-B5D8-EF909958F0C6}.Debug|Any CPU.ActiveCfg = Debug|Any CPU
		{9CEC2262-F3E8-4880-B5D8-EF909958F0C6}.Debug|Any CPU.Build.0 = Debug|Any CPU
		{9CEC2262-F3E8-4880-B5D8-EF909958F0C6}.Debug|Mixed Platforms.ActiveCfg = Debug|x86
		{9CEC2262-F3E8-4880-B5D8-EF909958F0C6}.Debug|Mixed Platforms.Build.0 = Debug|x86
		{9CEC2262-F3E8-4880-B5D8-EF909958F0C6}.Debug|Win32.ActiveCfg = Debug|x86
		{9CEC2262-F3E8-4880-B5D8-EF909958F0C6}.Debug|Win32.Build.0 = Debug|x86
		{9CEC2262-F3E8-4880-B5D8-EF909958F0C6}.Debug|x64.ActiveCfg = Debug|x64
		{9CEC2262-F3E8-4880-B5D8-EF909958F0C6}.Debug|x64.Build.0 = Debug|x64
		{9CEC2262-F3E8-4880-B5D8-EF909958F0C6}.Debug|x86.ActiveCfg = Debug|x86
		{9CEC2262-F3E8-4880-B5D8-EF909958F0C6}.Debug|x86.Build.0 = Debug|x86
		{9CEC2262-F3E8-4880-B5D8-EF909958F0C6}.Release|Any CPU.ActiveCfg = Release|Any CPU
		{9CEC2262-F3E8-4880-B5D8-EF909958F0C6}.Release|Any CPU.Build.0 = Release|Any CPU
		{9CEC2262-F3E8-4880-B5D8-EF909958F0C6}.Release|Mixed Platforms.ActiveCfg = Release|x86
		{9CEC2262-F3E8-4880-B5D8-EF909958F0C6}.Release|Mixed Platforms.Build.0 = Release|x86
		{9CEC2262-F3E8-4880-B5D8-EF909958F0C6}.Release|Win32.ActiveCfg = Release|x86
		{9CEC2262-F3E8-4880-B5D8-EF909958F0C6}.Release|Win32.Build.0 = Release|x86
		{9CEC2262-F3E8-4880-B5D8-EF909958F0C6}.Release|x64.ActiveCfg = Release|x64
		{9CEC2262-F3E8-4880-B5D8-EF909958F0C6}.Release|x64.Build.0 = Release|x64
		{9CEC2262-F3E8-4880-B5D8-EF909958F0C6}.Release|x86.ActiveCfg = Release|x86
		{9CEC2262-F3E8-4880-B5D8-EF909958F0C6}.Release|x86.Build.0 = Release|x86
		{F996742E-5053-4630-BFED-E2906073FFC9}.Debug|Any CPU.ActiveCfg = Debug|Any CPU
		{F996742E-5053-4630-BFED-E2906073FFC9}.Debug|Any CPU.Build.0 = Debug|Any CPU
		{F996742E-5053-4630-BFED-E2906073FFC9}.Debug|Mixed Platforms.ActiveCfg = Debug|x86
		{F996742E-5053-4630-BFED-E2906073FFC9}.Debug|Mixed Platforms.Build.0 = Debug|x86
		{F996742E-5053-4630-BFED-E2906073FFC9}.Debug|Win32.ActiveCfg = Debug|x86
		{F996742E-5053-4630-BFED-E2906073FFC9}.Debug|Win32.Build.0 = Debug|x86
		{F996742E-5053-4630-BFED-E2906073FFC9}.Debug|x64.ActiveCfg = Debug|x64
		{F996742E-5053-4630-BFED-E2906073FFC9}.Debug|x64.Build.0 = Debug|x64
		{F996742E-5053-4630-BFED-E2906073FFC9}.Debug|x86.ActiveCfg = Debug|x86
		{F996742E-5053-4630-BFED-E2906073FFC9}.Debug|x86.Build.0 = Debug|x86
		{F996742E-5053-4630-BFED-E2906073FFC9}.Release|Any CPU.ActiveCfg = Release|Any CPU
		{F996742E-5053-4630-BFED-E2906073FFC9}.Release|Any CPU.Build.0 = Release|Any CPU
		{F996742E-5053-4630-BFED-E2906073FFC9}.Release|Mixed Platforms.ActiveCfg = Release|x86
		{F996742E-5053-4630-BFED-E2906073FFC9}.Release|Mixed Platforms.Build.0 = Release|x86
		{F996742E-5053-4630-BFED-E2906073FFC9}.Release|Win32.ActiveCfg = Release|x86
		{F996742E-5053-4630-BFED-E2906073FFC9}.Release|Win32.Build.0 = Release|x86
		{F996742E-5053-4630-BFED-E2906073FFC9}.Release|x64.ActiveCfg = Release|x64
		{F996742E-5053-4630-BFED-E2906073FFC9}.Release|x64.Build.0 = Release|x64
		{F996742E-5053-4630-BFED-E2906073FFC9}.Release|x86.ActiveCfg = Release|x86
		{F996742E-5053-4630-BFED-E2906073FFC9}.Release|x86.Build.0 = Release|x86
		{5938E9ED-49A6-4254-BA2C-281F93F9A729}.Debug|Any CPU.ActiveCfg = Debug|Any CPU
		{5938E9ED-49A6-4254-BA2C-281F93F9A729}.Debug|Any CPU.Build.0 = Debug|Any CPU
		{5938E9ED-49A6-4254-BA2C-281F93F9A729}.Debug|Mixed Platforms.ActiveCfg = Debug|x86
		{5938E9ED-49A6-4254-BA2C-281F93F9A729}.Debug|Mixed Platforms.Build.0 = Debug|x86
		{5938E9ED-49A6-4254-BA2C-281F93F9A729}.Debug|Win32.ActiveCfg = Debug|x86
		{5938E9ED-49A6-4254-BA2C-281F93F9A729}.Debug|Win32.Build.0 = Debug|x86
		{5938E9ED-49A6-4254-BA2C-281F93F9A729}.Debug|x64.ActiveCfg = Debug|x64
		{5938E9ED-49A6-4254-BA2C-281F93F9A729}.Debug|x64.Build.0 = Debug|x64
		{5938E9ED-49A6-4254-BA2C-281F93F9A729}.Debug|x86.ActiveCfg = Debug|x86
		{5938E9ED-49A6-4254-BA2C-281F93F9A729}.Debug|x86.Build.0 = Debug|x86
		{5938E9ED-49A6-4254-BA2C-281F93F9A729}.Release|Any CPU.ActiveCfg = Release|Any CPU
		{5938E9ED-49A6-4254-BA2C-281F93F9A729}.Release|Any CPU.Build.0 = Release|Any CPU
		{5938E9ED-49A6-4254-BA2C-281F93F9A729}.Release|Mixed Platforms.ActiveCfg = Release|x86
		{5938E9ED-49A6-4254-BA2C-281F93F9A729}.Release|Mixed Platforms.Build.0 = Release|x86
		{5938E9ED-49A6-4254-BA2C-281F93F9A729}.Release|Win32.ActiveCfg = Release|x86
		{5938E9ED-49A6-4254-BA2C-281F93F9A729}.Release|Win32.Build.0 = Release|x86
		{5938E9ED-49A6-4254-BA2C-281F93F9A729}.Release|x64.ActiveCfg = Release|x64
		{5938E9ED-49A6-4254-BA2C-281F93F9A729}.Release|x64.Build.0 = Release|x64
		{5938E9ED-49A6-4254-BA2C-281F93F9A729}.Release|x86.ActiveCfg = Release|x86
		{5938E9ED-49A6-4254-BA2C-281F93F9A729}.Release|x86.Build.0 = Release|x86
		{C294A5EA-C707-4CA9-A066-FB32967002DC}.Debug|Any CPU.ActiveCfg = Debug|Any CPU
		{C294A5EA-C707-4CA9-A066-FB32967002DC}.Debug|Any CPU.Build.0 = Debug|Any CPU
		{C294A5EA-C707-4CA9-A066-FB32967002DC}.Debug|Mixed Platforms.ActiveCfg = Debug|x86
		{C294A5EA-C707-4CA9-A066-FB32967002DC}.Debug|Mixed Platforms.Build.0 = Debug|x86
		{C294A5EA-C707-4CA9-A066-FB32967002DC}.Debug|Win32.ActiveCfg = Debug|x86
		{C294A5EA-C707-4CA9-A066-FB32967002DC}.Debug|Win32.Build.0 = Debug|x86
		{C294A5EA-C707-4CA9-A066-FB32967002DC}.Debug|x64.ActiveCfg = Debug|x64
		{C294A5EA-C707-4CA9-A066-FB32967002DC}.Debug|x64.Build.0 = Debug|x64
		{C294A5EA-C707-4CA9-A066-FB32967002DC}.Debug|x86.ActiveCfg = Debug|x86
		{C294A5EA-C707-4CA9-A066-FB32967002DC}.Debug|x86.Build.0 = Debug|x86
		{C294A5EA-C707-4CA9-A066-FB32967002DC}.Release|Any CPU.ActiveCfg = Release|Any CPU
		{C294A5EA-C707-4CA9-A066-FB32967002DC}.Release|Any CPU.Build.0 = Release|Any CPU
		{C294A5EA-C707-4CA9-A066-FB32967002DC}.Release|Mixed Platforms.ActiveCfg = Release|x86
		{C294A5EA-C707-4CA9-A066-FB32967002DC}.Release|Mixed Platforms.Build.0 = Release|x86
		{C294A5EA-C707-4CA9-A066-FB32967002DC}.Release|Win32.ActiveCfg = Release|x86
		{C294A5EA-C707-4CA9-A066-FB32967002DC}.Release|Win32.Build.0 = Release|x86
		{C294A5EA-C707-4CA9-A066-FB32967002DC}.Release|x64.ActiveCfg = Release|x64
		{C294A5EA-C707-4CA9-A066-FB32967002DC}.Release|x64.Build.0 = Release|x64
		{C294A5EA-C707-4CA9-A066-FB32967002DC}.Release|x86.ActiveCfg = Release|x86
		{C294A5EA-C707-4CA9-A066-FB32967002DC}.Release|x86.Build.0 = Release|x86
		{9CFF1D91-76BB-4AD0-AA5F-03BF332ABDDC}.Debug|Any CPU.ActiveCfg = Debug|Any CPU
		{9CFF1D91-76BB-4AD0-AA5F-03BF332ABDDC}.Debug|Any CPU.Build.0 = Debug|Any CPU
		{9CFF1D91-76BB-4AD0-AA5F-03BF332ABDDC}.Debug|Mixed Platforms.ActiveCfg = Debug|x86
		{9CFF1D91-76BB-4AD0-AA5F-03BF332ABDDC}.Debug|Mixed Platforms.Build.0 = Debug|x86
		{9CFF1D91-76BB-4AD0-AA5F-03BF332ABDDC}.Debug|Win32.ActiveCfg = Debug|x86
		{9CFF1D91-76BB-4AD0-AA5F-03BF332ABDDC}.Debug|Win32.Build.0 = Debug|x86
		{9CFF1D91-76BB-4AD0-AA5F-03BF332ABDDC}.Debug|x64.ActiveCfg = Debug|x64
		{9CFF1D91-76BB-4AD0-AA5F-03BF332ABDDC}.Debug|x64.Build.0 = Debug|x64
		{9CFF1D91-76BB-4AD0-AA5F-03BF332ABDDC}.Debug|x86.ActiveCfg = Debug|x86
		{9CFF1D91-76BB-4AD0-AA5F-03BF332ABDDC}.Debug|x86.Build.0 = Debug|x86
		{9CFF1D91-76BB-4AD0-AA5F-03BF332ABDDC}.Release|Any CPU.ActiveCfg = Release|Any CPU
		{9CFF1D91-76BB-4AD0-AA5F-03BF332ABDDC}.Release|Any CPU.Build.0 = Release|Any CPU
		{9CFF1D91-76BB-4AD0-AA5F-03BF332ABDDC}.Release|Mixed Platforms.ActiveCfg = Release|x86
		{9CFF1D91-76BB-4AD0-AA5F-03BF332ABDDC}.Release|Mixed Platforms.Build.0 = Release|x86
		{9CFF1D91-76BB-4AD0-AA5F-03BF332ABDDC}.Release|Win32.ActiveCfg = Release|x86
		{9CFF1D91-76BB-4AD0-AA5F-03BF332ABDDC}.Release|Win32.Build.0 = Release|x86
		{9CFF1D91-76BB-4AD0-AA5F-03BF332ABDDC}.Release|x64.ActiveCfg = Release|x64
		{9CFF1D91-76BB-4AD0-AA5F-03BF332ABDDC}.Release|x64.Build.0 = Release|x64
		{9CFF1D91-76BB-4AD0-AA5F-03BF332ABDDC}.Release|x86.ActiveCfg = Release|x86
		{9CFF1D91-76BB-4AD0-AA5F-03BF332ABDDC}.Release|x86.Build.0 = Release|x86
		{7E0EE2E3-7CDA-4BDE-855E-5D2B44E1EA07}.Debug|Any CPU.ActiveCfg = Debug|Any CPU
		{7E0EE2E3-7CDA-4BDE-855E-5D2B44E1EA07}.Debug|Any CPU.Build.0 = Debug|Any CPU
		{7E0EE2E3-7CDA-4BDE-855E-5D2B44E1EA07}.Debug|Mixed Platforms.ActiveCfg = Debug|x86
		{7E0EE2E3-7CDA-4BDE-855E-5D2B44E1EA07}.Debug|Mixed Platforms.Build.0 = Debug|x86
		{7E0EE2E3-7CDA-4BDE-855E-5D2B44E1EA07}.Debug|Win32.ActiveCfg = Debug|x86
		{7E0EE2E3-7CDA-4BDE-855E-5D2B44E1EA07}.Debug|Win32.Build.0 = Debug|x86
		{7E0EE2E3-7CDA-4BDE-855E-5D2B44E1EA07}.Debug|x64.ActiveCfg = Debug|x64
		{7E0EE2E3-7CDA-4BDE-855E-5D2B44E1EA07}.Debug|x64.Build.0 = Debug|x64
		{7E0EE2E3-7CDA-4BDE-855E-5D2B44E1EA07}.Debug|x86.ActiveCfg = Debug|x86
		{7E0EE2E3-7CDA-4BDE-855E-5D2B44E1EA07}.Debug|x86.Build.0 = Debug|x86
		{7E0EE2E3-7CDA-4BDE-855E-5D2B44E1EA07}.Release|Any CPU.ActiveCfg = Release|Any CPU
		{7E0EE2E3-7CDA-4BDE-855E-5D2B44E1EA07}.Release|Any CPU.Build.0 = Release|Any CPU
		{7E0EE2E3-7CDA-4BDE-855E-5D2B44E1EA07}.Release|Mixed Platforms.ActiveCfg = Release|x86
		{7E0EE2E3-7CDA-4BDE-855E-5D2B44E1EA07}.Release|Mixed Platforms.Build.0 = Release|x86
		{7E0EE2E3-7CDA-4BDE-855E-5D2B44E1EA07}.Release|Win32.ActiveCfg = Release|x86
		{7E0EE2E3-7CDA-4BDE-855E-5D2B44E1EA07}.Release|Win32.Build.0 = Release|x86
		{7E0EE2E3-7CDA-4BDE-855E-5D2B44E1EA07}.Release|x64.ActiveCfg = Release|x64
		{7E0EE2E3-7CDA-4BDE-855E-5D2B44E1EA07}.Release|x64.Build.0 = Release|x64
		{7E0EE2E3-7CDA-4BDE-855E-5D2B44E1EA07}.Release|x86.ActiveCfg = Release|x86
		{7E0EE2E3-7CDA-4BDE-855E-5D2B44E1EA07}.Release|x86.Build.0 = Release|x86
		{E166487A-2E4E-43EA-9A8D-5F3F59D0334B}.Debug|Any CPU.ActiveCfg = Debug|Any CPU
		{E166487A-2E4E-43EA-9A8D-5F3F59D0334B}.Debug|Any CPU.Build.0 = Debug|Any CPU
		{E166487A-2E4E-43EA-9A8D-5F3F59D0334B}.Debug|Mixed Platforms.ActiveCfg = Debug|x86
		{E166487A-2E4E-43EA-9A8D-5F3F59D0334B}.Debug|Mixed Platforms.Build.0 = Debug|x86
		{E166487A-2E4E-43EA-9A8D-5F3F59D0334B}.Debug|Win32.ActiveCfg = Debug|x86
		{E166487A-2E4E-43EA-9A8D-5F3F59D0334B}.Debug|Win32.Build.0 = Debug|x86
		{E166487A-2E4E-43EA-9A8D-5F3F59D0334B}.Debug|x64.ActiveCfg = Debug|x64
		{E166487A-2E4E-43EA-9A8D-5F3F59D0334B}.Debug|x64.Build.0 = Debug|x64
		{E166487A-2E4E-43EA-9A8D-5F3F59D0334B}.Debug|x86.ActiveCfg = Debug|x86
		{E166487A-2E4E-43EA-9A8D-5F3F59D0334B}.Debug|x86.Build.0 = Debug|x86
		{E166487A-2E4E-43EA-9A8D-5F3F59D0334B}.Release|Any CPU.ActiveCfg = Release|Any CPU
		{E166487A-2E4E-43EA-9A8D-5F3F59D0334B}.Release|Any CPU.Build.0 = Release|Any CPU
		{E166487A-2E4E-43EA-9A8D-5F3F59D0334B}.Release|Mixed Platforms.ActiveCfg = Release|x86
		{E166487A-2E4E-43EA-9A8D-5F3F59D0334B}.Release|Mixed Platforms.Build.0 = Release|x86
		{E166487A-2E4E-43EA-9A8D-5F3F59D0334B}.Release|Win32.ActiveCfg = Release|x86
		{E166487A-2E4E-43EA-9A8D-5F3F59D0334B}.Release|Win32.Build.0 = Release|x86
		{E166487A-2E4E-43EA-9A8D-5F3F59D0334B}.Release|x64.ActiveCfg = Release|x64
		{E166487A-2E4E-43EA-9A8D-5F3F59D0334B}.Release|x64.Build.0 = Release|x64
		{E166487A-2E4E-43EA-9A8D-5F3F59D0334B}.Release|x86.ActiveCfg = Release|x86
		{E166487A-2E4E-43EA-9A8D-5F3F59D0334B}.Release|x86.Build.0 = Release|x86
		{14072FAE-9EDE-471A-A761-B58B042171B0}.Debug|Any CPU.ActiveCfg = Debug|x86
		{14072FAE-9EDE-471A-A761-B58B042171B0}.Debug|Mixed Platforms.ActiveCfg = Debug|x86
		{14072FAE-9EDE-471A-A761-B58B042171B0}.Debug|Mixed Platforms.Build.0 = Debug|x86
		{14072FAE-9EDE-471A-A761-B58B042171B0}.Debug|Win32.ActiveCfg = Debug|x86
		{14072FAE-9EDE-471A-A761-B58B042171B0}.Debug|Win32.Build.0 = Debug|x86
		{14072FAE-9EDE-471A-A761-B58B042171B0}.Debug|x64.ActiveCfg = Debug|x64
		{14072FAE-9EDE-471A-A761-B58B042171B0}.Debug|x64.Build.0 = Debug|x64
		{14072FAE-9EDE-471A-A761-B58B042171B0}.Debug|x86.ActiveCfg = Debug|x86
		{14072FAE-9EDE-471A-A761-B58B042171B0}.Debug|x86.Build.0 = Debug|x86
		{14072FAE-9EDE-471A-A761-B58B042171B0}.Release|Any CPU.ActiveCfg = Release|x86
		{14072FAE-9EDE-471A-A761-B58B042171B0}.Release|Mixed Platforms.ActiveCfg = Release|x86
		{14072FAE-9EDE-471A-A761-B58B042171B0}.Release|Mixed Platforms.Build.0 = Release|x86
		{14072FAE-9EDE-471A-A761-B58B042171B0}.Release|Win32.ActiveCfg = Release|x86
		{14072FAE-9EDE-471A-A761-B58B042171B0}.Release|Win32.Build.0 = Release|x86
		{14072FAE-9EDE-471A-A761-B58B042171B0}.Release|x64.ActiveCfg = Release|x64
		{14072FAE-9EDE-471A-A761-B58B042171B0}.Release|x64.Build.0 = Release|x64
		{14072FAE-9EDE-471A-A761-B58B042171B0}.Release|x86.ActiveCfg = Release|x86
		{14072FAE-9EDE-471A-A761-B58B042171B0}.Release|x86.Build.0 = Release|x86
		{1B3E04E0-62D1-4C7C-B9C6-A293370F1561}.Debug|Any CPU.ActiveCfg = Debug|x86
		{1B3E04E0-62D1-4C7C-B9C6-A293370F1561}.Debug|Mixed Platforms.ActiveCfg = Debug|x86
		{1B3E04E0-62D1-4C7C-B9C6-A293370F1561}.Debug|Mixed Platforms.Build.0 = Debug|x86
		{1B3E04E0-62D1-4C7C-B9C6-A293370F1561}.Debug|Win32.ActiveCfg = Debug|x86
		{1B3E04E0-62D1-4C7C-B9C6-A293370F1561}.Debug|Win32.Build.0 = Debug|x86
		{1B3E04E0-62D1-4C7C-B9C6-A293370F1561}.Debug|x64.ActiveCfg = Debug|x64
		{1B3E04E0-62D1-4C7C-B9C6-A293370F1561}.Debug|x64.Build.0 = Debug|x64
		{1B3E04E0-62D1-4C7C-B9C6-A293370F1561}.Debug|x86.ActiveCfg = Debug|x86
		{1B3E04E0-62D1-4C7C-B9C6-A293370F1561}.Debug|x86.Build.0 = Debug|x86
		{1B3E04E0-62D1-4C7C-B9C6-A293370F1561}.Release|Any CPU.ActiveCfg = Release|x86
		{1B3E04E0-62D1-4C7C-B9C6-A293370F1561}.Release|Mixed Platforms.ActiveCfg = Release|x86
		{1B3E04E0-62D1-4C7C-B9C6-A293370F1561}.Release|Mixed Platforms.Build.0 = Release|x86
		{1B3E04E0-62D1-4C7C-B9C6-A293370F1561}.Release|Win32.ActiveCfg = Release|x86
		{1B3E04E0-62D1-4C7C-B9C6-A293370F1561}.Release|Win32.Build.0 = Release|x86
		{1B3E04E0-62D1-4C7C-B9C6-A293370F1561}.Release|x64.ActiveCfg = Release|x64
		{1B3E04E0-62D1-4C7C-B9C6-A293370F1561}.Release|x64.Build.0 = Release|x64
		{1B3E04E0-62D1-4C7C-B9C6-A293370F1561}.Release|x86.ActiveCfg = Release|x86
		{1B3E04E0-62D1-4C7C-B9C6-A293370F1561}.Release|x86.Build.0 = Release|x86
		{541BDBA5-8361-4565-AD67-FDEE46B17727}.Debug|Any CPU.ActiveCfg = Debug|x86
		{541BDBA5-8361-4565-AD67-FDEE46B17727}.Debug|Mixed Platforms.ActiveCfg = Debug|x86
		{541BDBA5-8361-4565-AD67-FDEE46B17727}.Debug|Mixed Platforms.Build.0 = Debug|x86
		{541BDBA5-8361-4565-AD67-FDEE46B17727}.Debug|Win32.ActiveCfg = Debug|x86
		{541BDBA5-8361-4565-AD67-FDEE46B17727}.Debug|Win32.Build.0 = Debug|x86
		{541BDBA5-8361-4565-AD67-FDEE46B17727}.Debug|x64.ActiveCfg = Debug|x64
		{541BDBA5-8361-4565-AD67-FDEE46B17727}.Debug|x64.Build.0 = Debug|x64
		{541BDBA5-8361-4565-AD67-FDEE46B17727}.Debug|x86.ActiveCfg = Debug|x86
		{541BDBA5-8361-4565-AD67-FDEE46B17727}.Debug|x86.Build.0 = Debug|x86
		{541BDBA5-8361-4565-AD67-FDEE46B17727}.Release|Any CPU.ActiveCfg = Release|x86
		{541BDBA5-8361-4565-AD67-FDEE46B17727}.Release|Mixed Platforms.ActiveCfg = Release|x86
		{541BDBA5-8361-4565-AD67-FDEE46B17727}.Release|Mixed Platforms.Build.0 = Release|x86
		{541BDBA5-8361-4565-AD67-FDEE46B17727}.Release|Win32.ActiveCfg = Release|x86
		{541BDBA5-8361-4565-AD67-FDEE46B17727}.Release|Win32.Build.0 = Release|x86
		{541BDBA5-8361-4565-AD67-FDEE46B17727}.Release|x64.ActiveCfg = Release|x64
		{541BDBA5-8361-4565-AD67-FDEE46B17727}.Release|x64.Build.0 = Release|x64
		{541BDBA5-8361-4565-AD67-FDEE46B17727}.Release|x86.ActiveCfg = Release|x86
		{541BDBA5-8361-4565-AD67-FDEE46B17727}.Release|x86.Build.0 = Release|x86
		{6078250B-C84F-4653-9C00-94A121D72475}.Debug|Any CPU.ActiveCfg = Debug|x86
		{6078250B-C84F-4653-9C00-94A121D72475}.Debug|Mixed Platforms.ActiveCfg = Debug|x86
		{6078250B-C84F-4653-9C00-94A121D72475}.Debug|Mixed Platforms.Build.0 = Debug|x86
		{6078250B-C84F-4653-9C00-94A121D72475}.Debug|Win32.ActiveCfg = Debug|x86
		{6078250B-C84F-4653-9C00-94A121D72475}.Debug|Win32.Build.0 = Debug|x86
		{6078250B-C84F-4653-9C00-94A121D72475}.Debug|x64.ActiveCfg = Debug|x64
		{6078250B-C84F-4653-9C00-94A121D72475}.Debug|x64.Build.0 = Debug|x64
		{6078250B-C84F-4653-9C00-94A121D72475}.Debug|x86.ActiveCfg = Debug|x86
		{6078250B-C84F-4653-9C00-94A121D72475}.Debug|x86.Build.0 = Debug|x86
		{6078250B-C84F-4653-9C00-94A121D72475}.Release|Any CPU.ActiveCfg = Release|x86
		{6078250B-C84F-4653-9C00-94A121D72475}.Release|Mixed Platforms.ActiveCfg = Release|x86
		{6078250B-C84F-4653-9C00-94A121D72475}.Release|Mixed Platforms.Build.0 = Release|x86
		{6078250B-C84F-4653-9C00-94A121D72475}.Release|Win32.ActiveCfg = Release|x86
		{6078250B-C84F-4653-9C00-94A121D72475}.Release|Win32.Build.0 = Release|x86
		{6078250B-C84F-4653-9C00-94A121D72475}.Release|x64.ActiveCfg = Release|x64
		{6078250B-C84F-4653-9C00-94A121D72475}.Release|x64.Build.0 = Release|x64
		{6078250B-C84F-4653-9C00-94A121D72475}.Release|x86.ActiveCfg = Release|x86
		{6078250B-C84F-4653-9C00-94A121D72475}.Release|x86.Build.0 = Release|x86
		{51C5EE58-6E26-4128-9DE0-AD3730B60423}.Debug|Any CPU.ActiveCfg = Debug|x86
		{51C5EE58-6E26-4128-9DE0-AD3730B60423}.Debug|Mixed Platforms.ActiveCfg = Debug|x86
		{51C5EE58-6E26-4128-9DE0-AD3730B60423}.Debug|Mixed Platforms.Build.0 = Debug|x86
		{51C5EE58-6E26-4128-9DE0-AD3730B60423}.Debug|Win32.ActiveCfg = Debug|x86
		{51C5EE58-6E26-4128-9DE0-AD3730B60423}.Debug|Win32.Build.0 = Debug|x86
		{51C5EE58-6E26-4128-9DE0-AD3730B60423}.Debug|x64.ActiveCfg = Debug|x64
		{51C5EE58-6E26-4128-9DE0-AD3730B60423}.Debug|x64.Build.0 = Debug|x64
		{51C5EE58-6E26-4128-9DE0-AD3730B60423}.Debug|x86.ActiveCfg = Debug|x86
		{51C5EE58-6E26-4128-9DE0-AD3730B60423}.Debug|x86.Build.0 = Debug|x86
		{51C5EE58-6E26-4128-9DE0-AD3730B60423}.Release|Any CPU.ActiveCfg = Release|x86
		{51C5EE58-6E26-4128-9DE0-AD3730B60423}.Release|Mixed Platforms.ActiveCfg = Release|x86
		{51C5EE58-6E26-4128-9DE0-AD3730B60423}.Release|Mixed Platforms.Build.0 = Release|x86
		{51C5EE58-6E26-4128-9DE0-AD3730B60423}.Release|Win32.ActiveCfg = Release|x86
		{51C5EE58-6E26-4128-9DE0-AD3730B60423}.Release|Win32.Build.0 = Release|x86
		{51C5EE58-6E26-4128-9DE0-AD3730B60423}.Release|x64.ActiveCfg = Release|x64
		{51C5EE58-6E26-4128-9DE0-AD3730B60423}.Release|x64.Build.0 = Release|x64
		{51C5EE58-6E26-4128-9DE0-AD3730B60423}.Release|x86.ActiveCfg = Release|x86
		{51C5EE58-6E26-4128-9DE0-AD3730B60423}.Release|x86.Build.0 = Release|x86
		{486E443D-EBEC-47C1-95EA-1A571D7A5514}.Debug|Any CPU.ActiveCfg = Debug|x86
		{486E443D-EBEC-47C1-95EA-1A571D7A5514}.Debug|Mixed Platforms.ActiveCfg = Debug|x86
		{486E443D-EBEC-47C1-95EA-1A571D7A5514}.Debug|Mixed Platforms.Build.0 = Debug|x86
		{486E443D-EBEC-47C1-95EA-1A571D7A5514}.Debug|Win32.ActiveCfg = Debug|x86
		{486E443D-EBEC-47C1-95EA-1A571D7A5514}.Debug|Win32.Build.0 = Debug|x86
		{486E443D-EBEC-47C1-95EA-1A571D7A5514}.Debug|x64.ActiveCfg = Debug|x64
		{486E443D-EBEC-47C1-95EA-1A571D7A5514}.Debug|x64.Build.0 = Debug|x64
		{486E443D-EBEC-47C1-95EA-1A571D7A5514}.Debug|x86.ActiveCfg = Debug|x86
		{486E443D-EBEC-47C1-95EA-1A571D7A5514}.Debug|x86.Build.0 = Debug|x86
		{486E443D-EBEC-47C1-95EA-1A571D7A5514}.Release|Any CPU.ActiveCfg = Release|x86
		{486E443D-EBEC-47C1-95EA-1A571D7A5514}.Release|Mixed Platforms.ActiveCfg = Release|x86
		{486E443D-EBEC-47C1-95EA-1A571D7A5514}.Release|Mixed Platforms.Build.0 = Release|x86
		{486E443D-EBEC-47C1-95EA-1A571D7A5514}.Release|Win32.ActiveCfg = Release|x86
		{486E443D-EBEC-47C1-95EA-1A571D7A5514}.Release|Win32.Build.0 = Release|x86
		{486E443D-EBEC-47C1-95EA-1A571D7A5514}.Release|x64.ActiveCfg = Release|x64
		{486E443D-EBEC-47C1-95EA-1A571D7A5514}.Release|x64.Build.0 = Release|x64
		{486E443D-EBEC-47C1-95EA-1A571D7A5514}.Release|x86.ActiveCfg = Release|x86
		{486E443D-EBEC-47C1-95EA-1A571D7A5514}.Release|x86.Build.0 = Release|x86
		{9D5DEA5E-095C-4CA2-B14D-F1E32A471D4A}.Debug|Any CPU.ActiveCfg = Debug|x86
		{9D5DEA5E-095C-4CA2-B14D-F1E32A471D4A}.Debug|Mixed Platforms.ActiveCfg = Debug|x86
		{9D5DEA5E-095C-4CA2-B14D-F1E32A471D4A}.Debug|Mixed Platforms.Build.0 = Debug|x86
		{9D5DEA5E-095C-4CA2-B14D-F1E32A471D4A}.Debug|Win32.ActiveCfg = Debug|x86
		{9D5DEA5E-095C-4CA2-B14D-F1E32A471D4A}.Debug|Win32.Build.0 = Debug|x86
		{9D5DEA5E-095C-4CA2-B14D-F1E32A471D4A}.Debug|x64.ActiveCfg = Debug|x64
		{9D5DEA5E-095C-4CA2-B14D-F1E32A471D4A}.Debug|x64.Build.0 = Debug|x64
		{9D5DEA5E-095C-4CA2-B14D-F1E32A471D4A}.Debug|x86.ActiveCfg = Debug|x86
		{9D5DEA5E-095C-4CA2-B14D-F1E32A471D4A}.Debug|x86.Build.0 = Debug|x86
		{9D5DEA5E-095C-4CA2-B14D-F1E32A471D4A}.Release|Any CPU.ActiveCfg = Release|x86
		{9D5DEA5E-095C-4CA2-B14D-F1E32A471D4A}.Release|Mixed Platforms.ActiveCfg = Release|x86
		{9D5DEA5E-095C-4CA2-B14D-F1E32A471D4A}.Release|Mixed Platforms.Build.0 = Release|x86
		{9D5DEA5E-095C-4CA2-B14D-F1E32A471D4A}.Release|Win32.ActiveCfg = Release|x86
		{9D5DEA5E-095C-4CA2-B14D-F1E32A471D4A}.Release|Win32.Build.0 = Release|x86
		{9D5DEA5E-095C-4CA2-B14D-F1E32A471D4A}.Release|x64.ActiveCfg = Release|x64
		{9D5DEA5E-095C-4CA2-B14D-F1E32A471D4A}.Release|x64.Build.0 = Release|x64
		{9D5DEA5E-095C-4CA2-B14D-F1E32A471D4A}.Release|x86.ActiveCfg = Release|x86
		{9D5DEA5E-095C-4CA2-B14D-F1E32A471D4A}.Release|x86.Build.0 = Release|x86
		{B3F045EE-E892-4CA1-8578-4771D66D0506}.Debug|Any CPU.ActiveCfg = Debug|x86
		{B3F045EE-E892-4CA1-8578-4771D66D0506}.Debug|Mixed Platforms.ActiveCfg = Debug|x86
		{B3F045EE-E892-4CA1-8578-4771D66D0506}.Debug|Mixed Platforms.Build.0 = Debug|x86
		{B3F045EE-E892-4CA1-8578-4771D66D0506}.Debug|Win32.ActiveCfg = Debug|x86
		{B3F045EE-E892-4CA1-8578-4771D66D0506}.Debug|Win32.Build.0 = Debug|x86
		{B3F045EE-E892-4CA1-8578-4771D66D0506}.Debug|x64.ActiveCfg = Debug|x64
		{B3F045EE-E892-4CA1-8578-4771D66D0506}.Debug|x64.Build.0 = Debug|x64
		{B3F045EE-E892-4CA1-8578-4771D66D0506}.Debug|x86.ActiveCfg = Debug|x86
		{B3F045EE-E892-4CA1-8578-4771D66D0506}.Debug|x86.Build.0 = Debug|x86
		{B3F045EE-E892-4CA1-8578-4771D66D0506}.Release|Any CPU.ActiveCfg = Release|x86
		{B3F045EE-E892-4CA1-8578-4771D66D0506}.Release|Mixed Platforms.ActiveCfg = Release|x86
		{B3F045EE-E892-4CA1-8578-4771D66D0506}.Release|Mixed Platforms.Build.0 = Release|x86
		{B3F045EE-E892-4CA1-8578-4771D66D0506}.Release|Win32.ActiveCfg = Release|x86
		{B3F045EE-E892-4CA1-8578-4771D66D0506}.Release|Win32.Build.0 = Release|x86
		{B3F045EE-E892-4CA1-8578-4771D66D0506}.Release|x64.ActiveCfg = Release|x64
		{B3F045EE-E892-4CA1-8578-4771D66D0506}.Release|x64.Build.0 = Release|x64
		{B3F045EE-E892-4CA1-8578-4771D66D0506}.Release|x86.ActiveCfg = Release|x86
		{B3F045EE-E892-4CA1-8578-4771D66D0506}.Release|x86.Build.0 = Release|x86
		{4CB70649-D41D-420B-8036-5B203B98EBEF}.Debug|Any CPU.ActiveCfg = Debug|Any CPU
		{4CB70649-D41D-420B-8036-5B203B98EBEF}.Debug|Any CPU.Build.0 = Debug|Any CPU
		{4CB70649-D41D-420B-8036-5B203B98EBEF}.Debug|Mixed Platforms.ActiveCfg = Debug|Any CPU
		{4CB70649-D41D-420B-8036-5B203B98EBEF}.Debug|Mixed Platforms.Build.0 = Debug|Any CPU
		{4CB70649-D41D-420B-8036-5B203B98EBEF}.Debug|Win32.ActiveCfg = Debug|Any CPU
		{4CB70649-D41D-420B-8036-5B203B98EBEF}.Debug|x64.ActiveCfg = Debug|x64
		{4CB70649-D41D-420B-8036-5B203B98EBEF}.Debug|x64.Build.0 = Debug|x64
		{4CB70649-D41D-420B-8036-5B203B98EBEF}.Debug|x86.ActiveCfg = Debug|Any CPU
		{4CB70649-D41D-420B-8036-5B203B98EBEF}.Release|Any CPU.ActiveCfg = Release|Any CPU
		{4CB70649-D41D-420B-8036-5B203B98EBEF}.Release|Any CPU.Build.0 = Release|Any CPU
		{4CB70649-D41D-420B-8036-5B203B98EBEF}.Release|Mixed Platforms.ActiveCfg = Release|Any CPU
		{4CB70649-D41D-420B-8036-5B203B98EBEF}.Release|Mixed Platforms.Build.0 = Release|Any CPU
		{4CB70649-D41D-420B-8036-5B203B98EBEF}.Release|Win32.ActiveCfg = Release|Any CPU
		{4CB70649-D41D-420B-8036-5B203B98EBEF}.Release|x64.ActiveCfg = Release|Any CPU
		{4CB70649-D41D-420B-8036-5B203B98EBEF}.Release|x86.ActiveCfg = Release|Any CPU
		{055808CD-E5B9-4502-B6D3-199659005E43}.Debug|Any CPU.ActiveCfg = Debug|Any CPU
		{055808CD-E5B9-4502-B6D3-199659005E43}.Debug|Any CPU.Build.0 = Debug|Any CPU
		{055808CD-E5B9-4502-B6D3-199659005E43}.Debug|Mixed Platforms.ActiveCfg = Debug|Any CPU
		{055808CD-E5B9-4502-B6D3-199659005E43}.Debug|Mixed Platforms.Build.0 = Debug|Any CPU
		{055808CD-E5B9-4502-B6D3-199659005E43}.Debug|Win32.ActiveCfg = Debug|Any CPU
		{055808CD-E5B9-4502-B6D3-199659005E43}.Debug|x64.ActiveCfg = Debug|x64
		{055808CD-E5B9-4502-B6D3-199659005E43}.Debug|x64.Build.0 = Debug|x64
		{055808CD-E5B9-4502-B6D3-199659005E43}.Debug|x86.ActiveCfg = Debug|Any CPU
		{055808CD-E5B9-4502-B6D3-199659005E43}.Debug|x86.Build.0 = Debug|Any CPU
		{055808CD-E5B9-4502-B6D3-199659005E43}.Release|Any CPU.ActiveCfg = Release|Any CPU
		{055808CD-E5B9-4502-B6D3-199659005E43}.Release|Any CPU.Build.0 = Release|Any CPU
		{055808CD-E5B9-4502-B6D3-199659005E43}.Release|Mixed Platforms.ActiveCfg = Release|Any CPU
		{055808CD-E5B9-4502-B6D3-199659005E43}.Release|Mixed Platforms.Build.0 = Release|Any CPU
		{055808CD-E5B9-4502-B6D3-199659005E43}.Release|Win32.ActiveCfg = Release|Any CPU
		{055808CD-E5B9-4502-B6D3-199659005E43}.Release|x64.ActiveCfg = Release|Any CPU
		{055808CD-E5B9-4502-B6D3-199659005E43}.Release|x86.ActiveCfg = Release|Any CPU
		{71F69800-F7F0-4A5B-85B1-B3DDA68C505C}.Debug|Any CPU.ActiveCfg = Debug|Any CPU
		{71F69800-F7F0-4A5B-85B1-B3DDA68C505C}.Debug|Any CPU.Build.0 = Debug|Any CPU
		{71F69800-F7F0-4A5B-85B1-B3DDA68C505C}.Debug|Mixed Platforms.ActiveCfg = Debug|Any CPU
		{71F69800-F7F0-4A5B-85B1-B3DDA68C505C}.Debug|Mixed Platforms.Build.0 = Debug|Any CPU
		{71F69800-F7F0-4A5B-85B1-B3DDA68C505C}.Debug|Win32.ActiveCfg = Debug|Any CPU
		{71F69800-F7F0-4A5B-85B1-B3DDA68C505C}.Debug|x64.ActiveCfg = Debug|x64
		{71F69800-F7F0-4A5B-85B1-B3DDA68C505C}.Debug|x64.Build.0 = Debug|x64
		{71F69800-F7F0-4A5B-85B1-B3DDA68C505C}.Debug|x86.ActiveCfg = Debug|Any CPU
		{71F69800-F7F0-4A5B-85B1-B3DDA68C505C}.Debug|x86.Build.0 = Debug|Any CPU
		{71F69800-F7F0-4A5B-85B1-B3DDA68C505C}.Release|Any CPU.ActiveCfg = Release|Any CPU
		{71F69800-F7F0-4A5B-85B1-B3DDA68C505C}.Release|Any CPU.Build.0 = Release|Any CPU
		{71F69800-F7F0-4A5B-85B1-B3DDA68C505C}.Release|Mixed Platforms.ActiveCfg = Release|Any CPU
		{71F69800-F7F0-4A5B-85B1-B3DDA68C505C}.Release|Mixed Platforms.Build.0 = Release|Any CPU
		{71F69800-F7F0-4A5B-85B1-B3DDA68C505C}.Release|Win32.ActiveCfg = Release|Any CPU
		{71F69800-F7F0-4A5B-85B1-B3DDA68C505C}.Release|x64.ActiveCfg = Release|Any CPU
		{71F69800-F7F0-4A5B-85B1-B3DDA68C505C}.Release|x86.ActiveCfg = Release|Any CPU
		{65E0E5D3-810E-4CCB-A972-0402BE66C40E}.Debug|Any CPU.ActiveCfg = Debug|Win32
		{65E0E5D3-810E-4CCB-A972-0402BE66C40E}.Debug|Mixed Platforms.ActiveCfg = Debug|Win32
		{65E0E5D3-810E-4CCB-A972-0402BE66C40E}.Debug|Mixed Platforms.Build.0 = Debug|Win32
		{65E0E5D3-810E-4CCB-A972-0402BE66C40E}.Debug|Win32.ActiveCfg = Debug|Win32
		{65E0E5D3-810E-4CCB-A972-0402BE66C40E}.Debug|Win32.Build.0 = Debug|Win32
		{65E0E5D3-810E-4CCB-A972-0402BE66C40E}.Debug|x64.ActiveCfg = Debug|x64
		{65E0E5D3-810E-4CCB-A972-0402BE66C40E}.Debug|x64.Build.0 = Debug|x64
		{65E0E5D3-810E-4CCB-A972-0402BE66C40E}.Debug|x86.ActiveCfg = Debug|Win32
		{65E0E5D3-810E-4CCB-A972-0402BE66C40E}.Debug|x86.Build.0 = Debug|Win32
		{65E0E5D3-810E-4CCB-A972-0402BE66C40E}.Release|Any CPU.ActiveCfg = Release|Win32
		{65E0E5D3-810E-4CCB-A972-0402BE66C40E}.Release|Mixed Platforms.ActiveCfg = Release|Win32
		{65E0E5D3-810E-4CCB-A972-0402BE66C40E}.Release|Mixed Platforms.Build.0 = Release|Win32
		{65E0E5D3-810E-4CCB-A972-0402BE66C40E}.Release|Win32.ActiveCfg = Release|Win32
		{65E0E5D3-810E-4CCB-A972-0402BE66C40E}.Release|Win32.Build.0 = Release|Win32
		{65E0E5D3-810E-4CCB-A972-0402BE66C40E}.Release|x64.ActiveCfg = Release|x64
		{65E0E5D3-810E-4CCB-A972-0402BE66C40E}.Release|x64.Build.0 = Release|x64
		{65E0E5D3-810E-4CCB-A972-0402BE66C40E}.Release|x86.ActiveCfg = Release|Win32
		{65E0E5D3-810E-4CCB-A972-0402BE66C40E}.Release|x86.Build.0 = Release|Win32
		{019DBD2A-273D-4BA4-BF86-B5EFE2ED76B1}.Debug|Any CPU.ActiveCfg = Debug|Win32
		{019DBD2A-273D-4BA4-BF86-B5EFE2ED76B1}.Debug|Mixed Platforms.ActiveCfg = Debug|Win32
		{019DBD2A-273D-4BA4-BF86-B5EFE2ED76B1}.Debug|Mixed Platforms.Build.0 = Debug|Win32
		{019DBD2A-273D-4BA4-BF86-B5EFE2ED76B1}.Debug|Win32.ActiveCfg = Debug|Win32
		{019DBD2A-273D-4BA4-BF86-B5EFE2ED76B1}.Debug|Win32.Build.0 = Debug|Win32
		{019DBD2A-273D-4BA4-BF86-B5EFE2ED76B1}.Debug|x64.ActiveCfg = Debug|x64
		{019DBD2A-273D-4BA4-BF86-B5EFE2ED76B1}.Debug|x64.Build.0 = Debug|x64
		{019DBD2A-273D-4BA4-BF86-B5EFE2ED76B1}.Debug|x86.ActiveCfg = Debug|Win32
		{019DBD2A-273D-4BA4-BF86-B5EFE2ED76B1}.Debug|x86.Build.0 = Debug|Win32
		{019DBD2A-273D-4BA4-BF86-B5EFE2ED76B1}.Release|Any CPU.ActiveCfg = Release|Win32
		{019DBD2A-273D-4BA4-BF86-B5EFE2ED76B1}.Release|Mixed Platforms.ActiveCfg = Release|Win32
		{019DBD2A-273D-4BA4-BF86-B5EFE2ED76B1}.Release|Mixed Platforms.Build.0 = Release|Win32
		{019DBD2A-273D-4BA4-BF86-B5EFE2ED76B1}.Release|Win32.ActiveCfg = Release|Win32
		{019DBD2A-273D-4BA4-BF86-B5EFE2ED76B1}.Release|Win32.Build.0 = Release|Win32
		{019DBD2A-273D-4BA4-BF86-B5EFE2ED76B1}.Release|x64.ActiveCfg = Release|x64
		{019DBD2A-273D-4BA4-BF86-B5EFE2ED76B1}.Release|x64.Build.0 = Release|x64
		{019DBD2A-273D-4BA4-BF86-B5EFE2ED76B1}.Release|x86.ActiveCfg = Release|Win32
		{019DBD2A-273D-4BA4-BF86-B5EFE2ED76B1}.Release|x86.Build.0 = Release|Win32
	EndGlobalSection
	GlobalSection(SolutionProperties) = preSolution
		HideSolutionNode = FALSE
	EndGlobalSection
	GlobalSection(NestedProjects) = preSolution
		{199103BC-B3FE-4D93-9B02-0515EF4FB63D} = {93FB3861-7F37-4CC6-AAD5-8F227A95DEE7}
		{B1A34040-3125-4381-88DD-D2F3A2ADAFD6} = {93FB3861-7F37-4CC6-AAD5-8F227A95DEE7}
		{9CEC2262-F3E8-4880-B5D8-EF909958F0C6} = {93FB3861-7F37-4CC6-AAD5-8F227A95DEE7}
		{F996742E-5053-4630-BFED-E2906073FFC9} = {93FB3861-7F37-4CC6-AAD5-8F227A95DEE7}
		{5938E9ED-49A6-4254-BA2C-281F93F9A729} = {93FB3861-7F37-4CC6-AAD5-8F227A95DEE7}
		{C294A5EA-C707-4CA9-A066-FB32967002DC} = {5E214773-FE93-4439-9D14-4FE30D4B1695}
		{9CFF1D91-76BB-4AD0-AA5F-03BF332ABDDC} = {5E214773-FE93-4439-9D14-4FE30D4B1695}
		{7E0EE2E3-7CDA-4BDE-855E-5D2B44E1EA07} = {5E214773-FE93-4439-9D14-4FE30D4B1695}
		{E166487A-2E4E-43EA-9A8D-5F3F59D0334B} = {5E214773-FE93-4439-9D14-4FE30D4B1695}
		{14072FAE-9EDE-471A-A761-B58B042171B0} = {72752D73-26C0-43C2-B1EF-4FDB01C7EA7A}
		{1B3E04E0-62D1-4C7C-B9C6-A293370F1561} = {72752D73-26C0-43C2-B1EF-4FDB01C7EA7A}
		{541BDBA5-8361-4565-AD67-FDEE46B17727} = {13716597-0978-45BA-B652-35FCC393C3E1}
		{6078250B-C84F-4653-9C00-94A121D72475} = {13716597-0978-45BA-B652-35FCC393C3E1}
		{51C5EE58-6E26-4128-9DE0-AD3730B60423} = {13716597-0978-45BA-B652-35FCC393C3E1}
		{486E443D-EBEC-47C1-95EA-1A571D7A5514} = {13716597-0978-45BA-B652-35FCC393C3E1}
		{9D5DEA5E-095C-4CA2-B14D-F1E32A471D4A} = {13716597-0978-45BA-B652-35FCC393C3E1}
		{65E0E5D3-810E-4CCB-A972-0402BE66C40E} = {1F893E0D-17BC-4EB9-89F9-0B9F1B49B149}
		{019DBD2A-273D-4BA4-BF86-B5EFE2ED76B1} = {1F893E0D-17BC-4EB9-89F9-0B9F1B49B149}
		{B3F045EE-E892-4CA1-8578-4771D66D0506} = {B43B2FF1-3A19-4516-9544-05B798DB0EB2}
		{4CB70649-D41D-420B-8036-5B203B98EBEF} = {413EA769-2D60-4D55-AC12-05D427D10F98}
		{055808CD-E5B9-4502-B6D3-199659005E43} = {413EA769-2D60-4D55-AC12-05D427D10F98}
		{71F69800-F7F0-4A5B-85B1-B3DDA68C505C} = {413EA769-2D60-4D55-AC12-05D427D10F98}
	EndGlobalSection
EndGlobal
