
Microsoft Visual Studio Solution File, Format Version 12.00
# Visual Studio 2012
Project("{2150E333-8FDC-42A3-9474-1A3956D46DE8}") = "1 - Common", "1 - Common", "{17BCA5EC-8BF3-42F9-932C-BBF75001C22C}"
EndProject
Project("{2150E333-8FDC-42A3-9474-1A3956D46DE8}") = "4 - Engine", "4 - Engine", "{6BD172D3-DF22-4324-9087-FCDA773BD438}"
EndProject
Project("{2150E333-8FDC-42A3-9474-1A3956D46DE8}") = "9 - Library", "9 - Library", "{CD3C8E0A-E2C9-4844-A5B6-A41CE51C4C44}"
EndProject
Project("{2150E333-8FDC-42A3-9474-1A3956D46DE8}") = "8 - Test", "8 - Test", "{DB89574A-3A82-4C31-9C86-12DF4BFEA992}"
EndProject
Project("{2150E333-8FDC-42A3-9474-1A3956D46DE8}") = "3 - Feature", "3 - Feature", "{7859F662-78D8-4320-BC49-B417F83FE5A2}"
EndProject
Project("{2150E333-8FDC-42A3-9474-1A3956D46DE8}") = "5 - Platform", "5 - Platform", "{D5EAFBD6-0B83-42D6-B5AC-91F56BF1F116}"
EndProject
Project("{2150E333-8FDC-42A3-9474-1A3956D46DE8}") = "7 - Game", "7 - Game", "{C3354FFD-4F9A-4AC2-B992-A4258E83EB16}"
EndProject
Project("{8BC9CEB8-8B4A-11D0-8D11-00A0C91BC942}") = "MoCommon", "Cross\Common\MoCommon\vcproject\MoCommon.vcxproj", "{5CDCB38F-2BF3-441C-813B-ED2C8BA4DBBA}"
EndProject
Project("{8BC9CEB8-8B4A-11D0-8D11-00A0C91BC942}") = "MoCore", "Cross\Common\MoCore\vcproject\MoCore.vcxproj", "{4B7CD24E-37ED-488F-85EA-1CCD42F4CA84}"
	ProjectSection(ProjectDependencies) = postProject
		{5CDCB38F-2BF3-441C-813B-ED2C8BA4DBBA} = {5CDCB38F-2BF3-441C-813B-ED2C8BA4DBBA}
	EndProjectSection
EndProject
Project("{8BC9CEB8-8B4A-11D0-8D11-00A0C91BC942}") = "MoMath", "Cross\Common\MoMath\vcproject\MoMath.vcxproj", "{F008178B-222A-4B0C-914A-30FAC1ED84CC}"
	ProjectSection(ProjectDependencies) = postProject
		{5CDCB38F-2BF3-441C-813B-ED2C8BA4DBBA} = {5CDCB38F-2BF3-441C-813B-ED2C8BA4DBBA}
	EndProjectSection
EndProject
Project("{8BC9CEB8-8B4A-11D0-8D11-00A0C91BC942}") = "LibZip", "Library\LibZip\vcproject\LibZip.vcxproj", "{C8F42F64-1DFE-4C30-9628-AE1D931B4E3D}"
EndProject
Project("{8BC9CEB8-8B4A-11D0-8D11-00A0C91BC942}") = "LibFreeType", "Library\LibFreeType\vcproject\LibFreeType.vcxproj", "{D7254008-F26C-4F8E-9EEA-263F4C079353}"
EndProject
Project("{8BC9CEB8-8B4A-11D0-8D11-00A0C91BC942}") = "LibJpeg", "Library\LibJpeg\vcproject\LibJpeg.vcxproj", "{019DBD2A-273D-4BA4-BF86-B5EFE2ED76B1}"
EndProject
Project("{8BC9CEB8-8B4A-11D0-8D11-00A0C91BC942}") = "LibLzma", "Library\LibLzma\vcproject\LibLzma.vcxproj", "{65E0E5D3-810E-4CCB-A972-0402BE66C40E}"
EndProject
Project("{8BC9CEB8-8B4A-11D0-8D11-00A0C91BC942}") = "LibPng", "Library\LibPng\vcproject\LibPng.vcxproj", "{2B6A1D87-5CC1-40C7-A306-505E706754FF}"
	ProjectSection(ProjectDependencies) = postProject
		{C8F42F64-1DFE-4C30-9628-AE1D931B4E3D} = {C8F42F64-1DFE-4C30-9628-AE1D931B4E3D}
	EndProjectSection
EndProject
Project("{8BC9CEB8-8B4A-11D0-8D11-00A0C91BC942}") = "MoFeatureGraphic", "Cross\Feature\MoFeatureGraphic\vcproject\MoFeatureGraphic.vcxproj", "{952EB8F3-9383-4007-A2D4-D64BAB4BD939}"
	ProjectSection(ProjectDependencies) = postProject
		{4B7CD24E-37ED-488F-85EA-1CCD42F4CA84} = {4B7CD24E-37ED-488F-85EA-1CCD42F4CA84}
		{F008178B-222A-4B0C-914A-30FAC1ED84CC} = {F008178B-222A-4B0C-914A-30FAC1ED84CC}
		{5CDCB38F-2BF3-441C-813B-ED2C8BA4DBBA} = {5CDCB38F-2BF3-441C-813B-ED2C8BA4DBBA}
	EndProjectSection
EndProject
Project("{8BC9CEB8-8B4A-11D0-8D11-00A0C91BC942}") = "MoFeatureInput", "Cross\Feature\MoFeatureInput\vcproject\MoFeatureInput.vcxproj", "{C29B8CD2-3261-4DD2-8CF3-859B570259E9}"
	ProjectSection(ProjectDependencies) = postProject
		{4B7CD24E-37ED-488F-85EA-1CCD42F4CA84} = {4B7CD24E-37ED-488F-85EA-1CCD42F4CA84}
		{5CDCB38F-2BF3-441C-813B-ED2C8BA4DBBA} = {5CDCB38F-2BF3-441C-813B-ED2C8BA4DBBA}
	EndProjectSection
EndProject
Project("{8BC9CEB8-8B4A-11D0-8D11-00A0C91BC942}") = "MoFeatureLogger", "Cross\Feature\MoFeatureLogger\vcproject\MoFeatureLogger.vcxproj", "{0D18B2A4-78AE-4AC0-84FC-61B0CFA6078B}"
	ProjectSection(ProjectDependencies) = postProject
		{4B7CD24E-37ED-488F-85EA-1CCD42F4CA84} = {4B7CD24E-37ED-488F-85EA-1CCD42F4CA84}
		{5CDCB38F-2BF3-441C-813B-ED2C8BA4DBBA} = {5CDCB38F-2BF3-441C-813B-ED2C8BA4DBBA}
	EndProjectSection
EndProject
Project("{8BC9CEB8-8B4A-11D0-8D11-00A0C91BC942}") = "MoFeatureParticle", "Cross\Feature\MoFeatureParticle\vcproject\MoFeatureParticle.vcxproj", "{F2E32707-08AB-4282-8B2C-975A608E248B}"
	ProjectSection(ProjectDependencies) = postProject
		{4B7CD24E-37ED-488F-85EA-1CCD42F4CA84} = {4B7CD24E-37ED-488F-85EA-1CCD42F4CA84}
		{5CDCB38F-2BF3-441C-813B-ED2C8BA4DBBA} = {5CDCB38F-2BF3-441C-813B-ED2C8BA4DBBA}
	EndProjectSection
EndProject
Project("{8BC9CEB8-8B4A-11D0-8D11-00A0C91BC942}") = "MoFeaturePhysics", "Cross\Feature\MoFeaturePhysics\vcproject\MoFeaturePhysics.vcxproj", "{5ED65031-A7C5-4153-B84E-6D035709E628}"
	ProjectSection(ProjectDependencies) = postProject
		{4B7CD24E-37ED-488F-85EA-1CCD42F4CA84} = {4B7CD24E-37ED-488F-85EA-1CCD42F4CA84}
		{5CDCB38F-2BF3-441C-813B-ED2C8BA4DBBA} = {5CDCB38F-2BF3-441C-813B-ED2C8BA4DBBA}
	EndProjectSection
EndProject
Project("{8BC9CEB8-8B4A-11D0-8D11-00A0C91BC942}") = "MoFeatureProfile", "Cross\Feature\MoFeatureProfile\vcproject\MoFeatureProfile.vcxproj", "{765D9ABA-D2AB-4FD8-8E26-E72CEFE0E789}"
	ProjectSection(ProjectDependencies) = postProject
		{4B7CD24E-37ED-488F-85EA-1CCD42F4CA84} = {4B7CD24E-37ED-488F-85EA-1CCD42F4CA84}
		{5CDCB38F-2BF3-441C-813B-ED2C8BA4DBBA} = {5CDCB38F-2BF3-441C-813B-ED2C8BA4DBBA}
	EndProjectSection
EndProject
Project("{8BC9CEB8-8B4A-11D0-8D11-00A0C91BC942}") = "MoFeatureResource", "Cross\Feature\MoFeatureResource\vcproject\MoFeatureResource.vcxproj", "{CFFE3B19-C7EA-44A2-9078-60EB443AF9D5}"
	ProjectSection(ProjectDependencies) = postProject
		{019DBD2A-273D-4BA4-BF86-B5EFE2ED76B1} = {019DBD2A-273D-4BA4-BF86-B5EFE2ED76B1}
		{4B7CD24E-37ED-488F-85EA-1CCD42F4CA84} = {4B7CD24E-37ED-488F-85EA-1CCD42F4CA84}
		{5CDCB38F-2BF3-441C-813B-ED2C8BA4DBBA} = {5CDCB38F-2BF3-441C-813B-ED2C8BA4DBBA}
		{65E0E5D3-810E-4CCB-A972-0402BE66C40E} = {65E0E5D3-810E-4CCB-A972-0402BE66C40E}
	EndProjectSection
EndProject
Project("{8BC9CEB8-8B4A-11D0-8D11-00A0C91BC942}") = "MoFeatureScript", "Cross\Feature\MoFeatureScript\vcproject\MoFeatureScript.vcxproj", "{0B3CA00B-86CE-477D-BA8F-10098A8B4324}"
	ProjectSection(ProjectDependencies) = postProject
		{4B7CD24E-37ED-488F-85EA-1CCD42F4CA84} = {4B7CD24E-37ED-488F-85EA-1CCD42F4CA84}
		{5CDCB38F-2BF3-441C-813B-ED2C8BA4DBBA} = {5CDCB38F-2BF3-441C-813B-ED2C8BA4DBBA}
	EndProjectSection
EndProject
Project("{8BC9CEB8-8B4A-11D0-8D11-00A0C91BC942}") = "MoFeatureSound", "Cross\Feature\MoFeatureSound\vcproject\MoFeatureSound.vcxproj", "{C197E28A-8816-4260-80C2-E50BBF4F9E82}"
	ProjectSection(ProjectDependencies) = postProject
		{4B7CD24E-37ED-488F-85EA-1CCD42F4CA84} = {4B7CD24E-37ED-488F-85EA-1CCD42F4CA84}
		{5CDCB38F-2BF3-441C-813B-ED2C8BA4DBBA} = {5CDCB38F-2BF3-441C-813B-ED2C8BA4DBBA}
	EndProjectSection
EndProject
Project("{8BC9CEB8-8B4A-11D0-8D11-00A0C91BC942}") = "MoFeatureTerrain", "Cross\Feature\MoFeatureTerrain\vcproject\MoFeatureTerrain.vcxproj", "{4C298D4A-F16A-4CEC-8111-B357B8691C0C}"
	ProjectSection(ProjectDependencies) = postProject
		{4B7CD24E-37ED-488F-85EA-1CCD42F4CA84} = {4B7CD24E-37ED-488F-85EA-1CCD42F4CA84}
		{5CDCB38F-2BF3-441C-813B-ED2C8BA4DBBA} = {5CDCB38F-2BF3-441C-813B-ED2C8BA4DBBA}
	EndProjectSection
EndProject
Project("{8BC9CEB8-8B4A-11D0-8D11-00A0C91BC942}") = "MoEngine", "Cross\Engine\MoEngine\vcproject\MoEngine.vcxproj", "{BB9135B8-3F87-4E28-A507-EDC20195F4D8}"
	ProjectSection(ProjectDependencies) = postProject
		{CFFE3B19-C7EA-44A2-9078-60EB443AF9D5} = {CFFE3B19-C7EA-44A2-9078-60EB443AF9D5}
		{4B7CD24E-37ED-488F-85EA-1CCD42F4CA84} = {4B7CD24E-37ED-488F-85EA-1CCD42F4CA84}
		{5CDCB38F-2BF3-441C-813B-ED2C8BA4DBBA} = {5CDCB38F-2BF3-441C-813B-ED2C8BA4DBBA}
		{952EB8F3-9383-4007-A2D4-D64BAB4BD939} = {952EB8F3-9383-4007-A2D4-D64BAB4BD939}
	EndProjectSection
EndProject
Project("{8BC9CEB8-8B4A-11D0-8D11-00A0C91BC942}") = "MoEngine2d", "Cross\Engine\MoEngine2d\vcproject\MoEngine2d.vcxproj", "{1A10216C-C7B6-44DA-8BF6-686CCB5A7DE7}"
	ProjectSection(ProjectDependencies) = postProject
		{BB9135B8-3F87-4E28-A507-EDC20195F4D8} = {BB9135B8-3F87-4E28-A507-EDC20195F4D8}
	EndProjectSection
EndProject
Project("{8BC9CEB8-8B4A-11D0-8D11-00A0C91BC942}") = "MoEngine3d", "Cross\Engine\MoEngine3d\vcproject\MoEngine3d.vcxproj", "{B92881C3-FDDB-427B-B489-83DF6276AC1C}"
	ProjectSection(ProjectDependencies) = postProject
		{BB9135B8-3F87-4E28-A507-EDC20195F4D8} = {BB9135B8-3F87-4E28-A507-EDC20195F4D8}
	EndProjectSection
EndProject
Project("{8BC9CEB8-8B4A-11D0-8D11-00A0C91BC942}") = "MoEngineAnimation", "Cross\Engine\MoEngineAnimation\vcproject\MoEngineAnimation.vcxproj", "{FF01AD50-90E9-49F0-B07D-D760E3886FD3}"
	ProjectSection(ProjectDependencies) = postProject
		{BB9135B8-3F87-4E28-A507-EDC20195F4D8} = {BB9135B8-3F87-4E28-A507-EDC20195F4D8}
	EndProjectSection
EndProject
Project("{8BC9CEB8-8B4A-11D0-8D11-00A0C91BC942}") = "MoEngineFace", "Cross\Engine\MoEngineFace\vcproject\MoEngineFace.vcxproj", "{1763CEB5-F6F8-42E9-9FB1-B07CE0431D37}"
	ProjectSection(ProjectDependencies) = postProject
		{BB9135B8-3F87-4E28-A507-EDC20195F4D8} = {BB9135B8-3F87-4E28-A507-EDC20195F4D8}
	EndProjectSection
EndProject
Project("{8BC9CEB8-8B4A-11D0-8D11-00A0C91BC942}") = "MoEngineRender", "Cross\Engine\MoEngineRender\vcproject\MoEngineRender.vcxproj", "{583E6321-6C63-4E9B-9809-159291E05DE5}"
	ProjectSection(ProjectDependencies) = postProject
		{BB9135B8-3F87-4E28-A507-EDC20195F4D8} = {BB9135B8-3F87-4E28-A507-EDC20195F4D8}
	EndProjectSection
EndProject
Project("{8BC9CEB8-8B4A-11D0-8D11-00A0C91BC942}") = "MoPlatformOpenGLES2", "Cross\Platform\MoPlatformOpenGLES2\vcproject\MoPlatformOpenGLES2.vcxproj", "{F85B417A-E5D7-4CF4-931A-3C06F66E0CEC}"
	ProjectSection(ProjectDependencies) = postProject
		{D4F52BD3-0B67-4E89-AC0F-C0A07C34912C} = {D4F52BD3-0B67-4E89-AC0F-C0A07C34912C}
		{952EB8F3-9383-4007-A2D4-D64BAB4BD939} = {952EB8F3-9383-4007-A2D4-D64BAB4BD939}
	EndProjectSection
EndProject
Project("{8BC9CEB8-8B4A-11D0-8D11-00A0C91BC942}") = "MoPlatformWindows", "Cross\Platform\MoPlatformWindows\vcproject\MoPlatformWindows.vcxproj", "{669B7DC6-1020-426E-8C1F-BB2DDCFB99F6}"
	ProjectSection(ProjectDependencies) = postProject
		{BB9135B8-3F87-4E28-A507-EDC20195F4D8} = {BB9135B8-3F87-4E28-A507-EDC20195F4D8}
	EndProjectSection
EndProject
Project("{8BC9CEB8-8B4A-11D0-8D11-00A0C91BC942}") = "MoGameEngine", "Cross\Game\MoGameEngine\vcproject\MoGameEngine.vcxproj", "{597E6E7F-CEEA-438D-B7F0-2CEA2F8ECE7B}"
	ProjectSection(ProjectDependencies) = postProject
		{4B7CD24E-37ED-488F-85EA-1CCD42F4CA84} = {4B7CD24E-37ED-488F-85EA-1CCD42F4CA84}
		{5CDCB38F-2BF3-441C-813B-ED2C8BA4DBBA} = {5CDCB38F-2BF3-441C-813B-ED2C8BA4DBBA}
		{BB9135B8-3F87-4E28-A507-EDC20195F4D8} = {BB9135B8-3F87-4E28-A507-EDC20195F4D8}
	EndProjectSection
EndProject
Project("{8BC9CEB8-8B4A-11D0-8D11-00A0C91BC942}") = "MpTestDemo", "Cross\Test\MpTestDemo\vcproject\MpTestDemo.vcxproj", "{C692E918-68EB-414C-8E8D-863AD7036B35}"
	ProjectSection(ProjectDependencies) = postProject
		{F2E32707-08AB-4282-8B2C-975A608E248B} = {F2E32707-08AB-4282-8B2C-975A608E248B}
		{D7254008-F26C-4F8E-9EEA-263F4C079353} = {D7254008-F26C-4F8E-9EEA-263F4C079353}
		{0B3CA00B-86CE-477D-BA8F-10098A8B4324} = {0B3CA00B-86CE-477D-BA8F-10098A8B4324}
		{CFFE3B19-C7EA-44A2-9078-60EB443AF9D5} = {CFFE3B19-C7EA-44A2-9078-60EB443AF9D5}
		{78AB801C-DC86-4D11-ADBC-055D0BBDBFA0} = {78AB801C-DC86-4D11-ADBC-055D0BBDBFA0}
		{583E6321-6C63-4E9B-9809-159291E05DE5} = {583E6321-6C63-4E9B-9809-159291E05DE5}
		{019DBD2A-273D-4BA4-BF86-B5EFE2ED76B1} = {019DBD2A-273D-4BA4-BF86-B5EFE2ED76B1}
		{5ED65031-A7C5-4153-B84E-6D035709E628} = {5ED65031-A7C5-4153-B84E-6D035709E628}
		{4C298D4A-F16A-4CEC-8111-B357B8691C0C} = {4C298D4A-F16A-4CEC-8111-B357B8691C0C}
		{4B7CD24E-37ED-488F-85EA-1CCD42F4CA84} = {4B7CD24E-37ED-488F-85EA-1CCD42F4CA84}
		{FF01AD50-90E9-49F0-B07D-D760E3886FD3} = {FF01AD50-90E9-49F0-B07D-D760E3886FD3}
		{D6BECF5C-B417-4E17-B7A9-22372D86D837} = {D6BECF5C-B417-4E17-B7A9-22372D86D837}
		{C8F42F64-1DFE-4C30-9628-AE1D931B4E3D} = {C8F42F64-1DFE-4C30-9628-AE1D931B4E3D}
		{1A10216C-C7B6-44DA-8BF6-686CCB5A7DE7} = {1A10216C-C7B6-44DA-8BF6-686CCB5A7DE7}
		{25832B6D-1DD1-4F6F-B5A9-BF22252BDCF0} = {25832B6D-1DD1-4F6F-B5A9-BF22252BDCF0}
		{F85B417A-E5D7-4CF4-931A-3C06F66E0CEC} = {F85B417A-E5D7-4CF4-931A-3C06F66E0CEC}
		{597E6E7F-CEEA-438D-B7F0-2CEA2F8ECE7B} = {597E6E7F-CEEA-438D-B7F0-2CEA2F8ECE7B}
		{2B6A1D87-5CC1-40C7-A306-505E706754FF} = {2B6A1D87-5CC1-40C7-A306-505E706754FF}
		{C197E28A-8816-4260-80C2-E50BBF4F9E82} = {C197E28A-8816-4260-80C2-E50BBF4F9E82}
		{F008178B-222A-4B0C-914A-30FAC1ED84CC} = {F008178B-222A-4B0C-914A-30FAC1ED84CC}
		{5CDCB38F-2BF3-441C-813B-ED2C8BA4DBBA} = {5CDCB38F-2BF3-441C-813B-ED2C8BA4DBBA}
		{C69A0C9E-1ECC-4CD4-ADD8-0132F066D04B} = {C69A0C9E-1ECC-4CD4-ADD8-0132F066D04B}
		{0D18B2A4-78AE-4AC0-84FC-61B0CFA6078B} = {0D18B2A4-78AE-4AC0-84FC-61B0CFA6078B}
		{8F37B1AF-6879-406F-9365-1601BF0FC6A7} = {8F37B1AF-6879-406F-9365-1601BF0FC6A7}
		{1BA147B0-1CB9-4C20-86B8-5955D5A080A6} = {1BA147B0-1CB9-4C20-86B8-5955D5A080A6}
		{1763CEB5-F6F8-42E9-9FB1-B07CE0431D37} = {1763CEB5-F6F8-42E9-9FB1-B07CE0431D37}
		{BB9135B8-3F87-4E28-A507-EDC20195F4D8} = {BB9135B8-3F87-4E28-A507-EDC20195F4D8}
		{765D9ABA-D2AB-4FD8-8E26-E72CEFE0E789} = {765D9ABA-D2AB-4FD8-8E26-E72CEFE0E789}
		{190D9ABF-F5CC-46F9-8BB9-F45CB401406D} = {190D9ABF-F5CC-46F9-8BB9-F45CB401406D}
		{B92881C3-FDDB-427B-B489-83DF6276AC1C} = {B92881C3-FDDB-427B-B489-83DF6276AC1C}
		{669B7DC6-1020-426E-8C1F-BB2DDCFB99F6} = {669B7DC6-1020-426E-8C1F-BB2DDCFB99F6}
		{C29B8CD2-3261-4DD2-8CF3-859B570259E9} = {C29B8CD2-3261-4DD2-8CF3-859B570259E9}
		{D4F52BD3-0B67-4E89-AC0F-C0A07C34912C} = {D4F52BD3-0B67-4E89-AC0F-C0A07C34912C}
		{65E0E5D3-810E-4CCB-A972-0402BE66C40E} = {65E0E5D3-810E-4CCB-A972-0402BE66C40E}
		{5D675AE8-AA86-4BB1-85D9-E4DD47EA7513} = {5D675AE8-AA86-4BB1-85D9-E4DD47EA7513}
		{96E2B8EF-0886-4ED6-A17A-0CF0BF5867A6} = {96E2B8EF-0886-4ED6-A17A-0CF0BF5867A6}
		{952EB8F3-9383-4007-A2D4-D64BAB4BD939} = {952EB8F3-9383-4007-A2D4-D64BAB4BD939}
	EndProjectSection
EndProject
Project("{8BC9CEB8-8B4A-11D0-8D11-00A0C91BC942}") = "MpTestInstance", "Cross\Test\MpTestInstance\vcproject\MpTestInstance.vcxproj", "{5B4406B3-2797-47A5-8943-C84FF0E3DCD5}"
EndProject
Project("{2150E333-8FDC-42A3-9474-1A3956D46DE8}") = "6 - Plugin", "6 - Plugin", "{B605FA6D-2138-4F33-89B6-1509EF15FE99}"
EndProject
Project("{8BC9CEB8-8B4A-11D0-8D11-00A0C91BC942}") = "MoPluginScriptMono", "Cross\Plugin\MoPluginScriptMono\vcproject\MoPluginScriptMono.vcxproj", "{C69A0C9E-1ECC-4CD4-ADD8-0132F066D04B}"
	ProjectSection(ProjectDependencies) = postProject
		{0B3CA00B-86CE-477D-BA8F-10098A8B4324} = {0B3CA00B-86CE-477D-BA8F-10098A8B4324}
		{4B7CD24E-37ED-488F-85EA-1CCD42F4CA84} = {4B7CD24E-37ED-488F-85EA-1CCD42F4CA84}
		{5CDCB38F-2BF3-441C-813B-ED2C8BA4DBBA} = {5CDCB38F-2BF3-441C-813B-ED2C8BA4DBBA}
	EndProjectSection
EndProject
Project("{2150E333-8FDC-42A3-9474-1A3956D46DE8}") = "2 - Architecture", "2 - Architecture", "{5D5E43B2-5821-4F5B-9F1C-56D614048591}"
EndProject
Project("{8BC9CEB8-8B4A-11D0-8D11-00A0C91BC942}") = "MoArchitectureAndroid", "Cross\Architecture\MoArchitectureAndroid\vcproject\MoArchitectureAndroid.vcxproj", "{190D9ABF-F5CC-46F9-8BB9-F45CB401406D}"
EndProject
Project("{8BC9CEB8-8B4A-11D0-8D11-00A0C91BC942}") = "MoArchitectureLinux", "Cross\Architecture\MoArchitectureLinux\vcproject\MoArchitectureLinux.vcxproj", "{1BA147B0-1CB9-4C20-86B8-5955D5A080A6}"
EndProject
Project("{8BC9CEB8-8B4A-11D0-8D11-00A0C91BC942}") = "MoArchitectureMac", "Cross\Architecture\MoArchitectureMac\vcproject\MoArchitectureMac.vcxproj", "{5D675AE8-AA86-4BB1-85D9-E4DD47EA7513}"
EndProject
Project("{8BC9CEB8-8B4A-11D0-8D11-00A0C91BC942}") = "MoArchitectureWindows", "Cross\Architecture\MoArchitectureWindows\vcproject\MoArchitectureWindows.vcxproj", "{D6BECF5C-B417-4E17-B7A9-22372D86D837}"
EndProject
Project("{8BC9CEB8-8B4A-11D0-8D11-00A0C91BC942}") = "MoPlatformAndroid", "Cross\Platform\MoPlatformAndroid\vcproject\MoPlatformAndroid.vcxproj", "{BBC843F8-BB41-453D-9C81-4B2AD9EFD069}"
EndProject
Project("{8BC9CEB8-8B4A-11D0-8D11-00A0C91BC942}") = "MoPlatformDirectX10", "Cross\Platform\MoPlatformDirectX10\vcproject\MoPlatformDirectX10.vcxproj", "{78AB801C-DC86-4D11-ADBC-055D0BBDBFA0}"
EndProject
Project("{8BC9CEB8-8B4A-11D0-8D11-00A0C91BC942}") = "MoPlatformOpenGL", "Cross\Platform\MoPlatformOpenGL\vcproject\MoPlatformOpenGL.vcxproj", "{D4F52BD3-0B67-4E89-AC0F-C0A07C34912C}"
EndProject
Project("{8BC9CEB8-8B4A-11D0-8D11-00A0C91BC942}") = "MoPlatformOpenGLES3", "Cross\Platform\MoPlatformOpenGLES3\vcproject\MoPlatformOpenGLES3.vcxproj", "{8F37B1AF-6879-406F-9365-1601BF0FC6A7}"
EndProject
Project("{8BC9CEB8-8B4A-11D0-8D11-00A0C91BC942}") = "MoPlatformDirectX11", "Cross\Platform\MoPlatformDirectX11\vcproject\MoPlatformDirectX11.vcxproj", "{96E2B8EF-0886-4ED6-A17A-0CF0BF5867A6}"
EndProject
Project("{8BC9CEB8-8B4A-11D0-8D11-00A0C91BC942}") = "MoPlatformDirectX9", "Cross\Platform\MoPlatformDirectX9\vcproject\MoPlatformDirectX9.vcxproj", "{25832B6D-1DD1-4F6F-B5A9-BF22252BDCF0}"
EndProject
Global
	GlobalSection(SolutionConfigurationPlatforms) = preSolution
		Debug|Win32 = Debug|Win32
		Debug|x64 = Debug|x64
		Release|Win32 = Release|Win32
		Release|x64 = Release|x64
	EndGlobalSection
	GlobalSection(ProjectConfigurationPlatforms) = postSolution
		{5CDCB38F-2BF3-441C-813B-ED2C8BA4DBBA}.Debug|Win32.ActiveCfg = Debug|Win32
		{5CDCB38F-2BF3-441C-813B-ED2C8BA4DBBA}.Debug|Win32.Build.0 = Debug|Win32
		{5CDCB38F-2BF3-441C-813B-ED2C8BA4DBBA}.Debug|x64.ActiveCfg = Debug|x64
		{5CDCB38F-2BF3-441C-813B-ED2C8BA4DBBA}.Debug|x64.Build.0 = Debug|x64
		{5CDCB38F-2BF3-441C-813B-ED2C8BA4DBBA}.Release|Win32.ActiveCfg = Release|Win32
		{5CDCB38F-2BF3-441C-813B-ED2C8BA4DBBA}.Release|Win32.Build.0 = Release|Win32
		{5CDCB38F-2BF3-441C-813B-ED2C8BA4DBBA}.Release|x64.ActiveCfg = Release|x64
		{5CDCB38F-2BF3-441C-813B-ED2C8BA4DBBA}.Release|x64.Build.0 = Release|x64
		{4B7CD24E-37ED-488F-85EA-1CCD42F4CA84}.Debug|Win32.ActiveCfg = Debug|Win32
		{4B7CD24E-37ED-488F-85EA-1CCD42F4CA84}.Debug|Win32.Build.0 = Debug|Win32
		{4B7CD24E-37ED-488F-85EA-1CCD42F4CA84}.Debug|x64.ActiveCfg = Debug|x64
		{4B7CD24E-37ED-488F-85EA-1CCD42F4CA84}.Debug|x64.Build.0 = Debug|x64
		{4B7CD24E-37ED-488F-85EA-1CCD42F4CA84}.Release|Win32.ActiveCfg = Release|Win32
		{4B7CD24E-37ED-488F-85EA-1CCD42F4CA84}.Release|Win32.Build.0 = Release|Win32
		{4B7CD24E-37ED-488F-85EA-1CCD42F4CA84}.Release|x64.ActiveCfg = Release|x64
		{4B7CD24E-37ED-488F-85EA-1CCD42F4CA84}.Release|x64.Build.0 = Release|x64
		{F008178B-222A-4B0C-914A-30FAC1ED84CC}.Debug|Win32.ActiveCfg = Debug|Win32
		{F008178B-222A-4B0C-914A-30FAC1ED84CC}.Debug|Win32.Build.0 = Debug|Win32
		{F008178B-222A-4B0C-914A-30FAC1ED84CC}.Debug|x64.ActiveCfg = Debug|x64
		{F008178B-222A-4B0C-914A-30FAC1ED84CC}.Debug|x64.Build.0 = Debug|x64
		{F008178B-222A-4B0C-914A-30FAC1ED84CC}.Release|Win32.ActiveCfg = Release|Win32
		{F008178B-222A-4B0C-914A-30FAC1ED84CC}.Release|Win32.Build.0 = Release|Win32
		{F008178B-222A-4B0C-914A-30FAC1ED84CC}.Release|x64.ActiveCfg = Release|x64
		{F008178B-222A-4B0C-914A-30FAC1ED84CC}.Release|x64.Build.0 = Release|x64
		{C8F42F64-1DFE-4C30-9628-AE1D931B4E3D}.Debug|Win32.ActiveCfg = Debug|Win32
		{C8F42F64-1DFE-4C30-9628-AE1D931B4E3D}.Debug|Win32.Build.0 = Debug|Win32
		{C8F42F64-1DFE-4C30-9628-AE1D931B4E3D}.Debug|x64.ActiveCfg = Debug|x64
		{C8F42F64-1DFE-4C30-9628-AE1D931B4E3D}.Debug|x64.Build.0 = Debug|x64
		{C8F42F64-1DFE-4C30-9628-AE1D931B4E3D}.Release|Win32.ActiveCfg = Release|Win32
		{C8F42F64-1DFE-4C30-9628-AE1D931B4E3D}.Release|Win32.Build.0 = Release|Win32
		{C8F42F64-1DFE-4C30-9628-AE1D931B4E3D}.Release|x64.ActiveCfg = Release|x64
		{C8F42F64-1DFE-4C30-9628-AE1D931B4E3D}.Release|x64.Build.0 = Release|x64
		{D7254008-F26C-4F8E-9EEA-263F4C079353}.Debug|Win32.ActiveCfg = Debug|Win32
		{D7254008-F26C-4F8E-9EEA-263F4C079353}.Debug|Win32.Build.0 = Debug|Win32
		{D7254008-F26C-4F8E-9EEA-263F4C079353}.Debug|x64.ActiveCfg = Debug|x64
		{D7254008-F26C-4F8E-9EEA-263F4C079353}.Debug|x64.Build.0 = Debug|x64
		{D7254008-F26C-4F8E-9EEA-263F4C079353}.Release|Win32.ActiveCfg = Release|Win32
		{D7254008-F26C-4F8E-9EEA-263F4C079353}.Release|Win32.Build.0 = Release|Win32
		{D7254008-F26C-4F8E-9EEA-263F4C079353}.Release|x64.ActiveCfg = Release|x64
		{D7254008-F26C-4F8E-9EEA-263F4C079353}.Release|x64.Build.0 = Release|x64
		{019DBD2A-273D-4BA4-BF86-B5EFE2ED76B1}.Debug|Win32.ActiveCfg = Debug|Win32
		{019DBD2A-273D-4BA4-BF86-B5EFE2ED76B1}.Debug|Win32.Build.0 = Debug|Win32
		{019DBD2A-273D-4BA4-BF86-B5EFE2ED76B1}.Debug|x64.ActiveCfg = Debug|x64
		{019DBD2A-273D-4BA4-BF86-B5EFE2ED76B1}.Debug|x64.Build.0 = Debug|x64
		{019DBD2A-273D-4BA4-BF86-B5EFE2ED76B1}.Release|Win32.ActiveCfg = Release|Win32
		{019DBD2A-273D-4BA4-BF86-B5EFE2ED76B1}.Release|Win32.Build.0 = Release|Win32
		{019DBD2A-273D-4BA4-BF86-B5EFE2ED76B1}.Release|x64.ActiveCfg = Release|x64
		{019DBD2A-273D-4BA4-BF86-B5EFE2ED76B1}.Release|x64.Build.0 = Release|x64
		{65E0E5D3-810E-4CCB-A972-0402BE66C40E}.Debug|Win32.ActiveCfg = Debug|Win32
		{65E0E5D3-810E-4CCB-A972-0402BE66C40E}.Debug|Win32.Build.0 = Debug|Win32
		{65E0E5D3-810E-4CCB-A972-0402BE66C40E}.Debug|x64.ActiveCfg = Debug|x64
		{65E0E5D3-810E-4CCB-A972-0402BE66C40E}.Debug|x64.Build.0 = Debug|x64
		{65E0E5D3-810E-4CCB-A972-0402BE66C40E}.Release|Win32.ActiveCfg = Release|Win32
		{65E0E5D3-810E-4CCB-A972-0402BE66C40E}.Release|Win32.Build.0 = Release|Win32
		{65E0E5D3-810E-4CCB-A972-0402BE66C40E}.Release|x64.ActiveCfg = Release|x64
		{65E0E5D3-810E-4CCB-A972-0402BE66C40E}.Release|x64.Build.0 = Release|x64
		{2B6A1D87-5CC1-40C7-A306-505E706754FF}.Debug|Win32.ActiveCfg = Debug|Win32
		{2B6A1D87-5CC1-40C7-A306-505E706754FF}.Debug|Win32.Build.0 = Debug|Win32
		{2B6A1D87-5CC1-40C7-A306-505E706754FF}.Debug|x64.ActiveCfg = Debug|x64
		{2B6A1D87-5CC1-40C7-A306-505E706754FF}.Debug|x64.Build.0 = Debug|x64
		{2B6A1D87-5CC1-40C7-A306-505E706754FF}.Release|Win32.ActiveCfg = Release|Win32
		{2B6A1D87-5CC1-40C7-A306-505E706754FF}.Release|Win32.Build.0 = Release|Win32
		{2B6A1D87-5CC1-40C7-A306-505E706754FF}.Release|x64.ActiveCfg = Release|x64
		{2B6A1D87-5CC1-40C7-A306-505E706754FF}.Release|x64.Build.0 = Release|x64
		{952EB8F3-9383-4007-A2D4-D64BAB4BD939}.Debug|Win32.ActiveCfg = Debug|Win32
		{952EB8F3-9383-4007-A2D4-D64BAB4BD939}.Debug|Win32.Build.0 = Debug|Win32
		{952EB8F3-9383-4007-A2D4-D64BAB4BD939}.Debug|x64.ActiveCfg = Debug|Win32
		{952EB8F3-9383-4007-A2D4-D64BAB4BD939}.Release|Win32.ActiveCfg = Release|Win32
		{952EB8F3-9383-4007-A2D4-D64BAB4BD939}.Release|Win32.Build.0 = Release|Win32
		{952EB8F3-9383-4007-A2D4-D64BAB4BD939}.Release|x64.ActiveCfg = Release|Win32
		{C29B8CD2-3261-4DD2-8CF3-859B570259E9}.Debug|Win32.ActiveCfg = Debug|Win32
		{C29B8CD2-3261-4DD2-8CF3-859B570259E9}.Debug|Win32.Build.0 = Debug|Win32
		{C29B8CD2-3261-4DD2-8CF3-859B570259E9}.Debug|x64.ActiveCfg = Debug|Win32
		{C29B8CD2-3261-4DD2-8CF3-859B570259E9}.Release|Win32.ActiveCfg = Release|Win32
		{C29B8CD2-3261-4DD2-8CF3-859B570259E9}.Release|Win32.Build.0 = Release|Win32
		{C29B8CD2-3261-4DD2-8CF3-859B570259E9}.Release|x64.ActiveCfg = Release|Win32
		{0D18B2A4-78AE-4AC0-84FC-61B0CFA6078B}.Debug|Win32.ActiveCfg = Debug|Win32
		{0D18B2A4-78AE-4AC0-84FC-61B0CFA6078B}.Debug|Win32.Build.0 = Debug|Win32
		{0D18B2A4-78AE-4AC0-84FC-61B0CFA6078B}.Debug|x64.ActiveCfg = Debug|Win32
		{0D18B2A4-78AE-4AC0-84FC-61B0CFA6078B}.Release|Win32.ActiveCfg = Release|Win32
		{0D18B2A4-78AE-4AC0-84FC-61B0CFA6078B}.Release|Win32.Build.0 = Release|Win32
		{0D18B2A4-78AE-4AC0-84FC-61B0CFA6078B}.Release|x64.ActiveCfg = Release|Win32
		{F2E32707-08AB-4282-8B2C-975A608E248B}.Debug|Win32.ActiveCfg = Debug|Win32
		{F2E32707-08AB-4282-8B2C-975A608E248B}.Debug|Win32.Build.0 = Debug|Win32
		{F2E32707-08AB-4282-8B2C-975A608E248B}.Debug|x64.ActiveCfg = Debug|Win32
		{F2E32707-08AB-4282-8B2C-975A608E248B}.Release|Win32.ActiveCfg = Release|Win32
		{F2E32707-08AB-4282-8B2C-975A608E248B}.Release|Win32.Build.0 = Release|Win32
		{F2E32707-08AB-4282-8B2C-975A608E248B}.Release|x64.ActiveCfg = Release|Win32
		{5ED65031-A7C5-4153-B84E-6D035709E628}.Debug|Win32.ActiveCfg = Debug|Win32
		{5ED65031-A7C5-4153-B84E-6D035709E628}.Debug|Win32.Build.0 = Debug|Win32
		{5ED65031-A7C5-4153-B84E-6D035709E628}.Debug|x64.ActiveCfg = Debug|Win32
		{5ED65031-A7C5-4153-B84E-6D035709E628}.Release|Win32.ActiveCfg = Release|Win32
		{5ED65031-A7C5-4153-B84E-6D035709E628}.Release|Win32.Build.0 = Release|Win32
		{5ED65031-A7C5-4153-B84E-6D035709E628}.Release|x64.ActiveCfg = Release|Win32
		{765D9ABA-D2AB-4FD8-8E26-E72CEFE0E789}.Debug|Win32.ActiveCfg = Debug|Win32
		{765D9ABA-D2AB-4FD8-8E26-E72CEFE0E789}.Debug|Win32.Build.0 = Debug|Win32
		{765D9ABA-D2AB-4FD8-8E26-E72CEFE0E789}.Debug|x64.ActiveCfg = Debug|Win32
		{765D9ABA-D2AB-4FD8-8E26-E72CEFE0E789}.Release|Win32.ActiveCfg = Release|Win32
		{765D9ABA-D2AB-4FD8-8E26-E72CEFE0E789}.Release|Win32.Build.0 = Release|Win32
		{765D9ABA-D2AB-4FD8-8E26-E72CEFE0E789}.Release|x64.ActiveCfg = Release|Win32
		{CFFE3B19-C7EA-44A2-9078-60EB443AF9D5}.Debug|Win32.ActiveCfg = Debug|Win32
		{CFFE3B19-C7EA-44A2-9078-60EB443AF9D5}.Debug|Win32.Build.0 = Debug|Win32
		{CFFE3B19-C7EA-44A2-9078-60EB443AF9D5}.Debug|x64.ActiveCfg = Debug|Win32
		{CFFE3B19-C7EA-44A2-9078-60EB443AF9D5}.Release|Win32.ActiveCfg = Release|Win32
		{CFFE3B19-C7EA-44A2-9078-60EB443AF9D5}.Release|Win32.Build.0 = Release|Win32
		{CFFE3B19-C7EA-44A2-9078-60EB443AF9D5}.Release|x64.ActiveCfg = Release|Win32
		{0B3CA00B-86CE-477D-BA8F-10098A8B4324}.Debug|Win32.ActiveCfg = Debug|Win32
		{0B3CA00B-86CE-477D-BA8F-10098A8B4324}.Debug|Win32.Build.0 = Debug|Win32
		{0B3CA00B-86CE-477D-BA8F-10098A8B4324}.Debug|x64.ActiveCfg = Debug|Win32
		{0B3CA00B-86CE-477D-BA8F-10098A8B4324}.Release|Win32.ActiveCfg = Release|Win32
		{0B3CA00B-86CE-477D-BA8F-10098A8B4324}.Release|Win32.Build.0 = Release|Win32
		{0B3CA00B-86CE-477D-BA8F-10098A8B4324}.Release|x64.ActiveCfg = Release|Win32
		{C197E28A-8816-4260-80C2-E50BBF4F9E82}.Debug|Win32.ActiveCfg = Debug|Win32
		{C197E28A-8816-4260-80C2-E50BBF4F9E82}.Debug|Win32.Build.0 = Debug|Win32
		{C197E28A-8816-4260-80C2-E50BBF4F9E82}.Debug|x64.ActiveCfg = Debug|Win32
		{C197E28A-8816-4260-80C2-E50BBF4F9E82}.Release|Win32.ActiveCfg = Release|Win32
		{C197E28A-8816-4260-80C2-E50BBF4F9E82}.Release|Win32.Build.0 = Release|Win32
		{C197E28A-8816-4260-80C2-E50BBF4F9E82}.Release|x64.ActiveCfg = Release|Win32
		{4C298D4A-F16A-4CEC-8111-B357B8691C0C}.Debug|Win32.ActiveCfg = Debug|Win32
		{4C298D4A-F16A-4CEC-8111-B357B8691C0C}.Debug|Win32.Build.0 = Debug|Win32
		{4C298D4A-F16A-4CEC-8111-B357B8691C0C}.Debug|x64.ActiveCfg = Debug|Win32
		{4C298D4A-F16A-4CEC-8111-B357B8691C0C}.Release|Win32.ActiveCfg = Release|Win32
		{4C298D4A-F16A-4CEC-8111-B357B8691C0C}.Release|Win32.Build.0 = Release|Win32
		{4C298D4A-F16A-4CEC-8111-B357B8691C0C}.Release|x64.ActiveCfg = Release|Win32
		{BB9135B8-3F87-4E28-A507-EDC20195F4D8}.Debug|Win32.ActiveCfg = Debug|Win32
		{BB9135B8-3F87-4E28-A507-EDC20195F4D8}.Debug|Win32.Build.0 = Debug|Win32
		{BB9135B8-3F87-4E28-A507-EDC20195F4D8}.Debug|x64.ActiveCfg = Debug|Win32
		{BB9135B8-3F87-4E28-A507-EDC20195F4D8}.Release|Win32.ActiveCfg = Release|Win32
		{BB9135B8-3F87-4E28-A507-EDC20195F4D8}.Release|Win32.Build.0 = Release|Win32
		{BB9135B8-3F87-4E28-A507-EDC20195F4D8}.Release|x64.ActiveCfg = Release|Win32
		{1A10216C-C7B6-44DA-8BF6-686CCB5A7DE7}.Debug|Win32.ActiveCfg = Debug|Win32
		{1A10216C-C7B6-44DA-8BF6-686CCB5A7DE7}.Debug|Win32.Build.0 = Debug|Win32
		{1A10216C-C7B6-44DA-8BF6-686CCB5A7DE7}.Debug|x64.ActiveCfg = Debug|Win32
		{1A10216C-C7B6-44DA-8BF6-686CCB5A7DE7}.Release|Win32.ActiveCfg = Release|Win32
		{1A10216C-C7B6-44DA-8BF6-686CCB5A7DE7}.Release|Win32.Build.0 = Release|Win32
		{1A10216C-C7B6-44DA-8BF6-686CCB5A7DE7}.Release|x64.ActiveCfg = Release|Win32
		{B92881C3-FDDB-427B-B489-83DF6276AC1C}.Debug|Win32.ActiveCfg = Debug|Win32
		{B92881C3-FDDB-427B-B489-83DF6276AC1C}.Debug|Win32.Build.0 = Debug|Win32
		{B92881C3-FDDB-427B-B489-83DF6276AC1C}.Debug|x64.ActiveCfg = Debug|Win32
		{B92881C3-FDDB-427B-B489-83DF6276AC1C}.Release|Win32.ActiveCfg = Release|Win32
		{B92881C3-FDDB-427B-B489-83DF6276AC1C}.Release|Win32.Build.0 = Release|Win32
		{B92881C3-FDDB-427B-B489-83DF6276AC1C}.Release|x64.ActiveCfg = Release|Win32
		{FF01AD50-90E9-49F0-B07D-D760E3886FD3}.Debug|Win32.ActiveCfg = Debug|Win32
		{FF01AD50-90E9-49F0-B07D-D760E3886FD3}.Debug|Win32.Build.0 = Debug|Win32
		{FF01AD50-90E9-49F0-B07D-D760E3886FD3}.Debug|x64.ActiveCfg = Debug|Win32
		{FF01AD50-90E9-49F0-B07D-D760E3886FD3}.Release|Win32.ActiveCfg = Release|Win32
		{FF01AD50-90E9-49F0-B07D-D760E3886FD3}.Release|Win32.Build.0 = Release|Win32
		{FF01AD50-90E9-49F0-B07D-D760E3886FD3}.Release|x64.ActiveCfg = Release|Win32
		{1763CEB5-F6F8-42E9-9FB1-B07CE0431D37}.Debug|Win32.ActiveCfg = Debug|Win32
		{1763CEB5-F6F8-42E9-9FB1-B07CE0431D37}.Debug|Win32.Build.0 = Debug|Win32
		{1763CEB5-F6F8-42E9-9FB1-B07CE0431D37}.Debug|x64.ActiveCfg = Debug|Win32
		{1763CEB5-F6F8-42E9-9FB1-B07CE0431D37}.Release|Win32.ActiveCfg = Release|Win32
		{1763CEB5-F6F8-42E9-9FB1-B07CE0431D37}.Release|Win32.Build.0 = Release|Win32
		{1763CEB5-F6F8-42E9-9FB1-B07CE0431D37}.Release|x64.ActiveCfg = Release|Win32
		{583E6321-6C63-4E9B-9809-159291E05DE5}.Debug|Win32.ActiveCfg = Debug|Win32
		{583E6321-6C63-4E9B-9809-159291E05DE5}.Debug|Win32.Build.0 = Debug|Win32
		{583E6321-6C63-4E9B-9809-159291E05DE5}.Debug|x64.ActiveCfg = Debug|Win32
		{583E6321-6C63-4E9B-9809-159291E05DE5}.Release|Win32.ActiveCfg = Release|Win32
		{583E6321-6C63-4E9B-9809-159291E05DE5}.Release|Win32.Build.0 = Release|Win32
		{583E6321-6C63-4E9B-9809-159291E05DE5}.Release|x64.ActiveCfg = Release|Win32
		{F85B417A-E5D7-4CF4-931A-3C06F66E0CEC}.Debug|Win32.ActiveCfg = Debug|Win32
		{F85B417A-E5D7-4CF4-931A-3C06F66E0CEC}.Debug|Win32.Build.0 = Debug|Win32
		{F85B417A-E5D7-4CF4-931A-3C06F66E0CEC}.Debug|x64.ActiveCfg = Debug|Win32
		{F85B417A-E5D7-4CF4-931A-3C06F66E0CEC}.Release|Win32.ActiveCfg = Release|Win32
		{F85B417A-E5D7-4CF4-931A-3C06F66E0CEC}.Release|Win32.Build.0 = Release|Win32
		{F85B417A-E5D7-4CF4-931A-3C06F66E0CEC}.Release|x64.ActiveCfg = Release|Win32
		{669B7DC6-1020-426E-8C1F-BB2DDCFB99F6}.Debug|Win32.ActiveCfg = Debug|Win32
		{669B7DC6-1020-426E-8C1F-BB2DDCFB99F6}.Debug|Win32.Build.0 = Debug|Win32
		{669B7DC6-1020-426E-8C1F-BB2DDCFB99F6}.Debug|x64.ActiveCfg = Debug|Win32
		{669B7DC6-1020-426E-8C1F-BB2DDCFB99F6}.Release|Win32.ActiveCfg = Release|Win32
		{669B7DC6-1020-426E-8C1F-BB2DDCFB99F6}.Release|Win32.Build.0 = Release|Win32
		{669B7DC6-1020-426E-8C1F-BB2DDCFB99F6}.Release|x64.ActiveCfg = Release|Win32
		{597E6E7F-CEEA-438D-B7F0-2CEA2F8ECE7B}.Debug|Win32.ActiveCfg = Debug|Win32
		{597E6E7F-CEEA-438D-B7F0-2CEA2F8ECE7B}.Debug|Win32.Build.0 = Debug|Win32
		{597E6E7F-CEEA-438D-B7F0-2CEA2F8ECE7B}.Debug|x64.ActiveCfg = Debug|Win32
		{597E6E7F-CEEA-438D-B7F0-2CEA2F8ECE7B}.Release|Win32.ActiveCfg = Release|Win32
		{597E6E7F-CEEA-438D-B7F0-2CEA2F8ECE7B}.Release|Win32.Build.0 = Release|Win32
		{597E6E7F-CEEA-438D-B7F0-2CEA2F8ECE7B}.Release|x64.ActiveCfg = Release|Win32
		{C692E918-68EB-414C-8E8D-863AD7036B35}.Debug|Win32.ActiveCfg = Debug|Win32
		{C692E918-68EB-414C-8E8D-863AD7036B35}.Debug|Win32.Build.0 = Debug|Win32
		{C692E918-68EB-414C-8E8D-863AD7036B35}.Debug|x64.ActiveCfg = Debug|Win32
		{C692E918-68EB-414C-8E8D-863AD7036B35}.Release|Win32.ActiveCfg = Release|Win32
		{C692E918-68EB-414C-8E8D-863AD7036B35}.Release|Win32.Build.0 = Release|Win32
		{C692E918-68EB-414C-8E8D-863AD7036B35}.Release|x64.ActiveCfg = Release|Win32
		{5B4406B3-2797-47A5-8943-C84FF0E3DCD5}.Debug|Win32.ActiveCfg = Debug|Win32
		{5B4406B3-2797-47A5-8943-C84FF0E3DCD5}.Debug|Win32.Build.0 = Debug|Win32
		{5B4406B3-2797-47A5-8943-C84FF0E3DCD5}.Debug|x64.ActiveCfg = Debug|Win32
		{5B4406B3-2797-47A5-8943-C84FF0E3DCD5}.Release|Win32.ActiveCfg = Release|Win32
		{5B4406B3-2797-47A5-8943-C84FF0E3DCD5}.Release|Win32.Build.0 = Release|Win32
		{5B4406B3-2797-47A5-8943-C84FF0E3DCD5}.Release|x64.ActiveCfg = Release|Win32
		{C69A0C9E-1ECC-4CD4-ADD8-0132F066D04B}.Debug|Win32.ActiveCfg = Debug|Win32
		{C69A0C9E-1ECC-4CD4-ADD8-0132F066D04B}.Debug|Win32.Build.0 = Debug|Win32
		{C69A0C9E-1ECC-4CD4-ADD8-0132F066D04B}.Debug|x64.ActiveCfg = Debug|Win32
		{C69A0C9E-1ECC-4CD4-ADD8-0132F066D04B}.Release|Win32.ActiveCfg = Release|Win32
		{C69A0C9E-1ECC-4CD4-ADD8-0132F066D04B}.Release|Win32.Build.0 = Release|Win32
		{C69A0C9E-1ECC-4CD4-ADD8-0132F066D04B}.Release|x64.ActiveCfg = Release|Win32
		{190D9ABF-F5CC-46F9-8BB9-F45CB401406D}.Debug|Win32.ActiveCfg = Debug|Win32
		{190D9ABF-F5CC-46F9-8BB9-F45CB401406D}.Debug|Win32.Build.0 = Debug|Win32
		{190D9ABF-F5CC-46F9-8BB9-F45CB401406D}.Debug|x64.ActiveCfg = Debug|x64
		{190D9ABF-F5CC-46F9-8BB9-F45CB401406D}.Debug|x64.Build.0 = Debug|x64
		{190D9ABF-F5CC-46F9-8BB9-F45CB401406D}.Release|Win32.ActiveCfg = Release|Win32
		{190D9ABF-F5CC-46F9-8BB9-F45CB401406D}.Release|Win32.Build.0 = Release|Win32
		{190D9ABF-F5CC-46F9-8BB9-F45CB401406D}.Release|x64.ActiveCfg = Release|x64
		{190D9ABF-F5CC-46F9-8BB9-F45CB401406D}.Release|x64.Build.0 = Release|x64
		{1BA147B0-1CB9-4C20-86B8-5955D5A080A6}.Debug|Win32.ActiveCfg = Debug|Win32
		{1BA147B0-1CB9-4C20-86B8-5955D5A080A6}.Debug|Win32.Build.0 = Debug|Win32
		{1BA147B0-1CB9-4C20-86B8-5955D5A080A6}.Debug|x64.ActiveCfg = Debug|x64
		{1BA147B0-1CB9-4C20-86B8-5955D5A080A6}.Debug|x64.Build.0 = Debug|x64
		{1BA147B0-1CB9-4C20-86B8-5955D5A080A6}.Release|Win32.ActiveCfg = Release|Win32
		{1BA147B0-1CB9-4C20-86B8-5955D5A080A6}.Release|Win32.Build.0 = Release|Win32
		{1BA147B0-1CB9-4C20-86B8-5955D5A080A6}.Release|x64.ActiveCfg = Release|x64
		{1BA147B0-1CB9-4C20-86B8-5955D5A080A6}.Release|x64.Build.0 = Release|x64
		{5D675AE8-AA86-4BB1-85D9-E4DD47EA7513}.Debug|Win32.ActiveCfg = Debug|Win32
		{5D675AE8-AA86-4BB1-85D9-E4DD47EA7513}.Debug|Win32.Build.0 = Debug|Win32
		{5D675AE8-AA86-4BB1-85D9-E4DD47EA7513}.Debug|x64.ActiveCfg = Debug|x64
		{5D675AE8-AA86-4BB1-85D9-E4DD47EA7513}.Debug|x64.Build.0 = Debug|x64
		{5D675AE8-AA86-4BB1-85D9-E4DD47EA7513}.Release|Win32.ActiveCfg = Release|Win32
		{5D675AE8-AA86-4BB1-85D9-E4DD47EA7513}.Release|Win32.Build.0 = Release|Win32
		{5D675AE8-AA86-4BB1-85D9-E4DD47EA7513}.Release|x64.ActiveCfg = Release|x64
		{5D675AE8-AA86-4BB1-85D9-E4DD47EA7513}.Release|x64.Build.0 = Release|x64
		{D6BECF5C-B417-4E17-B7A9-22372D86D837}.Debug|Win32.ActiveCfg = Debug|Win32
		{D6BECF5C-B417-4E17-B7A9-22372D86D837}.Debug|Win32.Build.0 = Debug|Win32
		{D6BECF5C-B417-4E17-B7A9-22372D86D837}.Debug|x64.ActiveCfg = Debug|x64
		{D6BECF5C-B417-4E17-B7A9-22372D86D837}.Debug|x64.Build.0 = Debug|x64
		{D6BECF5C-B417-4E17-B7A9-22372D86D837}.Release|Win32.ActiveCfg = Release|Win32
		{D6BECF5C-B417-4E17-B7A9-22372D86D837}.Release|Win32.Build.0 = Release|Win32
		{D6BECF5C-B417-4E17-B7A9-22372D86D837}.Release|x64.ActiveCfg = Release|x64
		{D6BECF5C-B417-4E17-B7A9-22372D86D837}.Release|x64.Build.0 = Release|x64
		{BBC843F8-BB41-453D-9C81-4B2AD9EFD069}.Debug|Win32.ActiveCfg = Debug|Win32
		{BBC843F8-BB41-453D-9C81-4B2AD9EFD069}.Debug|Win32.Build.0 = Debug|Win32
		{BBC843F8-BB41-453D-9C81-4B2AD9EFD069}.Debug|x64.ActiveCfg = Debug|Win32
		{BBC843F8-BB41-453D-9C81-4B2AD9EFD069}.Release|Win32.ActiveCfg = Release|Win32
		{BBC843F8-BB41-453D-9C81-4B2AD9EFD069}.Release|Win32.Build.0 = Release|Win32
		{BBC843F8-BB41-453D-9C81-4B2AD9EFD069}.Release|x64.ActiveCfg = Release|Win32
		{78AB801C-DC86-4D11-ADBC-055D0BBDBFA0}.Debug|Win32.ActiveCfg = Debug|Win32
		{78AB801C-DC86-4D11-ADBC-055D0BBDBFA0}.Debug|Win32.Build.0 = Debug|Win32
		{78AB801C-DC86-4D11-ADBC-055D0BBDBFA0}.Debug|x64.ActiveCfg = Debug|Win32
		{78AB801C-DC86-4D11-ADBC-055D0BBDBFA0}.Release|Win32.ActiveCfg = Release|Win32
		{78AB801C-DC86-4D11-ADBC-055D0BBDBFA0}.Release|Win32.Build.0 = Release|Win32
		{78AB801C-DC86-4D11-ADBC-055D0BBDBFA0}.Release|x64.ActiveCfg = Release|Win32
		{D4F52BD3-0B67-4E89-AC0F-C0A07C34912C}.Debug|Win32.ActiveCfg = Debug|Win32
		{D4F52BD3-0B67-4E89-AC0F-C0A07C34912C}.Debug|Win32.Build.0 = Debug|Win32
		{D4F52BD3-0B67-4E89-AC0F-C0A07C34912C}.Debug|x64.ActiveCfg = Debug|Win32
		{D4F52BD3-0B67-4E89-AC0F-C0A07C34912C}.Release|Win32.ActiveCfg = Release|Win32
		{D4F52BD3-0B67-4E89-AC0F-C0A07C34912C}.Release|Win32.Build.0 = Release|Win32
		{D4F52BD3-0B67-4E89-AC0F-C0A07C34912C}.Release|x64.ActiveCfg = Release|Win32
		{8F37B1AF-6879-406F-9365-1601BF0FC6A7}.Debug|Win32.ActiveCfg = Debug|Win32
		{8F37B1AF-6879-406F-9365-1601BF0FC6A7}.Debug|Win32.Build.0 = Debug|Win32
		{8F37B1AF-6879-406F-9365-1601BF0FC6A7}.Debug|x64.ActiveCfg = Debug|Win32
		{8F37B1AF-6879-406F-9365-1601BF0FC6A7}.Release|Win32.ActiveCfg = Release|Win32
		{8F37B1AF-6879-406F-9365-1601BF0FC6A7}.Release|Win32.Build.0 = Release|Win32
		{8F37B1AF-6879-406F-9365-1601BF0FC6A7}.Release|x64.ActiveCfg = Release|Win32
		{96E2B8EF-0886-4ED6-A17A-0CF0BF5867A6}.Debug|Win32.ActiveCfg = Debug|Win32
		{96E2B8EF-0886-4ED6-A17A-0CF0BF5867A6}.Debug|Win32.Build.0 = Debug|Win32
		{96E2B8EF-0886-4ED6-A17A-0CF0BF5867A6}.Debug|x64.ActiveCfg = Debug|Win32
		{96E2B8EF-0886-4ED6-A17A-0CF0BF5867A6}.Release|Win32.ActiveCfg = Release|Win32
		{96E2B8EF-0886-4ED6-A17A-0CF0BF5867A6}.Release|Win32.Build.0 = Release|Win32
		{96E2B8EF-0886-4ED6-A17A-0CF0BF5867A6}.Release|x64.ActiveCfg = Release|Win32
		{25832B6D-1DD1-4F6F-B5A9-BF22252BDCF0}.Debug|Win32.ActiveCfg = Debug|Win32
		{25832B6D-1DD1-4F6F-B5A9-BF22252BDCF0}.Debug|Win32.Build.0 = Debug|Win32
		{25832B6D-1DD1-4F6F-B5A9-BF22252BDCF0}.Debug|x64.ActiveCfg = Debug|Win32
		{25832B6D-1DD1-4F6F-B5A9-BF22252BDCF0}.Release|Win32.ActiveCfg = Release|Win32
		{25832B6D-1DD1-4F6F-B5A9-BF22252BDCF0}.Release|Win32.Build.0 = Release|Win32
		{25832B6D-1DD1-4F6F-B5A9-BF22252BDCF0}.Release|x64.ActiveCfg = Release|Win32
	EndGlobalSection
	GlobalSection(SolutionProperties) = preSolution
		HideSolutionNode = FALSE
	EndGlobalSection
	GlobalSection(NestedProjects) = preSolution
		{5CDCB38F-2BF3-441C-813B-ED2C8BA4DBBA} = {17BCA5EC-8BF3-42F9-932C-BBF75001C22C}
		{4B7CD24E-37ED-488F-85EA-1CCD42F4CA84} = {17BCA5EC-8BF3-42F9-932C-BBF75001C22C}
		{F008178B-222A-4B0C-914A-30FAC1ED84CC} = {17BCA5EC-8BF3-42F9-932C-BBF75001C22C}
		{BB9135B8-3F87-4E28-A507-EDC20195F4D8} = {6BD172D3-DF22-4324-9087-FCDA773BD438}
		{1A10216C-C7B6-44DA-8BF6-686CCB5A7DE7} = {6BD172D3-DF22-4324-9087-FCDA773BD438}
		{B92881C3-FDDB-427B-B489-83DF6276AC1C} = {6BD172D3-DF22-4324-9087-FCDA773BD438}
		{FF01AD50-90E9-49F0-B07D-D760E3886FD3} = {6BD172D3-DF22-4324-9087-FCDA773BD438}
		{1763CEB5-F6F8-42E9-9FB1-B07CE0431D37} = {6BD172D3-DF22-4324-9087-FCDA773BD438}
		{583E6321-6C63-4E9B-9809-159291E05DE5} = {6BD172D3-DF22-4324-9087-FCDA773BD438}
		{C8F42F64-1DFE-4C30-9628-AE1D931B4E3D} = {CD3C8E0A-E2C9-4844-A5B6-A41CE51C4C44}
		{D7254008-F26C-4F8E-9EEA-263F4C079353} = {CD3C8E0A-E2C9-4844-A5B6-A41CE51C4C44}
		{019DBD2A-273D-4BA4-BF86-B5EFE2ED76B1} = {CD3C8E0A-E2C9-4844-A5B6-A41CE51C4C44}
		{65E0E5D3-810E-4CCB-A972-0402BE66C40E} = {CD3C8E0A-E2C9-4844-A5B6-A41CE51C4C44}
		{2B6A1D87-5CC1-40C7-A306-505E706754FF} = {CD3C8E0A-E2C9-4844-A5B6-A41CE51C4C44}
		{C692E918-68EB-414C-8E8D-863AD7036B35} = {DB89574A-3A82-4C31-9C86-12DF4BFEA992}
		{5B4406B3-2797-47A5-8943-C84FF0E3DCD5} = {DB89574A-3A82-4C31-9C86-12DF4BFEA992}
		{952EB8F3-9383-4007-A2D4-D64BAB4BD939} = {7859F662-78D8-4320-BC49-B417F83FE5A2}
		{C29B8CD2-3261-4DD2-8CF3-859B570259E9} = {7859F662-78D8-4320-BC49-B417F83FE5A2}
		{0D18B2A4-78AE-4AC0-84FC-61B0CFA6078B} = {7859F662-78D8-4320-BC49-B417F83FE5A2}
		{F2E32707-08AB-4282-8B2C-975A608E248B} = {7859F662-78D8-4320-BC49-B417F83FE5A2}
		{5ED65031-A7C5-4153-B84E-6D035709E628} = {7859F662-78D8-4320-BC49-B417F83FE5A2}
		{765D9ABA-D2AB-4FD8-8E26-E72CEFE0E789} = {7859F662-78D8-4320-BC49-B417F83FE5A2}
		{CFFE3B19-C7EA-44A2-9078-60EB443AF9D5} = {7859F662-78D8-4320-BC49-B417F83FE5A2}
		{0B3CA00B-86CE-477D-BA8F-10098A8B4324} = {7859F662-78D8-4320-BC49-B417F83FE5A2}
		{C197E28A-8816-4260-80C2-E50BBF4F9E82} = {7859F662-78D8-4320-BC49-B417F83FE5A2}
		{4C298D4A-F16A-4CEC-8111-B357B8691C0C} = {7859F662-78D8-4320-BC49-B417F83FE5A2}
		{F85B417A-E5D7-4CF4-931A-3C06F66E0CEC} = {D5EAFBD6-0B83-42D6-B5AC-91F56BF1F116}
		{669B7DC6-1020-426E-8C1F-BB2DDCFB99F6} = {D5EAFBD6-0B83-42D6-B5AC-91F56BF1F116}
		{BBC843F8-BB41-453D-9C81-4B2AD9EFD069} = {D5EAFBD6-0B83-42D6-B5AC-91F56BF1F116}
		{78AB801C-DC86-4D11-ADBC-055D0BBDBFA0} = {D5EAFBD6-0B83-42D6-B5AC-91F56BF1F116}
		{D4F52BD3-0B67-4E89-AC0F-C0A07C34912C} = {D5EAFBD6-0B83-42D6-B5AC-91F56BF1F116}
		{8F37B1AF-6879-406F-9365-1601BF0FC6A7} = {D5EAFBD6-0B83-42D6-B5AC-91F56BF1F116}
		{96E2B8EF-0886-4ED6-A17A-0CF0BF5867A6} = {D5EAFBD6-0B83-42D6-B5AC-91F56BF1F116}
		{25832B6D-1DD1-4F6F-B5A9-BF22252BDCF0} = {D5EAFBD6-0B83-42D6-B5AC-91F56BF1F116}
		{597E6E7F-CEEA-438D-B7F0-2CEA2F8ECE7B} = {C3354FFD-4F9A-4AC2-B992-A4258E83EB16}
		{C69A0C9E-1ECC-4CD4-ADD8-0132F066D04B} = {B605FA6D-2138-4F33-89B6-1509EF15FE99}
		{190D9ABF-F5CC-46F9-8BB9-F45CB401406D} = {5D5E43B2-5821-4F5B-9F1C-56D614048591}
		{1BA147B0-1CB9-4C20-86B8-5955D5A080A6} = {5D5E43B2-5821-4F5B-9F1C-56D614048591}
		{5D675AE8-AA86-4BB1-85D9-E4DD47EA7513} = {5D5E43B2-5821-4F5B-9F1C-56D614048591}
		{D6BECF5C-B417-4E17-B7A9-22372D86D837} = {5D5E43B2-5821-4F5B-9F1C-56D614048591}
	EndGlobalSection
EndGlobal
