<?xml version="1.0" encoding="utf-8"?>
<Project ToolsVersion="4.0" xmlns="http://schemas.microsoft.com/developer/msbuild/2003">
  <ItemGroup>
    <Filter Include="1-Public">
      <UniqueIdentifier>{fcdcb5ab-15cf-42bf-b4f8-c18b834412b2}</UniqueIdentifier>
    </Filter>
    <Filter Include="2-Common">
      <UniqueIdentifier>{93995380-89BD-4b04-88EB-625FBE52EBFB}</UniqueIdentifier>
      <Extensions>h;hpp;hxx;hm;inl;inc;xsd</Extensions>
    </Filter>
    <Filter Include="3-Core">
      <UniqueIdentifier>{4FC737F1-C7A5-4376-A066-2A32D752A2FF}</UniqueIdentifier>
      <Extensions>cpp;c;cc;cxx;def;odl;idl;hpj;bat;asm;asmx</Extensions>
    </Filter>
    <Filter Include="3-Core\Worker">
      <UniqueIdentifier>{2d958902-76c7-4459-a9d1-2696a5c4fe46}</UniqueIdentifier>
    </Filter>
    <Filter Include="3-Core\Lzma">
      <UniqueIdentifier>{f6ed2b7d-5da7-4544-bbd0-16207859ba57}</UniqueIdentifier>
    </Filter>
    <Filter Include="3-Core\Bitmap">
      <UniqueIdentifier>{4aaf6edd-3ee4-4406-bffa-dc615db8841e}</UniqueIdentifier>
    </Filter>
    <Filter Include="3-Core\Environment">
      <UniqueIdentifier>{7539eadf-8865-4091-8b79-a882414182d3}</UniqueIdentifier>
    </Filter>
    <Filter Include="3-Core\GameStorage">
      <UniqueIdentifier>{1d6f7ce6-6a78-46ff-be7b-9df95d112614}</UniqueIdentifier>
    </Filter>
    <Filter Include="3-Core\4-Engine">
      <UniqueIdentifier>{d990384c-bdf9-4eea-9dbb-b49fd8a8be83}</UniqueIdentifier>
    </Filter>
    <Filter Include="3-Core\4-Engine\Net">
      <UniqueIdentifier>{d9357a23-b769-4659-b5be-16ac7f0bcffe}</UniqueIdentifier>
    </Filter>
    <Filter Include="3-Core\4-Engine\Resource">
      <UniqueIdentifier>{4d733e40-8268-403c-813f-9d73a659c90e}</UniqueIdentifier>
    </Filter>
    <Filter Include="3-Core\4-Engine\Decoder">
      <UniqueIdentifier>{de9f5861-5c3a-4e52-a064-3da9b8d6e8ab}</UniqueIdentifier>
    </Filter>
    <Filter Include="3-Core\4-Engine\Map">
      <UniqueIdentifier>{f31b8115-3aea-4714-a7ec-add4ceeb8cbf}</UniqueIdentifier>
    </Filter>
    <Filter Include="3-Core\4-Engine\Loader">
      <UniqueIdentifier>{ae98442c-cc7a-4fc3-8edd-c115382d8a51}</UniqueIdentifier>
    </Filter>
  </ItemGroup>
  <ItemGroup>
    <ClInclude Include="..\MoGmPublic.h">
      <Filter>1-Public</Filter>
    </ClInclude>
    <ClInclude Include="..\MoGmWorker.h">
      <Filter>3-Core</Filter>
    </ClInclude>
    <ClInclude Include="..\MoGmResource.h">
      <Filter>3-Core\4-Engine</Filter>
    </ClInclude>
    <ClInclude Include="..\MoGmNet.h">
      <Filter>3-Core\4-Engine</Filter>
    </ClInclude>
    <ClInclude Include="..\MoGmDecoder.h">
      <Filter>3-Core\4-Engine</Filter>
    </ClInclude>
    <ClInclude Include="..\MoGmCompress.h">
      <Filter>3-Core</Filter>
    </ClInclude>
    <ClInclude Include="..\MoGmBitmap.h">
      <Filter>3-Core</Filter>
    </ClInclude>
    <ClInclude Include="..\MoGmCommon.h">
      <Filter>2-Common</Filter>
    </ClInclude>
    <ClInclude Include="..\MoGame.h" />
    <ClInclude Include="..\MoGmMap.h">
      <Filter>3-Core\4-Engine</Filter>
    </ClInclude>
    <ClInclude Include="..\MoGmLoader.h">
      <Filter>3-Core\4-Engine</Filter>
    </ClInclude>
    <ClInclude Include="..\MoGmEnvironment.h">
      <Filter>3-Core</Filter>
    </ClInclude>
    <ClInclude Include="..\MoGmGameStorage.h">
      <Filter>3-Core</Filter>
    </ClInclude>
  </ItemGroup>
  <ItemGroup>
    <ClCompile Include="..\FNetConsole.cpp">
      <Filter>3-Core\4-Engine\Net</Filter>
    </ClCompile>
    <ClCompile Include="..\FNetSendThread.cpp">
      <Filter>3-Core\4-Engine\Net</Filter>
    </ClCompile>
    <ClCompile Include="..\FNetReceiveThread.cpp">
      <Filter>3-Core\4-Engine\Net</Filter>
    </ClCompile>
    <ClCompile Include="..\FAnimationClip.cpp">
      <Filter>3-Core\4-Engine\Resource</Filter>
    </ClCompile>
    <ClCompile Include="..\FAnimationFrame.cpp">
      <Filter>3-Core\4-Engine\Resource</Filter>
    </ClCompile>
    <ClCompile Include="..\FAnimationResource.cpp">
      <Filter>3-Core\4-Engine\Resource</Filter>
    </ClCompile>
    <ClCompile Include="..\FCompressResource.cpp">
      <Filter>3-Core\4-Engine\Resource</Filter>
    </ClCompile>
    <ClCompile Include="..\FGroundResource.cpp">
      <Filter>3-Core\4-Engine\Resource</Filter>
    </ClCompile>
    <ClCompile Include="..\FPictureResource.cpp">
      <Filter>3-Core\4-Engine\Resource</Filter>
    </ClCompile>
    <ClCompile Include="..\FResource.cpp">
      <Filter>3-Core\4-Engine\Resource</Filter>
    </ClCompile>
    <ClCompile Include="..\FResourceConsole.cpp">
      <Filter>3-Core\4-Engine\Resource</Filter>
    </ClCompile>
    <ClCompile Include="..\FResourceGroup.cpp">
      <Filter>3-Core\4-Engine\Resource</Filter>
    </ClCompile>
    <ClCompile Include="..\FWorker.cpp">
      <Filter>3-Core\Worker</Filter>
    </ClCompile>
    <ClCompile Include="..\FWorkerConsole.cpp">
      <Filter>3-Core\Worker</Filter>
    </ClCompile>
    <ClCompile Include="..\FWorkerThread.cpp">
      <Filter>3-Core\Worker</Filter>
    </ClCompile>
    <ClCompile Include="..\FBitmapBlockIndexDecoder.cpp">
      <Filter>3-Core\4-Engine\Decoder</Filter>
    </ClCompile>
    <ClCompile Include="..\FBitmapIndexDecoder.cpp">
      <Filter>3-Core\4-Engine\Decoder</Filter>
    </ClCompile>
    <ClCompile Include="..\FBitmapJpegLayer1Decoder.cpp">
      <Filter>3-Core\4-Engine\Decoder</Filter>
    </ClCompile>
    <ClCompile Include="..\FBitmapJpegLayer2Decoder.cpp">
      <Filter>3-Core\4-Engine\Decoder</Filter>
    </ClCompile>
    <ClCompile Include="..\FDecoder.cpp">
      <Filter>3-Core\4-Engine\Decoder</Filter>
    </ClCompile>
    <ClCompile Include="..\FBitmapDecoder.cpp">
      <Filter>3-Core\4-Engine\Decoder</Filter>
    </ClCompile>
    <ClCompile Include="..\FDecoderConsole.cpp">
      <Filter>3-Core\4-Engine\Decoder</Filter>
    </ClCompile>
    <ClCompile Include="..\RLzma.cpp">
      <Filter>3-Core\Lzma</Filter>
    </ClCompile>
    <ClCompile Include="..\RBitmapIndex.cpp">
      <Filter>3-Core\Bitmap</Filter>
    </ClCompile>
    <ClCompile Include="..\FResourceWorker.cpp">
      <Filter>3-Core\4-Engine\Resource</Filter>
    </ClCompile>
    <ClCompile Include="..\FDecoderWorker.cpp">
      <Filter>3-Core\4-Engine\Decoder</Filter>
    </ClCompile>
    <ClCompile Include="..\MoGame.cpp" />
    <ClCompile Include="..\RBitmap.cpp">
      <Filter>3-Core\Bitmap</Filter>
    </ClCompile>
    <ClCompile Include="..\FGmPathController.cpp">
      <Filter>3-Core\4-Engine\Map</Filter>
    </ClCompile>
    <ClCompile Include="..\FGmMap.cpp">
      <Filter>3-Core\4-Engine\Map</Filter>
    </ClCompile>
    <ClCompile Include="..\FGmMapCell.cpp">
      <Filter>3-Core\4-Engine\Map</Filter>
    </ClCompile>
    <ClCompile Include="..\FGmMapFinding.cpp">
      <Filter>3-Core\4-Engine\Map</Filter>
    </ClCompile>
    <ClCompile Include="..\FGmMapLoader.cpp">
      <Filter>3-Core\4-Engine\Map</Filter>
    </ClCompile>
    <ClCompile Include="..\RPathHelper.cpp">
      <Filter>3-Core\4-Engine\Map</Filter>
    </ClCompile>
    <ClCompile Include="..\FGmMapData.cpp">
      <Filter>3-Core\4-Engine\Map</Filter>
    </ClCompile>
    <ClCompile Include="..\FGmPathNode.cpp">
      <Filter>3-Core\4-Engine\Map</Filter>
    </ClCompile>
    <ClCompile Include="..\FGmMapConsole.cpp">
      <Filter>3-Core\4-Engine\Map</Filter>
    </ClCompile>
    <ClCompile Include="..\FLoader.cpp">
      <Filter>3-Core\4-Engine\Loader</Filter>
    </ClCompile>
    <ClCompile Include="..\FLoaderConsole.cpp">
      <Filter>3-Core\4-Engine\Loader</Filter>
    </ClCompile>
    <ClCompile Include="..\FLoaderWorker.cpp">
      <Filter>3-Core\4-Engine\Loader</Filter>
    </ClCompile>
    <ClCompile Include="..\FFileLoader.cpp">
      <Filter>3-Core\4-Engine\Loader</Filter>
    </ClCompile>
    <ClCompile Include="..\FEnvironmentConsole.cpp">
      <Filter>3-Core\Environment</Filter>
    </ClCompile>
    <ClCompile Include="..\FEnvironment.cpp">
      <Filter>3-Core\Environment</Filter>
    </ClCompile>
    <ClCompile Include="..\FResourceLoader.cpp">
      <Filter>3-Core\4-Engine\Resource</Filter>
    </ClCompile>
    <ClCompile Include="..\FGameStorageConsole.cpp">
      <Filter>3-Core\GameStorage</Filter>
    </ClCompile>
  </ItemGroup>
</Project>